<?xml version="1.0" encoding="utf-8"?>
<Project ToolsVersion="4.0" xmlns="http://schemas.microsoft.com/developer/msbuild/2003">
  <ItemGroup>
    <Filter Include="Source Files">
      <UniqueIdentifier>{4FC737F1-C7A5-4376-A066-2A32D752A2FF}</UniqueIdentifier>
      <Extensions>cpp;c;cc;cxx;c++;cppm;ixx;def;odl;idl;hpj;bat;asm;asmx</Extensions>
    </Filter>
    <Filter Include="Header Files">
      <UniqueIdentifier>{93995380-89BD-4b04-88EB-625FBE52EBFB}</UniqueIdentifier>
      <Extensions>h;hh;hpp;hxx;h++;hm;inl;inc;ipp;xsd</Extensions>
    </Filter>
    <Filter Include="Testing">
      <UniqueIdentifier>{E55F122A-D26D-43A4-A90F-8A3778DBB18A}</UniqueIdentifier>
    </Filter>
    <Filter Include="Port">
      <UniqueIdentifier>{159555d1-3a5c-4ee1-8c32-8cc824736e7f}</UniqueIdentifier>
    </Filter>
    <Filter Include="Port\Structs">
      <UniqueIdentifier>{26157E12-A6CD-48EC-97FB-BDB44FC80D8E}</UniqueIdentifier>
    </Filter>
    <Filter Include="Port\File">
      <UniqueIdentifier>{112D1A73-C521-437D-9843-3117F98CFBC4}</UniqueIdentifier>
    </Filter>
  </ItemGroup>
  <ItemGroup>
    <ClInclude Include="Sa3Dport.h">
      <Filter>Header Files</Filter>
    </ClInclude>
    <ClInclude Include="File\FileHeaders.h">
      <Filter>Port\File</Filter>
    </ClInclude>
    <ClInclude Include="Structs\BAMSFHelper.h">
      <Filter>Port\Structs</Filter>
    </ClInclude>
    <ClInclude Include="Structs\BaseLUT.h">
      <Filter>Port\Structs</Filter>
    </ClInclude>
    <ClInclude Include="Structs\Bounds.h">
      <Filter>Port\Structs</Filter>
    </ClInclude>
    <ClInclude Include="Structs\Color.h">
      <Filter>Port\Structs</Filter>
    </ClInclude>
    <ClInclude Include="Structs\ColorIOType.h">
      <Filter>Port\Structs</Filter>
    </ClInclude>
    <ClInclude Include="Structs\DebugStringExtensions.h">
      <Filter>Port\Structs</Filter>
    </ClInclude>
    <ClInclude Include="Structs\Endian.h">
      <Filter>Port\Structs</Filter>
    </ClInclude>
    <ClInclude Include="Structs\EndianIOExtensions.h">
      <Filter>Port\Structs</Filter>
    </ClInclude>
    <ClInclude Include="Structs\EndianStackReader.h">
      <Filter>Port\Structs</Filter>
    </ClInclude>
    <ClInclude Include="Structs\EndianStackWriter.h">
      <Filter>Port\Structs</Filter>
    </ClInclude>
    <ClInclude Include="Structs\FloatIOType.h">
      <Filter>Port\Structs</Filter>
    </ClInclude>
    <ClInclude Include="Structs\LabeledArray.h">
      <Filter>Port\Structs</Filter>
    </ClInclude>
    <ClInclude Include="Structs\MathCompat.h">
      <Filter>Port\Structs</Filter>
    </ClInclude>
    <ClInclude Include="Structs\MathHelper.h">
      <Filter>Port\Structs</Filter>
    </ClInclude>
    <ClInclude Include="Structs\Matrix4x4.h">
      <Filter>Port\Structs</Filter>
    </ClInclude>
    <ClInclude Include="Structs\MatrixUtilities.h">
      <Filter>Port\Structs</Filter>
    </ClInclude>
    <ClInclude Include="Structs\PointerLUT.h">
      <Filter>Port\Structs</Filter>
    </ClInclude>
    <ClInclude Include="Structs\PositionNormal.h">
      <Filter>Port\Structs</Filter>
    </ClInclude>
    <ClInclude Include="Structs\Quaternion.h">
      <Filter>Port\Structs</Filter>
    </ClInclude>
    <ClInclude Include="Structs\QuaternionUtilities.h">
      <Filter>Port\Structs</Filter>
    </ClInclude>
    <ClInclude Include="Structs\Vector2.h">
      <Filter>Port\Structs</Filter>
    </ClInclude>
    <ClInclude Include="Structs\Vector3.h">
      <Filter>Port\Structs</Filter>
    </ClInclude>
    <ClInclude Include="Structs\Vector4.h">
      <Filter>Port\Structs</Filter>
    </ClInclude>
    <ClInclude Include="Structs\VectorUtilities.h">
      <Filter>Port\Structs</Filter>
    </ClInclude>
    <ClInclude Include="Testing\Slice1TestApi.h">
      <Filter>Testing</Filter>
    </ClInclude>
  </ItemGroup>
  <ItemGroup>
    <ClCompile Include="Sa3Dport.cpp">
      <Filter>Source Files</Filter>
    </ClCompile>
  </ItemGroup>
</Project>
