<?xml version="1.0" encoding="utf-8"?>
<Project ToolsVersion="4.0" xmlns="http://schemas.microsoft.com/developer/msbuild/2003">
  <ItemGroup>
    <ClCompile Include="common\DbPreparer.cpp" />
    <ClCompile Include="..\SavorDbDebugTool\BackfillAnalysisBattle.cpp" />
    <ClCompile Include="..\SavorDbDebugTool\ReprojectUiRead.cpp" />
    <ClCompile Include="..\SavorPredict\ActionViewCameraModel.cpp" />
    <ClCompile Include="..\SavorPredict\ActionSourceCheckpointModel.cpp" />
    <ClCompile Include="..\SavorPredict\AttackResolutionCheckpointModel.cpp" />
    <ClCompile Include="..\SavorPredict\AttackResolutionModel.cpp" />
    <ClCompile Include="..\SavorPredict\CheckpointTrace.cpp" />
    <ClCompile Include="..\SavorPredict\CritGateCheckpointModel.cpp" />
    <ClCompile Include="..\SavorPredict\CounterCheckpointModel.cpp" />
    <ClCompile Include="..\SavorPredict\CounterModel.cpp" />
    <ClCompile Include="..\SavorPredict\DropCheckpointModel.cpp" />
    <ClCompile Include="..\SavorPredict\DropModel.cpp" />
    <ClCompile Include="..\SavorPredict\EnemyAttackSetupModel.cpp" />
    <ClCompile Include="..\SavorPredict\FirstBattleDataModel.cpp" />
    <ClCompile Include="..\SavorPredict\OutcomeCheckpointModel.cpp" />
    <ClCompile Include="..\SavorPredict\PreAiCameraModel.cpp" />
    <ClCompile Include="..\SavorPredict\ProgressEventParser.cpp" />
    <ClCompile Include="..\SavorPredict\RngCore.cpp" />
    <ClCompile Include="..\SavorPredict\RngModel.cpp" />
    <ClCompile Include="..\SavorPredict\SoldierActionExecutionModel.cpp" />
    <ClCompile Include="..\SavorPredict\SoldierAiModel.cpp" />
    <ClCompile Include="..\SavorPredict\TurnOrderCheckpointModel.cpp" />
    <ClCompile Include="..\SavorPredict\TurnOrderModel.cpp" />
    <ClCompile Include="..\third-party\googletest-1.17.0\googlemock\src\gmock-all.cc" />
    <ClCompile Include="..\third-party\googletest-1.17.0\googletest\src\gtest-all.cc" />
    <ClCompile Include="run_tests.cpp" />
    <ClCompile Include="test.cpp" />
    <ClCompile Include="test_boot_dolphinwrapper.cpp" />
    <ClCompile Include="test_framestep.cpp" />
    <ClCompile Include="test_GC_input_frame_builder.cpp" />
    <ClCompile Include="test_import_from_qt.cpp" />
    <ClCompile Include="test_pad_poll_isolated_user.cpp" />
    <ClCompile Include="test_simconfig.cpp" />
    <ClCompile Include="test_savordb.cpp" />
    <ClCompile Include="test_savordb_fixture_sqlite.cpp" />
    <ClCompile Include="test_savordb_phase3_nonfixture.cpp" />
    <ClCompile Include="test_runtime_symbols.cpp" />
    <ClCompile Include="test_savordb_debug_tool.cpp" />
    <ClCompile Include="test_savor_predict.cpp" />
    <ClCompile Include="test_tsqueue.cpp" />
    <ClCompile Include="test_TASPad.cpp" />
    <ClCompile Include="test_worker_runtime_materialization.cpp" />
  </ItemGroup>
  <ItemGroup>
    <ClInclude Include="scoped_wrapper.h" />
    <ClInclude Include="seh_guard.h" />
    <ClInclude Include="serial_guard.h" />
    <ClInclude Include="common\SqliteDbFixture.h">
      <Filter>common</Filter>
    </ClInclude>
    <ClInclude Include="common\NullJobEventCommandService.h">
      <Filter>common</Filter>
    </ClInclude>
    <ClInclude Include="common\NullWorkflowQueryService.h">
      <Filter>common</Filter>
    </ClInclude>
    <ClInclude Include="common\RecordingExecutionDb.h">
      <Filter>common</Filter>
    </ClInclude>
    <ClInclude Include="common\RecordingWorkflowCommandService.h">
      <Filter>common</Filter>
    </ClInclude>
    <ClInclude Include="common\savordb_helpers.h">
      <Filter>common</Filter>
    </ClInclude>
    <ClInclude Include="common\AlwaysAdvanceTransitionHandler.h">
      <Filter>common</Filter>
    </ClInclude>
    <ClInclude Include="..\SavorDbDebugTool\BackfillAnalysisBattle.h" />
    <ClInclude Include="..\SavorDbDebugTool\ReprojectUiRead.h" />
  </ItemGroup>
  <ItemGroup>
    <Filter Include="common">
      <UniqueIdentifier>{b83008ce-a348-48f2-96dc-24b09b4fa438}</UniqueIdentifier>
    </Filter>
  </ItemGroup>
</Project>
