<?xml version="1.0" encoding="utf-8"?>
<Project ToolsVersion="4.0" xmlns="http://schemas.microsoft.com/developer/msbuild/2003">
  <ItemGroup>
    <ClCompile Include="common\DbPreparer.cpp" />
    <ClCompile Include="common\FakeExecutionBackend.cpp">
      <Filter>common</Filter>
    </ClCompile>
    <ClCompile Include="common\FakePhysicalStopBackend.cpp">
      <Filter>common</Filter>
    </ClCompile>
    <ClCompile Include="common\ScriptedDolphinBackend.cpp">
      <Filter>common</Filter>
    </ClCompile>
    <ClCompile Include="..\third-party\googletest-1.17.0\googlemock\src\gmock-all.cc" />
    <ClCompile Include="..\third-party\googletest-1.17.0\googletest\src\gtest-all.cc" />
    <ClCompile Include="run_tests.cpp" />
    <ClCompile Include="test_boot_dolphinwrapper.cpp" />
    <ClCompile Include="test_db_perf_metrics.cpp" />
    <ClCompile Include="test_framestep.cpp" />
    <ClCompile Include="test_GC_input_frame_builder.cpp" />
    <ClCompile Include="test_savorqt_view_state.cpp" />
    <ClCompile Include="test_capture_format.cpp" />
    <ClCompile Include="test_probe_profile.cpp" />
    <ClCompile Include="test_probe_router_adapter.cpp" />
    <ClCompile Include="test_capture_service.cpp" />
    <ClCompile Include="test_probe_watchpoint_registry.cpp" />
    <ClCompile Include="test_native_stop_hooks.cpp" />
    <ClCompile Include="test_savordb_utils_minimal_copy.cpp" />
    <ClCompile Include="test_savordb.cpp" />
    <ClCompile Include="test_database_bootstrap.cpp" />
    <ClCompile Include="test_authoring_recipe.cpp" />
    <ClCompile Include="test_savordb_fixture_sqlite.cpp" />
    <ClCompile Include="test_savordb_phase3_nonfixture.cpp" />
    <ClCompile Include="test_result_staging_cleanup.cpp" />
    <ClCompile Include="test_runtime_symbols.cpp" />
    <ClCompile Include="test_tsqueue.cpp" />
    <ClCompile Include="test_TASPad.cpp" />
    <ClCompile Include="test_worker_protocol_v1.cpp" />
    <ClCompile Include="test_process_worker_v1.cpp" />
    <ClCompile Include="test_execution_control_core.cpp" />
    <ClCompile Include="test_interaction_composition.cpp" />
    <ClCompile Include="test_predicate_composition.cpp" />
    <ClCompile Include="test_battle_backend_contracts.cpp" />
    <ClCompile Include="test_battle_completion_record.cpp" />
    <ClCompile Include="test_derived_state.cpp" />
    <ClCompile Include="test_program_capability_packs.cpp" />
    <ClCompile Include="test_program_codec_v1.cpp" />
    <ClCompile Include="test_program_definition_store.cpp" />
    <ClCompile Include="test_program_executor.cpp" />
    <ClCompile Include="test_program_model.cpp" />
    <ClCompile Include="test_program_registries.cpp" />
    <ClCompile Include="test_progress_types.cpp" />
    <ClCompile Include="test_program_runtime.cpp" />
    <ClCompile Include="test_program_runtime_action_support.cpp" />
    <ClCompile Include="test_program_verifier.cpp" />
    <ClCompile Include="test_semantic_observation_composition.cpp" />
    <ClCompile Include="test_seedprobe_module.cpp" />
    <ClCompile Include="test_tas_movie_validation_module.cpp" />
    <ClCompile Include="test_tas_movie_validation_persistence.cpp" />
    <ClCompile Include="test_tas_movie_input_epoch.cpp" />
    <ClCompile Include="test_job_execution_coordinator.cpp" />
    <ClCompile Include="test_worker_startup_barrier.cpp" />
    <ClCompile Include="test_worker_result_blob_store.cpp" />
    <ClCompile Include="test_session_program_action_host.cpp" />
    <ClCompile Include="test_async_logger.cpp" />
    <ClCompile Include="test_execution_worker_runtime.cpp" />
    <ClCompile Include="test_workset_completion.cpp" />
    <ClCompile Include="test_workset_stager.cpp" />
    <ClCompile Include="test_session_services.cpp" />
    <ClCompile Include="test_visual_message_service.cpp" />
    <ClCompile Include="test_movie_service.cpp" />
    <ClCompile Include="test_session_resource_ledger.cpp" />
    <ClCompile Include="test_savestate_service.cpp" />
    <ClCompile Include="test_emulation_session_stop_points.cpp" />
    <ClCompile Include="test_dolphin_stop_point_integration.cpp" />
    <ClCompile Include="test_stop_point_test_support.cpp" />
    <ClCompile Include="test_stop_point_router.cpp" />
    <ClCompile Include="..\SavorE2E\ScenarioAssessment.cpp" />
    <ClCompile Include="test_e2e_scenario_assessment.cpp" />
    <ClCompile Include="test_workflow_expansion_targets.cpp" />
    <ClCompile Include="test_workflow_identity.cpp" />
    <ClCompile Include="test_tas_route_authority_resolver.cpp" />
    <ClCompile Include="..\SavorE2E\Cli.cpp" />
    <ClCompile Include="..\SavorE2E\WorkerStartupBarrier.cpp" />
  </ItemGroup>
  <ItemGroup>
    <ClInclude Include="serial_guard.h" />
    <ClInclude Include="common\SqliteDbFixture.h">
      <Filter>common</Filter>
    </ClInclude>
    <ClInclude Include="common\NullJobEventCommandService.h">
      <Filter>common</Filter>
    </ClInclude>
    <ClInclude Include="common\NullWorkflowQueryService.h">
      <Filter>common</Filter>
    </ClInclude>
    <ClInclude Include="common\RecordingExecutionDb.h">
      <Filter>common</Filter>
    </ClInclude>
    <ClInclude Include="common\ScriptedDolphinBackend.h">
      <Filter>common</Filter>
    </ClInclude>
    <ClInclude Include="common\RecordingWorkflowCommandService.h">
      <Filter>common</Filter>
    </ClInclude>
    <ClInclude Include="common\savordb_helpers.h">
      <Filter>common</Filter>
    </ClInclude>
    <ClInclude Include="common\AlwaysAdvanceTransitionHandler.h">
      <Filter>common</Filter>
    </ClInclude>
    <ClInclude Include="common\FakeExecutionBackend.h">
      <Filter>common</Filter>
    </ClInclude>
    <ClInclude Include="common\FakePhysicalStopBackend.h">
      <Filter>common</Filter>
    </ClInclude>
  </ItemGroup>
  <ItemGroup>
    <Filter Include="common">
      <UniqueIdentifier>{b83008ce-a348-48f2-96dc-24b09b4fa438}</UniqueIdentifier>
    </Filter>
  </ItemGroup>
</Project>
