<?xml version="1.0" encoding="utf-8"?>
<Project ToolsVersion="4.0" xmlns="http://schemas.microsoft.com/developer/msbuild/2003">
  <ItemGroup>
    <Filter Include="Analysis">
      <UniqueIdentifier>{EF7606EB-6F54-4FE4-9032-E8B414DFBB5A}</UniqueIdentifier>
    </Filter>
    <Filter Include="Loading">
      <UniqueIdentifier>{7959636A-AF18-481B-9CDD-DFED5FC0EC02}</UniqueIdentifier>
    </Filter>
    <Filter Include="Model">
      <UniqueIdentifier>{94338197-F13F-40A2-9BF7-975ED3C497AF}</UniqueIdentifier>
    </Filter>
    <Filter Include="Projection">
      <UniqueIdentifier>{AE775804-05C7-4FB3-A282-B91E1C402D78}</UniqueIdentifier>
    </Filter>
    <Filter Include="Coordinate">
      <UniqueIdentifier>{60A21B81-2FB0-45D1-A9D0-852D11809F28}</UniqueIdentifier>
    </Filter>
    <Filter Include="Graph">
      <UniqueIdentifier>{B5FEA9AE-A63B-40DE-8D65-5865BAA3D4C4}</UniqueIdentifier>
    </Filter>
    <Filter Include="Pathfinding">
      <UniqueIdentifier>{D6C750EB-2F93-4900-9812-DB54F19C1764}</UniqueIdentifier>
    </Filter>
  </ItemGroup>
  <ItemGroup>
    <ClCompile Include="Analysis\NavigationStartCatalogBuilder.cpp">
      <Filter>Analysis</Filter>
    </ClCompile>
    <ClCompile Include="Graph\NavigationTraversalGraph.cpp">
      <Filter>Graph</Filter>
    </ClCompile>
    <ClCompile Include="Loading\NavigationAreaLoader.cpp">
      <Filter>Loading</Filter>
    </ClCompile>
    <ClCompile Include="Loading\NavigationGroundFallbackNormalizer.cpp">
      <Filter>Loading</Filter>
    </ClCompile>
    <ClCompile Include="Loading\NavigationScenarioLoader.cpp">
      <Filter>Loading</Filter>
    </ClCompile>
    <ClCompile Include="Loading\NavigationScriptLoader.cpp">
      <Filter>Loading</Filter>
    </ClCompile>
    <ClCompile Include="Model\NavigationAreaIdentity.cpp">
      <Filter>Model</Filter>
    </ClCompile>
    <ClCompile Include="Pathfinding\NavigationPathfinder.cpp">
      <Filter>Pathfinding</Filter>
    </ClCompile>
    <ClCompile Include="Projection\RegionMeshProjector.cpp">
      <Filter>Projection</Filter>
    </ClCompile>
  </ItemGroup>
  <ItemGroup>
    <ClInclude Include="Analysis\NavigationStartCatalogBuilder.h">
      <Filter>Analysis</Filter>
    </ClInclude>
    <ClInclude Include="Coordinate\NavigationCoordinatePolicy.h">
      <Filter>Coordinate</Filter>
    </ClInclude>
    <ClInclude Include="Graph\NavigationTraversalGraph.h">
      <Filter>Graph</Filter>
    </ClInclude>
    <ClInclude Include="Loading\NavigationAreaLoader.h">
      <Filter>Loading</Filter>
    </ClInclude>
    <ClInclude Include="Loading\NavigationGroundFallbackNormalizer.h">
      <Filter>Loading</Filter>
    </ClInclude>
    <ClInclude Include="Loading\NavigationScenarioLoader.h">
      <Filter>Loading</Filter>
    </ClInclude>
    <ClInclude Include="Loading\NavigationScriptLoader.h">
      <Filter>Loading</Filter>
    </ClInclude>
    <ClInclude Include="Model\NavigationAreaIdentity.h">
      <Filter>Model</Filter>
    </ClInclude>
    <ClInclude Include="Model\NavigationAreaModel.h">
      <Filter>Model</Filter>
    </ClInclude>
    <ClInclude Include="Model\NavigationScenarioModel.h">
      <Filter>Model</Filter>
    </ClInclude>
    <ClInclude Include="Model\NavigationScriptModel.h">
      <Filter>Model</Filter>
    </ClInclude>
    <ClInclude Include="Pathfinding\NavigationPathfinder.h">
      <Filter>Pathfinding</Filter>
    </ClInclude>
    <ClInclude Include="Projection\RegionMeshProjector.h">
      <Filter>Projection</Filter>
    </ClInclude>
  </ItemGroup>
</Project>
