<?xml version="1.0" encoding="utf-8"?>
<Project ToolsVersion="4.0" xmlns="http://schemas.microsoft.com/developer/msbuild/2003">
  <ItemGroup>
    <Filter Include="Source Files">
      <UniqueIdentifier>{4FC737F1-C7A5-4376-A066-2A32D752A2FF}</UniqueIdentifier>
      <Extensions>cpp;c;cc;cxx;c++;cppm;ixx;def;odl;idl;hpj;bat;asm;asmx</Extensions>
    </Filter>
    <Filter Include="Header Files">
      <UniqueIdentifier>{93995380-89BD-4b04-88EB-625FBE52EBFB}</UniqueIdentifier>
      <Extensions>h;hh;hpp;hxx;h++;hm;inl;inc;ipp;xsd</Extensions>
    </Filter>
    <Filter Include="Resource Files">
      <UniqueIdentifier>{67DA6AB6-F800-4c08-8B7A-83BB121AAD01}</UniqueIdentifier>
      <Extensions>rc;ico;cur;bmp;dlg;rc2;rct;bin;rgs;gif;jpg;jpeg;jpe;resx;tiff;tif;png;wav;mfcribbon-ms</Extensions>
    </Filter>
    <Filter Include="DolphinSource">
      <UniqueIdentifier>{9dce9ab6-cd41-4554-b194-33b18b05d3c7}</UniqueIdentifier>
    </Filter>
    <Filter Include="Core">
      <UniqueIdentifier>{4abe425a-2227-44d4-9837-c8029dea08a5}</UniqueIdentifier>
    </Filter>
    <Filter Include="Runner">
      <UniqueIdentifier>{5165d966-47aa-4c8d-9ebe-cd102ccb289d}</UniqueIdentifier>
    </Filter>
    <Filter Include="Utils">
      <UniqueIdentifier>{44d5a27b-0a42-4f94-83b3-20b148da213b}</UniqueIdentifier>
    </Filter>
    <Filter Include="Runner\VM">
      <UniqueIdentifier>{1ade13ea-176c-4287-8a73-b2ec1bb22622}</UniqueIdentifier>
    </Filter>
    <Filter Include="Phases">
      <UniqueIdentifier>{eb879b3c-e922-4ee8-a291-4569a8483ab3}</UniqueIdentifier>
    </Filter>
    <Filter Include="Runner\Parallel">
      <UniqueIdentifier>{b647e348-4ca8-4ad9-b705-221011c4a2ab}</UniqueIdentifier>
    </Filter>
    <Filter Include="Runner\Breakpoints">
      <UniqueIdentifier>{eb90977c-bb6f-467c-9b6a-46f72e40aa63}</UniqueIdentifier>
    </Filter>
    <Filter Include="Core\Memory">
      <UniqueIdentifier>{c909555e-6482-421c-b1e0-e0c35effd5cb}</UniqueIdentifier>
    </Filter>
    <Filter Include="Runner\VM\ContextKeys">
      <UniqueIdentifier>{8987669f-91b2-4803-8592-a9dbdfb990b4}</UniqueIdentifier>
    </Filter>
    <Filter Include="Core\Input">
      <UniqueIdentifier>{373281a5-8d14-4def-8c6e-04cf1813e308}</UniqueIdentifier>
    </Filter>
    <Filter Include="Core\Input\SoaBattle">
      <UniqueIdentifier>{64627c62-a0ea-4746-a12c-dee069c8c424}</UniqueIdentifier>
    </Filter>
    <Filter Include="Core\Memory\Soa">
      <UniqueIdentifier>{fa6ecda5-1880-4902-9743-151eefb2211a}</UniqueIdentifier>
    </Filter>
    <Filter Include="Core\Memory\Soa\Battle">
      <UniqueIdentifier>{983422ad-78e5-45fd-9b4f-833652f3ef10}</UniqueIdentifier>
    </Filter>
    <Filter Include="Phases\TasMovie">
      <UniqueIdentifier>{b45cfc68-55c6-4d32-9ebf-6c99a00387fb}</UniqueIdentifier>
    </Filter>
    <Filter Include="Phases\BattleContext">
      <UniqueIdentifier>{8b0fb7f2-30e4-415d-aa1e-d7151ae137a9}</UniqueIdentifier>
    </Filter>
    <Filter Include="Phases\BattleRunner">
      <UniqueIdentifier>{52936252-3c3f-4a39-88b3-6228fe8151e7}</UniqueIdentifier>
    </Filter>
    <Filter Include="Phases\SeedProbe">
      <UniqueIdentifier>{9970f495-ed71-4548-bb91-77f7142e3522}</UniqueIdentifier>
    </Filter>
    <Filter Include="DB">
      <UniqueIdentifier>{07954794-7b78-495a-b539-797c40af33f9}</UniqueIdentifier>
    </Filter>
    <Filter Include="DB\Migration">
      <UniqueIdentifier>{9ae008db-3dc2-4b7a-b1df-5692a1c350b8}</UniqueIdentifier>
    </Filter>
    <Filter Include="DB\Core">
      <UniqueIdentifier>{dd7b8fe8-953c-4cc7-a17e-ee7ac9b98360}</UniqueIdentifier>
    </Filter>
    <Filter Include="DB\PhaseRepos">
      <UniqueIdentifier>{1385e30c-bd1f-4e11-bba3-9bb95341a6ad}</UniqueIdentifier>
    </Filter>
    <Filter Include="DB\CatalogRepos">
      <UniqueIdentifier>{4c95c6c0-ff90-4a2d-b7d9-122f63a1df53}</UniqueIdentifier>
    </Filter>
    <Filter Include="DB\ProgramCodecs">
      <UniqueIdentifier>{cdeaa0cf-dc17-4849-beb2-0c34fa2ddbf4}</UniqueIdentifier>
    </Filter>
    <Filter Include="DB\Scheduling">
      <UniqueIdentifier>{72a966a8-4d7c-4dd8-a4af-05d9c1f627a1}</UniqueIdentifier>
    </Filter>
    <Filter Include="DB\Querying">
      <UniqueIdentifier>{3f74286f-bc0e-497f-9b87-4bbacf2387f4}</UniqueIdentifier>
    </Filter>
    <Filter Include="Phases\DBPhaseBuilders">
      <UniqueIdentifier>{a3628a6d-558f-4dc7-a8b4-568c8607faee}</UniqueIdentifier>
    </Filter>
    <Filter Include="Tas">
      <UniqueIdentifier>{3323c09c-2ff3-43bc-a6ae-4d4bb181334e}</UniqueIdentifier>
    </Filter>
  </ItemGroup>
  <ItemGroup>
    <ClInclude Include="framework.h">
      <Filter>Header Files</Filter>
    </ClInclude>
    <ClInclude Include="Core\Config\SimConfig.h">
      <Filter>Header Files</Filter>
    </ClInclude>
    <ClInclude Include="Boot\Boot.h">
      <Filter>Core</Filter>
    </ClInclude>
    <ClInclude Include="Core\DolphinWrapper.h">
      <Filter>Core</Filter>
    </ClInclude>
    <ClInclude Include="Utils\Log.h">
      <Filter>Utils</Filter>
    </ClInclude>
    <ClInclude Include="Utils\SafeEnv.h">
      <Filter>Utils</Filter>
    </ClInclude>
    <ClInclude Include="Core\Shims\StateBufferShim.h">
      <Filter>Core</Filter>
    </ClInclude>
    <ClInclude Include="Runner\Parallel\ProcessWorker.h">
      <Filter>Runner\Parallel</Filter>
    </ClInclude>
    <ClInclude Include="Runner\Parallel\ParallelPhaseScriptRunnerApi.h">
      <Filter>Runner\Parallel</Filter>
    </ClInclude>
    <ClInclude Include="Runner\Parallel\WorkerBootPlan.h">
      <Filter>Runner\Parallel</Filter>
    </ClInclude>
    <ClInclude Include="Utils\ThreadName.h">
      <Filter>Utils</Filter>
    </ClInclude>
    <ClInclude Include="Utils\EnsureSys.h">
      <Filter>Utils</Filter>
    </ClInclude>
    <ClInclude Include="Utils\DeltaColorizer.h">
      <Filter>Utils</Filter>
    </ClInclude>
    <ClInclude Include="Utils\MultiProgress.h">
      <Filter>Utils</Filter>
    </ClInclude>
    <ClInclude Include="Utils\ProgressBar.h">
      <Filter>Utils</Filter>
    </ClInclude>
    <ClInclude Include="Phases\RNGSeedDeltaMap.h">
      <Filter>Phases</Filter>
    </ClInclude>
    <ClInclude Include="Tas\DtmFile.h">
      <Filter>Tas</Filter>
    </ClInclude>
    <ClInclude Include="Runner\Script\PhaseScriptVM.h">
      <Filter>Runner\VM</Filter>
    </ClInclude>
    <ClInclude Include="Runner\Script\PSContextCodec.h">
      <Filter>Runner\VM</Filter>
    </ClInclude>
    <ClInclude Include="Utils\Time.h">
      <Filter>Utils</Filter>
    </ClInclude>
    <ClInclude Include="Runner\Breakpoints\BPRegistry.h">
      <Filter>Runner\Breakpoints</Filter>
    </ClInclude>
    <ClInclude Include="Runner\Breakpoints\BP.def.h">
      <Filter>Runner\Breakpoints</Filter>
    </ClInclude>
    <ClInclude Include="Phases\Programs\BattleRunner\BattleRunnerPayload.h">
      <Filter>Phases\BattleRunner</Filter>
    </ClInclude>
    <ClInclude Include="Phases\Programs\BattleRunner\BattleRunnerScript.h">
      <Filter>Phases\BattleRunner</Filter>
    </ClInclude>
    <ClInclude Include="Phases\Programs\BattleTurnRunner\BattleTurnRunnerPayload.h">
      <Filter>Phases\BattleRunner</Filter>
    </ClInclude>
    <ClInclude Include="Phases\Programs\BattleTurnRunner\BattleTurnRunnerScript.h">
      <Filter>Phases\BattleRunner</Filter>
    </ClInclude>
    <ClInclude Include="Phases\Programs\SeedProbe\SeedProbePayload.h">
      <Filter>Phases\SeedProbe</Filter>
    </ClInclude>
    <ClInclude Include="Phases\Programs\SeedProbe\SeedProbeScript.h">
      <Filter>Phases\SeedProbe</Filter>
    </ClInclude>
    <ClInclude Include="Phases\Programs\PlayTasMovie\TasMovieScript.h">
      <Filter>Phases\TasMovie</Filter>
    </ClInclude>
    <ClInclude Include="Phases\Programs\PlayTasMovie\TasMoviePayload.h">
      <Filter>Phases\TasMovie</Filter>
    </ClInclude>
    <ClInclude Include="Phases\Programs\BattleContext\BattleContextScript.h">
      <Filter>Phases\BattleContext</Filter>
    </ClInclude>
    <ClInclude Include="Core\Memory\MemView.h">
      <Filter>Core\Memory</Filter>
    </ClInclude>
    <ClInclude Include="Core\Memory\Endian.h">
      <Filter>Core\Memory</Filter>
    </ClInclude>
    <ClInclude Include="Runner\Breakpoints\Predicate.h">
      <Filter>Runner\Breakpoints</Filter>
    </ClInclude>
    <ClInclude Include="Phases\Programs\BattleRunner\BattleOutcome.h">
      <Filter>Phases\BattleRunner</Filter>
    </ClInclude>
    <ClInclude Include="Runner\Script\ContextKeys\BattleRunnerKeys.reg.h">
      <Filter>Runner\VM\ContextKeys</Filter>
    </ClInclude>
    <ClInclude Include="Runner\Script\ContextKeys\KeyIds.h">
      <Filter>Runner\VM\ContextKeys</Filter>
    </ClInclude>
    <ClInclude Include="Runner\Script\ContextKeys\SeedProbeKeys.reg.h">
      <Filter>Runner\VM\ContextKeys</Filter>
    </ClInclude>
    <ClInclude Include="Runner\Script\ContextKeys\TasMovieKeys.reg.h">
      <Filter>Runner\VM\ContextKeys</Filter>
    </ClInclude>
    <ClInclude Include="Runner\Script\ContextKeys\VMCoreKeys.reg.h">
      <Filter>Runner\VM\ContextKeys</Filter>
    </ClInclude>
    <ClInclude Include="Runner\Script\KeyRegistry.h">
      <Filter>Runner\VM</Filter>
    </ClInclude>
    <ClInclude Include="Runner\IPC\Wire.h">
      <Filter>Runner</Filter>
    </ClInclude>
    <ClInclude Include="Runner\Parallel\TSQueue.h">
      <Filter>Runner</Filter>
    </ClInclude>
    <ClInclude Include="Runner\Parallel\PRTypes.h">
      <Filter>Runner</Filter>
    </ClInclude>
    <ClInclude Include="Core\Input\InputPlanFmt.h">
      <Filter>Core\Input</Filter>
    </ClInclude>
    <ClInclude Include="Core\Input\InputPlan.h">
      <Filter>Core\Input</Filter>
    </ClInclude>
    <ClInclude Include="Core\Input\GCPadOverride.h">
      <Filter>Core\Input</Filter>
    </ClInclude>
    <ClInclude Include="Core\Input\SoaBattle\ActionLibrary.h">
      <Filter>Core\Input\SoaBattle</Filter>
    </ClInclude>
    <ClInclude Include="Core\Input\SoaBattle\ActionTypes.h">
      <Filter>Core\Input\SoaBattle</Filter>
    </ClInclude>
    <ClInclude Include="Core\Input\SoaBattle\PlanWriter.h">
      <Filter>Core\Input\SoaBattle</Filter>
    </ClInclude>
    <ClInclude Include="Core\Input\SoaBattle\ActionPlanSerializer.h">
      <Filter>Core\Input\SoaBattle</Filter>
    </ClInclude>
    <ClInclude Include="Phases\BattleExplorer.h">
      <Filter>Phases</Filter>
    </ClInclude>
    <ClInclude Include="Core\Memory\Soa\SoaAddr.def.h">
      <Filter>Core\Memory\Soa</Filter>
    </ClInclude>
    <ClInclude Include="Core\Memory\Soa\SoaAddrRegistry.h">
      <Filter>Core\Memory\Soa</Filter>
    </ClInclude>
    <ClInclude Include="Core\Memory\Soa\SoaConstants.h">
      <Filter>Core\Memory\Soa</Filter>
    </ClInclude>
    <ClInclude Include="Core\Memory\Soa\SoaStructReaders.h">
      <Filter>Core\Memory\Soa</Filter>
    </ClInclude>
    <ClInclude Include="Core\Memory\Soa\SoaStructs.h">
      <Filter>Core\Memory\Soa</Filter>
    </ClInclude>
    <ClInclude Include="Core\Memory\Soa\SoaStructs.reflect.h">
      <Filter>Core\Memory\Soa</Filter>
    </ClInclude>
    <ClInclude Include="Core\Memory\Soa\Battle\BattleContext.h">
      <Filter>Core\Memory\Soa\Battle</Filter>
    </ClInclude>
    <ClInclude Include="Core\Memory\Soa\Battle\BattleContextCodec.h">
      <Filter>Core\Memory\Soa\Battle</Filter>
    </ClInclude>
    <ClInclude Include="Core\Memory\DerivedBase.h">
      <Filter>Core\Memory</Filter>
    </ClInclude>
    <ClInclude Include="Core\Memory\IKeyReader.h">
      <Filter>Core\Memory</Filter>
    </ClInclude>
    <ClInclude Include="Core\Memory\KeyHostRouter.h">
      <Filter>Core\Memory</Filter>
    </ClInclude>
    <ClInclude Include="Core\Memory\Soa\Battle\DerivedBattleBuffer.h">
      <Filter>Core\Memory\Soa\Battle</Filter>
    </ClInclude>
    <ClInclude Include="Core\Memory\Soa\Battle\DerivedBattleBuffer.addr.h">
      <Filter>Core\Memory\Soa\Battle</Filter>
    </ClInclude>
    <ClInclude Include="Runner\Script\PSContext.h">
      <Filter>Runner\VM</Filter>
    </ClInclude>
    <ClInclude Include="Core\Memory\Soa\SoaAddrProgram.h">
      <Filter>Core\Memory\Soa</Filter>
    </ClInclude>
    <ClInclude Include="Core\Memory\Soa\SoaAddrProgramBuilder.h">
      <Filter>Core\Memory\Soa</Filter>
    </ClInclude>
    <ClInclude Include="Core\Memory\Soa\SoaAddrCatalog.h">
      <Filter>Core\Memory\Soa</Filter>
    </ClInclude>
    <ClInclude Include="Phases\Programs\ProgramRegistry.h">
      <Filter>Phases</Filter>
    </ClInclude>
    <ClInclude Include="Phases\Programs\BattleContext\BattleContextPayload.h">
      <Filter>Phases\BattleContext</Filter>
    </ClInclude>
    <ClInclude Include="DB\DBCore\DbEnv.h">
      <Filter>DB\Core</Filter>
    </ClInclude>
    <ClInclude Include="DB\DBCore\DbResult.h">
      <Filter>DB\Core</Filter>
    </ClInclude>
    <ClInclude Include="DB\DBCore\DbRetryPolicy.h">
      <Filter>DB\Core</Filter>
    </ClInclude>
    <ClInclude Include="DB\DBCore\DbSnapshotService.h">
      <Filter>DB\Core</Filter>
    </ClInclude>
    <ClInclude Include="DB\DBCore\DbService.h">
      <Filter>DB\Core</Filter>
    </ClInclude>
    <ClInclude Include="DB\DBCore\MigrationRunner.h">
      <Filter>DB\Core</Filter>
    </ClInclude>
    <ClInclude Include="DB\DBCore\MigrationRunner_Embedded.h">
      <Filter>DB\Core</Filter>
    </ClInclude>
    <ClInclude Include="DB\DBCore\ObjectStore.h">
      <Filter>DB\Core</Filter>
    </ClInclude>
    <ClInclude Include="DB\ExplorerRunRepo.h">
      <Filter>DB\PhaseRepos</Filter>
    </ClInclude>
    <ClInclude Include="DB\DeltaSeedRepo.h">
      <Filter>DB\PhaseRepos</Filter>
    </ClInclude>
    <ClInclude Include="DB\SeedProbeRepo.h">
      <Filter>DB\PhaseRepos</Filter>
    </ClInclude>
    <ClInclude Include="DB\TasMovieRepo.h">
      <Filter>DB\PhaseRepos</Filter>
    </ClInclude>
    <ClInclude Include="DB\ExplorerSettingsRepo.h">
      <Filter>DB\CatalogRepos</Filter>
    </ClInclude>
    <ClInclude Include="DB\PredicateSpecRepo.h">
      <Filter>DB\CatalogRepos</Filter>
    </ClInclude>
    <ClInclude Include="DB\AddressProgramRepo.h">
      <Filter>DB\CatalogRepos</Filter>
    </ClInclude>
    <ClInclude Include="DB\BattlePlanAtomRepo.h">
      <Filter>DB\CatalogRepos</Filter>
    </ClInclude>
    <ClInclude Include="DB\BattlePlanTurnRepo.h">
      <Filter>DB\CatalogRepos</Filter>
    </ClInclude>
    <ClInclude Include="DB\ExplorerSettingsPredicateRepo.h">
      <Filter>DB\CatalogRepos</Filter>
    </ClInclude>
    <ClInclude Include="DB\VersionStampRepo.h">
      <Filter>DB\Core</Filter>
    </ClInclude>
    <ClInclude Include="DB\DBCore\DbHealth.h">
      <Filter>DB\Core</Filter>
    </ClInclude>
    <ClInclude Include="DB\DBCore\CoordinatorClock.h">
      <Filter>DB\Core</Filter>
    </ClInclude>
    <ClInclude Include="DB\DBCore\DbEventsRepo.h">
      <Filter>DB\Core</Filter>
    </ClInclude>
    <ClInclude Include="DB\DBCore\RegisterProgramKinds.h">
      <Filter>DB\Core</Filter>
    </ClInclude>
    <ClInclude Include="DB\ProgramDB\ExplorerRunDBCodec.h">
      <Filter>DB\ProgramCodecs</Filter>
    </ClInclude>
    <ClInclude Include="DB\ProgramDB\IProgramDBCodec.h">
      <Filter>DB\ProgramCodecs</Filter>
    </ClInclude>
    <ClInclude Include="DB\ProgramDB\SeedProbeDBCodec.h">
      <Filter>DB\ProgramCodecs</Filter>
    </ClInclude>
    <ClInclude Include="DB\ProgramDB\TasMovieDBCodec.h">
      <Filter>DB\ProgramCodecs</Filter>
    </ClInclude>
    <ClInclude Include="DB\Scheduling\JobEventsRepo.h">
      <Filter>DB\Scheduling</Filter>
    </ClInclude>
    <ClInclude Include="DB\Scheduling\JobSetsRepo.h">
      <Filter>DB\Scheduling</Filter>
    </ClInclude>
    <ClInclude Include="DB\Scheduling\JobsRepo.h">
      <Filter>DB\Scheduling</Filter>
    </ClInclude>
    <ClInclude Include="DB\Scheduling\VisualReplayEventsRepo.h">
      <Filter>DB\Scheduling</Filter>
    </ClInclude>
    <ClInclude Include="DB\Scheduling\VisualReplayRepo.h">
      <Filter>DB\Scheduling</Filter>
    </ClInclude>
    <ClInclude Include="Utils\Hash.h">
      <Filter>Utils</Filter>
    </ClInclude>
    <ClInclude Include="DB\BattlePlanRepo.h">
      <Filter>DB\CatalogRepos</Filter>
    </ClInclude>
    <ClInclude Include="DB\Scheduling\SeedProbeWinnersRepo.h">
      <Filter>DB\Scheduling</Filter>
    </ClInclude>
    <ClInclude Include="DB\SavestateRepo.h">
      <Filter>DB\CatalogRepos</Filter>
    </ClInclude>
    <ClInclude Include="DB\BattleContextRepo.h">
      <Filter>DB\PhaseRepos</Filter>
    </ClInclude>
    <ClInclude Include="DB\ProgramDB\BattleContextDBCodec.h">
      <Filter>DB\ProgramCodecs</Filter>
    </ClInclude>
    <ClInclude Include="DB\DBCore\ConfigRepo.h">
      <Filter>DB\Core</Filter>
    </ClInclude>
    <ClInclude Include="DB\ExplorerSettingsPlanLinkRepo.h">
      <Filter>DB\CatalogRepos</Filter>
    </ClInclude>
    <ClInclude Include="DB\Scheduling\TriggersRepo.h">
      <Filter>DB\Scheduling</Filter>
    </ClInclude>
    <ClInclude Include="Runner\Parallel\DB\DBTriggerEngine.h">
      <Filter>Runner\Parallel</Filter>
    </ClInclude>
    <ClInclude Include="Runner\Parallel\DB\DBWorkerCoordinator.h">
      <Filter>Runner\Parallel</Filter>
    </ClInclude>
    <ClInclude Include="Runner\Parallel\DB\DBWorkerCoordinatorConfig.h">
      <Filter>Runner\Parallel</Filter>
    </ClInclude>
    <ClInclude Include="Utils\IniKV.h">
      <Filter>Utils</Filter>
    </ClInclude>
    <ClInclude Include="Utils\IniDoc.h">
      <Filter>Utils</Filter>
    </ClInclude>
    <ClInclude Include="Utils\Hex.h">
      <Filter>Utils</Filter>
    </ClInclude>
    <ClInclude Include="Runner\Parallel\WorkerStatusRegistry.h">
      <Filter>Runner\Parallel</Filter>
    </ClInclude>
    <ClInclude Include="Runner\Parallel\WorkerTelemetry.h">
      <Filter>Runner\Parallel</Filter>
    </ClInclude>
    <ClInclude Include="DB\Querying\DataService.h">
      <Filter>DB\Querying</Filter>
    </ClInclude>
    <ClInclude Include="DB\Querying\JobEventListDTO.h">
      <Filter>DB\Querying</Filter>
    </ClInclude>
    <ClInclude Include="DB\Querying\JobListDTO.h">
      <Filter>DB\Querying</Filter>
    </ClInclude>
    <ClInclude Include="DB\Querying\JobSetListDTO.h">
      <Filter>DB\Querying</Filter>
    </ClInclude>
    <ClInclude Include="DB\Querying\PagedQuery.h">
      <Filter>DB\Querying</Filter>
    </ClInclude>
    <ClInclude Include="DB\Querying\Paging.h">
      <Filter>DB\Querying</Filter>
    </ClInclude>
    <ClInclude Include="DB\Querying\SnapshotMailbox.h">
      <Filter>DB\Querying</Filter>
    </ClInclude>
    <ClInclude Include="DB\ProgramKindsRepo.h">
      <Filter>DB\PhaseRepos</Filter>
    </ClInclude>
    <ClInclude Include="Utils\ModulePath.h">
      <Filter>Utils</Filter>
    </ClInclude>
    <ClInclude Include="Phases\DBPhaseBuilder\PhaseBuilderPreview.h">
      <Filter>Phases\DBPhaseBuilders</Filter>
    </ClInclude>
    <ClInclude Include="Phases\DBPhaseBuilder\PhaseBuilderSchemas.h">
      <Filter>Phases\DBPhaseBuilders</Filter>
    </ClInclude>
    <ClInclude Include="Phases\DBPhaseBuilder\PhaseBuilderService.h">
      <Filter>Phases\DBPhaseBuilders</Filter>
    </ClInclude>
    <ClInclude Include="DB\Querying\IdRepoListDTO.h">
      <Filter>DB\Querying</Filter>
    </ClInclude>
    <ClInclude Include="DB\DBCore\Common.h">
      <Filter>DB\Core</Filter>
    </ClInclude>
    <ClInclude Include="Phases\Programs\BattleRunner\BattleRunnerDBSettingsWriter.h">
      <Filter>Phases\BattleRunner</Filter>
    </ClInclude>
    <ClInclude Include="DB\AuthoringTemplatesRepo.h">
      <Filter>DB\CatalogRepos</Filter>
    </ClInclude>
    <ClInclude Include="DB\TurnActionPresetRepo.h">
      <Filter>DB\CatalogRepos</Filter>
    </ClInclude>
    <ClInclude Include="DB\UiConfigRowRepo.h">
      <Filter>DB\CatalogRepos</Filter>
    </ClInclude>
    <ClInclude Include="DB\TagRepo.h">
      <Filter>DB\CatalogRepos</Filter>
    </ClInclude>
    <ClInclude Include="Runner\Script\ScriptProgress.h">
      <Filter>Runner\VM</Filter>
    </ClInclude>
    <ClInclude Include="Utils\String.h">
      <Filter>Utils</Filter>
    </ClInclude>
    <ClInclude Include="DB\ProgramDB\BattleSingleTurnRunDBCodec.h">
      <Filter>DB\ProgramCodecs</Filter>
    </ClInclude>
    <ClInclude Include="Core\Input\AppliedTurnTapeBlob.h">
      <Filter>Core\Input</Filter>
    </ClInclude>
  </ItemGroup>
  <ItemGroup>
    <ClCompile Include="Core\Config\SimConfig.cpp">
      <Filter>Source Files</Filter>
    </ClCompile>
    <ClCompile Include="Boot\Boot.cpp">
      <Filter>Core</Filter>
    </ClCompile>
    <ClCompile Include="Core\DolphinWrapper.cpp">
      <Filter>Core</Filter>
    </ClCompile>
    <ClCompile Include="Core\HostStubs.cpp">
      <Filter>Core</Filter>
    </ClCompile>
    <ClCompile Include="Utils\Log.cpp">
      <Filter>Utils</Filter>
    </ClCompile>
    <ClCompile Include="Utils\SafeEnv.cpp">
      <Filter>Utils</Filter>
    </ClCompile>
    <ClCompile Include="Core\Shims\StateBufferShim.cpp">
      <Filter>Core</Filter>
    </ClCompile>
    <ClCompile Include="Runner\Parallel\ProcessWorker.cpp">
      <Filter>Runner\Parallel</Filter>
    </ClCompile>
    <ClCompile Include="Utils\EnsureSys.cpp">
      <Filter>Utils</Filter>
    </ClCompile>
    <ClCompile Include="Utils\ProgressBar.cpp">
      <Filter>Utils</Filter>
    </ClCompile>
    <ClCompile Include="Utils\MultiProgress.cpp">
      <Filter>Utils</Filter>
    </ClCompile>
    <ClCompile Include="Phases\RNGSeedDeltaMap.cpp">
      <Filter>Phases</Filter>
    </ClCompile>
    <ClCompile Include="Tas\DtmFile.cpp">
      <Filter>Tas</Filter>
    </ClCompile>
    <ClCompile Include="Runner\Script\PhaseScriptVM.cpp">
      <Filter>Runner\VM</Filter>
    </ClCompile>
    <ClCompile Include="Runner\Script\PSContextCodec.cpp">
      <Filter>Runner\VM</Filter>
    </ClCompile>
    <ClCompile Include="Runner\Breakpoints\BPRegistry.cpp">
      <Filter>Runner\Breakpoints</Filter>
    </ClCompile>
    <ClCompile Include="Phases\Programs\BattleRunner\BattleRunnerPayload.cpp">
      <Filter>Phases\BattleRunner</Filter>
    </ClCompile>
    <ClCompile Include="Phases\Programs\BattleTurnRunner\BattleTurnRunnerPayload.cpp">
      <Filter>Phases\BattleRunner</Filter>
    </ClCompile>
    <ClCompile Include="Phases\Programs\SeedProbe\SeedProbePayload.cpp">
      <Filter>Phases\SeedProbe</Filter>
    </ClCompile>
    <ClCompile Include="Phases\Programs\PlayTasMovie\TasMoviePayload.cpp">
      <Filter>Phases\TasMovie</Filter>
    </ClCompile>
    <ClCompile Include="Runner\Breakpoints\Predicate.cpp">
      <Filter>Runner\Breakpoints</Filter>
    </ClCompile>
    <ClCompile Include="Runner\Script\KeyRegistry.cpp">
      <Filter>Runner\VM</Filter>
    </ClCompile>
    <ClCompile Include="Core\Input\InputPlanFmt.cpp">
      <Filter>Core\Input</Filter>
    </ClCompile>
    <ClCompile Include="Core\Input\GCPadOverride.cpp">
      <Filter>Core\Input</Filter>
    </ClCompile>
    <ClCompile Include="Core\Input\SoaBattle\ActionLibrary.cpp">
      <Filter>Core\Input\SoaBattle</Filter>
    </ClCompile>
    <ClCompile Include="Core\Input\SoaBattle\PlanWriter.cpp">
      <Filter>Core\Input\SoaBattle</Filter>
    </ClCompile>
    <ClCompile Include="Core\Input\SoaBattle\ActionPlanSerializer.cpp">
      <Filter>Core\Input\SoaBattle</Filter>
    </ClCompile>
    <ClCompile Include="Core\Memory\Soa\SoaAddrRegistry.cpp">
      <Filter>Core\Memory\Soa</Filter>
    </ClCompile>
    <ClCompile Include="Core\Memory\Soa\Battle\BattleContextCodec.cpp">
      <Filter>Core\Memory\Soa\Battle</Filter>
    </ClCompile>
    <ClCompile Include="Phases\BattleExplorer.cpp">
      <Filter>Phases</Filter>
    </ClCompile>
    <ClCompile Include="Core\Memory\Soa\SoaAddrProgram.cpp">
      <Filter>Core\Memory\Soa</Filter>
    </ClCompile>
    <ClCompile Include="Core\Memory\Soa\SoaAddrProgramBuilder.cpp">
      <Filter>Core\Memory\Soa</Filter>
    </ClCompile>
    <ClCompile Include="Core\Memory\Soa\SoaAddrCatalog.cpp">
      <Filter>Core\Memory\Soa</Filter>
    </ClCompile>
    <ClCompile Include="Phases\Programs\ProgramRegistry.cpp">
      <Filter>Phases</Filter>
    </ClCompile>
    <ClCompile Include="Phases\Programs\BattleContext\BattleContextPayload.cpp">
      <Filter>Phases\BattleContext</Filter>
    </ClCompile>
    <ClCompile Include="DB\DBCore\DbEnv.cpp">
      <Filter>DB\Core</Filter>
    </ClCompile>
    <ClCompile Include="DB\DBCore\DbSnapshotService.cpp">
      <Filter>DB\Core</Filter>
    </ClCompile>
    <ClCompile Include="DB\DBCore\DbService.cpp">
      <Filter>DB\Core</Filter>
    </ClCompile>
    <ClCompile Include="DB\DBCore\MigrationRunner.cpp">
      <Filter>DB\Core</Filter>
    </ClCompile>
    <ClCompile Include="DB\DBCore\ObjectStore.cpp">
      <Filter>DB\Core</Filter>
    </ClCompile>
    <ClCompile Include="DB\DeltaSeedRepo.cpp">
      <Filter>DB\PhaseRepos</Filter>
    </ClCompile>
    <ClCompile Include="DB\ExplorerRunRepo.cpp">
      <Filter>DB\PhaseRepos</Filter>
    </ClCompile>
    <ClCompile Include="DB\TasMovieRepo.cpp">
      <Filter>DB\PhaseRepos</Filter>
    </ClCompile>
    <ClCompile Include="DB\SeedProbeRepo.cpp">
      <Filter>DB\PhaseRepos</Filter>
    </ClCompile>
    <ClCompile Include="DB\ExplorerSettingsRepo.cpp">
      <Filter>DB\CatalogRepos</Filter>
    </ClCompile>
    <ClCompile Include="DB\PredicateSpecRepo.cpp">
      <Filter>DB\CatalogRepos</Filter>
    </ClCompile>
    <ClCompile Include="DB\AddressProgramRepo.cpp">
      <Filter>DB\CatalogRepos</Filter>
    </ClCompile>
    <ClCompile Include="DB\BattlePlanAtomRepo.cpp">
      <Filter>DB\CatalogRepos</Filter>
    </ClCompile>
    <ClCompile Include="DB\BattlePlanTurnRepo.cpp">
      <Filter>DB\CatalogRepos</Filter>
    </ClCompile>
    <ClCompile Include="DB\ExplorerSettingsPredicateRepo.cpp">
      <Filter>DB\CatalogRepos</Filter>
    </ClCompile>
    <ClCompile Include="DB\VersionStampRepo.cpp">
      <Filter>DB\Core</Filter>
    </ClCompile>
    <ClCompile Include="DB\DBCore\CoordinatorClock.cpp">
      <Filter>DB\Core</Filter>
    </ClCompile>
    <ClCompile Include="DB\DBCore\DbHealth.cpp">
      <Filter>DB\Core</Filter>
    </ClCompile>
    <ClCompile Include="DB\DBCore\DbEventsRepo.cpp">
      <Filter>DB\Core</Filter>
    </ClCompile>
    <ClCompile Include="DB\DBCore\RegisterProgramKinds.cpp">
      <Filter>DB\Core</Filter>
    </ClCompile>
    <ClCompile Include="DB\ProgramDB\ExplorerRunDBCodec.cpp">
      <Filter>DB\ProgramCodecs</Filter>
    </ClCompile>
    <ClCompile Include="DB\ProgramDB\SeedProbeDBCodec.cpp">
      <Filter>DB\ProgramCodecs</Filter>
    </ClCompile>
    <ClCompile Include="DB\ProgramDB\TasMovieDBCodec.cpp">
      <Filter>DB\ProgramCodecs</Filter>
    </ClCompile>
    <ClCompile Include="DB\ProgramDB\IProgramDBCodec.cpp">
      <Filter>DB\ProgramCodecs</Filter>
    </ClCompile>
    <ClCompile Include="DB\Scheduling\JobEventsRepo.cpp">
      <Filter>DB\Scheduling</Filter>
    </ClCompile>
    <ClCompile Include="DB\Scheduling\JobSetsRepo.cpp">
      <Filter>DB\Scheduling</Filter>
    </ClCompile>
    <ClCompile Include="DB\Scheduling\JobsRepo.cpp">
      <Filter>DB\Scheduling</Filter>
    </ClCompile>
    <ClCompile Include="DB\Scheduling\VisualReplayEventsRepo.cpp">
      <Filter>DB\Scheduling</Filter>
    </ClCompile>
    <ClCompile Include="DB\Scheduling\VisualReplayRepo.cpp">
      <Filter>DB\Scheduling</Filter>
    </ClCompile>
    <ClCompile Include="DB\BattlePlanRepo.cpp">
      <Filter>DB\CatalogRepos</Filter>
    </ClCompile>
    <ClCompile Include="DB\Scheduling\SeedProbeWinnersRepo.cpp">
      <Filter>DB\Scheduling</Filter>
    </ClCompile>
    <ClCompile Include="DB\SavestateRepo.cpp">
      <Filter>DB\CatalogRepos</Filter>
    </ClCompile>
    <ClCompile Include="DB\BattleContextRepo.cpp">
      <Filter>DB\PhaseRepos</Filter>
    </ClCompile>
    <ClCompile Include="DB\ProgramDB\BattleContextDBCodec.cpp">
      <Filter>DB\ProgramCodecs</Filter>
    </ClCompile>
    <ClCompile Include="DB\DBCore\ConfigRepo.cpp">
      <Filter>DB\Core</Filter>
    </ClCompile>
    <ClCompile Include="DB\ExplorerSettingsPlanLinkRepo.cpp">
      <Filter>DB\CatalogRepos</Filter>
    </ClCompile>
    <ClCompile Include="DB\Scheduling\TriggersRepo.cpp">
      <Filter>DB\Scheduling</Filter>
    </ClCompile>
    <ClCompile Include="Runner\Parallel\DB\DBTriggerEngine.cpp">
      <Filter>Runner\Parallel</Filter>
    </ClCompile>
    <ClCompile Include="Runner\Parallel\DB\DBWorkerCoordinator.cpp">
      <Filter>Runner\Parallel</Filter>
    </ClCompile>
    <ClCompile Include="Runner\Parallel\WorkerStatusRegistry.cpp">
      <Filter>Runner\Parallel</Filter>
    </ClCompile>
    <ClCompile Include="..\third-party\sqlite\include\sqlite3.c">
      <Filter>Source Files</Filter>
    </ClCompile>
    <ClCompile Include="DB\Querying\DataService.cpp">
      <Filter>DB\Querying</Filter>
    </ClCompile>
    <ClCompile Include="DB\ProgramKindsRepo.cpp">
      <Filter>DB\PhaseRepos</Filter>
    </ClCompile>
    <ClCompile Include="Phases\DBPhaseBuilder\PhaseBuilderSchemas.cpp">
      <Filter>Phases\DBPhaseBuilders</Filter>
    </ClCompile>
    <ClCompile Include="Phases\DBPhaseBuilder\PhaseBuilderService.cpp">
      <Filter>Phases\DBPhaseBuilders</Filter>
    </ClCompile>
    <ClCompile Include="Phases\Programs\BattleRunner\BattleRunnerDBSettingsWriter.cpp">
      <Filter>Phases\BattleRunner</Filter>
    </ClCompile>
    <ClCompile Include="DB\AuthoringTemplatesRepo.cpp">
      <Filter>DB\CatalogRepos</Filter>
    </ClCompile>
    <ClCompile Include="DB\TurnActionPresetRepo.cpp">
      <Filter>DB\CatalogRepos</Filter>
    </ClCompile>
    <ClCompile Include="DB\UiConfigRowRepo.cpp">
      <Filter>DB\CatalogRepos</Filter>
    </ClCompile>
    <ClCompile Include="DB\TagRepo.cpp">
      <Filter>DB\CatalogRepos</Filter>
    </ClCompile>
    <ClCompile Include="_Dolphin_src\Core\WiiUtils.cpp">
      <Filter>DolphinSource</Filter>
    </ClCompile>
    <ClCompile Include="_Dolphin_src\Core\AchievementManager.cpp">
      <Filter>DolphinSource</Filter>
    </ClCompile>
    <ClCompile Include="_Dolphin_src\Core\ActionReplay.cpp">
      <Filter>DolphinSource</Filter>
    </ClCompile>
    <ClCompile Include="_Dolphin_src\Core\ARDecrypt.cpp">
      <Filter>DolphinSource</Filter>
    </ClCompile>
    <ClCompile Include="_Dolphin_src\Core\BootManager.cpp">
      <Filter>DolphinSource</Filter>
    </ClCompile>
    <ClCompile Include="_Dolphin_src\Core\CheatGeneration.cpp">
      <Filter>DolphinSource</Filter>
    </ClCompile>
    <ClCompile Include="_Dolphin_src\Core\CheatSearch.cpp">
      <Filter>DolphinSource</Filter>
    </ClCompile>
    <ClCompile Include="_Dolphin_src\Core\ConfigManager.cpp">
      <Filter>DolphinSource</Filter>
    </ClCompile>
    <ClCompile Include="_Dolphin_src\Core\Core.cpp">
      <Filter>DolphinSource</Filter>
    </ClCompile>
    <ClCompile Include="_Dolphin_src\Core\CoreTiming.cpp">
      <Filter>DolphinSource</Filter>
    </ClCompile>
    <ClCompile Include="_Dolphin_src\Core\CPUThreadConfigCallback.cpp">
      <Filter>DolphinSource</Filter>
    </ClCompile>
    <ClCompile Include="_Dolphin_src\Core\DolphinAnalytics.cpp">
      <Filter>DolphinSource</Filter>
    </ClCompile>
    <ClCompile Include="_Dolphin_src\Core\DSPEmulator.cpp">
      <Filter>DolphinSource</Filter>
    </ClCompile>
    <ClCompile Include="_Dolphin_src\Core\FreeLookConfig.cpp">
      <Filter>DolphinSource</Filter>
    </ClCompile>
    <ClCompile Include="_Dolphin_src\Core\FreeLookManager.cpp">
      <Filter>DolphinSource</Filter>
    </ClCompile>
    <ClCompile Include="_Dolphin_src\Core\GeckoCode.cpp">
      <Filter>DolphinSource</Filter>
    </ClCompile>
    <ClCompile Include="_Dolphin_src\Core\GeckoCodeConfig.cpp">
      <Filter>DolphinSource</Filter>
    </ClCompile>
    <ClCompile Include="_Dolphin_src\Core\HotkeyManager.cpp">
      <Filter>DolphinSource</Filter>
    </ClCompile>
    <ClCompile Include="_Dolphin_src\Core\LibusbUtils.cpp">
      <Filter>DolphinSource</Filter>
    </ClCompile>
    <ClCompile Include="_Dolphin_src\Core\MemoryWatcher.cpp">
      <Filter>DolphinSource</Filter>
    </ClCompile>
    <ClCompile Include="_Dolphin_src\Core\MemTools.cpp">
      <Filter>DolphinSource</Filter>
    </ClCompile>
    <ClCompile Include="_Dolphin_src\Core\Movie.cpp">
      <Filter>DolphinSource</Filter>
    </ClCompile>
    <ClCompile Include="_Dolphin_src\Core\NetPlayClient.cpp">
      <Filter>DolphinSource</Filter>
    </ClCompile>
    <ClCompile Include="_Dolphin_src\Core\NetPlayCommon.cpp">
      <Filter>DolphinSource</Filter>
    </ClCompile>
    <ClCompile Include="_Dolphin_src\Core\NetPlayServer.cpp">
      <Filter>DolphinSource</Filter>
    </ClCompile>
    <ClCompile Include="_Dolphin_src\Core\NetworkCaptureLogger.cpp">
      <Filter>DolphinSource</Filter>
    </ClCompile>
    <ClCompile Include="_Dolphin_src\Core\PatchEngine.cpp">
      <Filter>DolphinSource</Filter>
    </ClCompile>
    <ClCompile Include="_Dolphin_src\Core\State.cpp">
      <Filter>DolphinSource</Filter>
    </ClCompile>
    <ClCompile Include="_Dolphin_src\Core\SysConf.cpp">
      <Filter>DolphinSource</Filter>
    </ClCompile>
    <ClCompile Include="_Dolphin_src\Core\System.cpp">
      <Filter>DolphinSource</Filter>
    </ClCompile>
    <ClCompile Include="_Dolphin_src\Core\TimePlayed.cpp">
      <Filter>DolphinSource</Filter>
    </ClCompile>
    <ClCompile Include="_Dolphin_src\Core\TitleDatabase.cpp">
      <Filter>DolphinSource</Filter>
    </ClCompile>
    <ClCompile Include="_Dolphin_src\Core\WC24PatchEngine.cpp">
      <Filter>DolphinSource</Filter>
    </ClCompile>
    <ClCompile Include="_Dolphin_src\Core\WiiRoot.cpp">
      <Filter>DolphinSource</Filter>
    </ClCompile>
    <ClCompile Include="_Dolphin_src\Core\Boot\Boot_WiiWAD.cpp">
      <Filter>DolphinSource</Filter>
    </ClCompile>
    <ClCompile Include="_Dolphin_src\Core\Boot\DolReader.cpp">
      <Filter>DolphinSource</Filter>
    </ClCompile>
    <ClCompile Include="_Dolphin_src\Core\Boot\ElfReader.cpp">
      <Filter>DolphinSource</Filter>
    </ClCompile>
    <ClCompile Include="_Dolphin_src\Core\Boot\Boot.cpp">
      <Filter>DolphinSource</Filter>
    </ClCompile>
    <ClCompile Include="_Dolphin_src\Core\Boot\Boot_BS2Emu.cpp">
      <Filter>DolphinSource</Filter>
    </ClCompile>
    <ClCompile Include="_Dolphin_src\Core\Config\AchievementSettings.cpp">
      <Filter>DolphinSource</Filter>
    </ClCompile>
    <ClCompile Include="_Dolphin_src\Core\Config\DefaultLocale.cpp">
      <Filter>DolphinSource</Filter>
    </ClCompile>
    <ClCompile Include="_Dolphin_src\Core\Config\FreeLookSettings.cpp">
      <Filter>DolphinSource</Filter>
    </ClCompile>
    <ClCompile Include="_Dolphin_src\Core\Config\GraphicsSettings.cpp">
      <Filter>DolphinSource</Filter>
    </ClCompile>
    <ClCompile Include="_Dolphin_src\Core\Config\MainSettings.cpp">
      <Filter>DolphinSource</Filter>
    </ClCompile>
    <ClCompile Include="_Dolphin_src\Core\Config\NetplaySettings.cpp">
      <Filter>DolphinSource</Filter>
    </ClCompile>
    <ClCompile Include="_Dolphin_src\Core\Config\SessionSettings.cpp">
      <Filter>DolphinSource</Filter>
    </ClCompile>
    <ClCompile Include="_Dolphin_src\Core\Config\SYSCONFSettings.cpp">
      <Filter>DolphinSource</Filter>
    </ClCompile>
    <ClCompile Include="_Dolphin_src\Core\Config\UISettings.cpp">
      <Filter>DolphinSource</Filter>
    </ClCompile>
    <ClCompile Include="_Dolphin_src\Core\Config\WiimoteSettings.cpp">
      <Filter>DolphinSource</Filter>
    </ClCompile>
    <ClCompile Include="_Dolphin_src\Core\PowerPC\Jit64\Jit_Integer.cpp">
      <Filter>DolphinSource</Filter>
    </ClCompile>
    <ClCompile Include="_Dolphin_src\Core\PowerPC\Jit64\Jit_LoadStore.cpp">
      <Filter>DolphinSource</Filter>
    </ClCompile>
    <ClCompile Include="_Dolphin_src\Core\PowerPC\Jit64\Jit_LoadStoreFloating.cpp">
      <Filter>DolphinSource</Filter>
    </ClCompile>
    <ClCompile Include="_Dolphin_src\Core\PowerPC\Jit64\Jit_LoadStorePaired.cpp">
      <Filter>DolphinSource</Filter>
    </ClCompile>
    <ClCompile Include="_Dolphin_src\Core\PowerPC\Jit64\Jit_Paired.cpp">
      <Filter>DolphinSource</Filter>
    </ClCompile>
    <ClCompile Include="_Dolphin_src\Core\PowerPC\Jit64\Jit_SystemRegisters.cpp">
      <Filter>DolphinSource</Filter>
    </ClCompile>
    <ClCompile Include="_Dolphin_src\Core\PowerPC\Jit64\Jit64_Tables.cpp">
      <Filter>DolphinSource</Filter>
    </ClCompile>
    <ClCompile Include="_Dolphin_src\Core\PowerPC\Jit64\JitAsm.cpp">
      <Filter>DolphinSource</Filter>
    </ClCompile>
    <ClCompile Include="_Dolphin_src\Core\PowerPC\Jit64\Jit.cpp">
      <Filter>DolphinSource</Filter>
    </ClCompile>
    <ClCompile Include="_Dolphin_src\Core\PowerPC\Jit64\Jit_Branch.cpp">
      <Filter>DolphinSource</Filter>
    </ClCompile>
    <ClCompile Include="_Dolphin_src\Core\PowerPC\Jit64\Jit_FloatingPoint.cpp">
      <Filter>DolphinSource</Filter>
    </ClCompile>
    <ClCompile Include="_Dolphin_src\Core\PowerPC\Jit64\RegCache\JitRegCache.cpp">
      <Filter>DolphinSource</Filter>
    </ClCompile>
    <ClCompile Include="_Dolphin_src\Core\PowerPC\Jit64\RegCache\FPURegCache.cpp">
      <Filter>DolphinSource</Filter>
    </ClCompile>
    <ClCompile Include="_Dolphin_src\Core\PowerPC\Jit64\RegCache\GPRRegCache.cpp">
      <Filter>DolphinSource</Filter>
    </ClCompile>
    <ClCompile Include="_Dolphin_src\Core\HW\SystemTimers.cpp">
      <Filter>DolphinSource</Filter>
    </ClCompile>
    <ClCompile Include="DB\ProgramDB\BattleSingleTurnRunDBCodec.cpp">
      <Filter>DB\ProgramCodecs</Filter>
    </ClCompile>
  </ItemGroup>
  <ItemGroup>
    <None Include="Interesting SOA Addresses.md" />
    <None Include="_TODO.md" />
    <None Include="Utils\soa_struct_reflector.py">
      <Filter>Utils</Filter>
    </None>
    <None Include="DB\migration\0003.sql">
      <Filter>DB\Migration</Filter>
    </None>
    <None Include="DB\migration\0001.sql">
      <Filter>DB\Migration</Filter>
    </None>
    <None Include="DB\migration\0002.sql">
      <Filter>DB\Migration</Filter>
    </None>
    <None Include="DB\migration\0004.sql">
      <Filter>DB\Migration</Filter>
    </None>
    <None Include="DB\migration\0005.sql">
      <Filter>DB\Migration</Filter>
    </None>
    <None Include="DB\update_generated_migrations_command.txt">
      <Filter>DB\Migration</Filter>
    </None>
    <None Include="DB\migration\0006.sql">
      <Filter>DB\Migration</Filter>
    </None>
    <None Include="DB\migration\0007.sql">
      <Filter>DB\Migration</Filter>
    </None>
    <None Include="DB\migration\0008.sql">
      <Filter>DB\Migration</Filter>
    </None>
    <None Include="DB\migration\0009.sql">
      <Filter>DB\Migration</Filter>
    </None>
    <None Include="DB\migration\0010.sql">
      <Filter>DB\Migration</Filter>
    </None>
    <None Include="DB\migration\0011.sql">
      <Filter>DB\Migration</Filter>
    </None>
    <None Include="DB\migration\0012.sql">
      <Filter>DB\Migration</Filter>
    </None>
    <None Include="DB\migration\0013.sql">
      <Filter>DB\Migration</Filter>
    </None>
    <None Include="DB\migration\0014.sql">
      <Filter>DB\Migration</Filter>
    </None>
    <None Include="DB\migration\0015.sql">
      <Filter>DB\Migration</Filter>
    </None>
    <None Include="DB\migration\0016.sql">
      <Filter>DB\Migration</Filter>
    </None>
    <None Include="DB\migration\0017.sql">
      <Filter>DB\Migration</Filter>
    </None>
    <None Include="DB\migration\0018.sql">
      <Filter>DB\Migration</Filter>
    </None>
    <None Include="DB\migration\0019.sql">
      <Filter>DB\Migration</Filter>
    </None>
    <None Include="DB\migration\0020.sql">
      <Filter>DB\Migration</Filter>
    </None>
    <None Include="DB\migration\0021.sql">
      <Filter>DB\Migration</Filter>
    </None>
    <None Include="DB\migration\0022.sql">
      <Filter>DB\Migration</Filter>
    </None>
    <None Include="DB\migration\0023.sql">
      <Filter>DB\Migration</Filter>
    </None>
    <None Include="DB\migration\0024.sql">
      <Filter>DB\Migration</Filter>
    </None>
    <None Include="DB\migration\0025.sql">
      <Filter>DB\Migration</Filter>
    </None>
    <None Include="DB\migration\0026.sql">
      <Filter>DB\Migration</Filter>
    </None>
    <None Include="DB\migration\0027.sql">
      <Filter>DB\Migration</Filter>
    </None>
    <None Include="DB\migration\0028.sql">
      <Filter>DB\Migration</Filter>
    </None>
    <None Include="DB\migration\0029.sql">
      <Filter>DB\Migration</Filter>
    </None>
    <None Include="DB\migration\0030.sql">
      <Filter>DB\Migration</Filter>
    </None>
    <None Include="DB\migration\0031.sql">
      <Filter>DB\Migration</Filter>
    </None>
    <None Include="DB\migration\0032.sql">
      <Filter>DB\Migration</Filter>
    </None>
    <None Include="DB\migration\0033.sql">
      <Filter>DB\Migration</Filter>
    </None>
    <None Include="DB\migration\0034.sql">
      <Filter>DB\Migration</Filter>
    </None>
    <None Include="DB\migration\0035.sql">
      <Filter>DB\Migration</Filter>
    </None>
    <None Include="DB\migration\0036.sql">
      <Filter>DB\Migration</Filter>
    </None>
    <None Include="DB\migration\0037.sql">
      <Filter>DB\Migration</Filter>
    </None>
    <None Include="DB\migration\0038.sql">
      <Filter>DB\Migration</Filter>
    </None>
    <None Include="DB\migration\0039.sql">
      <Filter>DB\Migration</Filter>
    </None>
  </ItemGroup>
</Project>