<?xml version="1.0" encoding="utf-8"?>
<Project ToolsVersion="4.0" xmlns="http://schemas.microsoft.com/developer/msbuild/2003">
  <ItemGroup>
    <Filter Include="Resource Files">
      <UniqueIdentifier>{67DA6AB6-F800-4c08-8B7A-83BB121AAD01}</UniqueIdentifier>
      <Extensions>qrc;rc;ico;cur;bmp;dlg;rc2;rct;bin;rgs;gif;jpg;jpeg;jpe;resx;tiff;tif;png;wav;mfcribbon-ms</Extensions>
    </Filter>
    <Filter Include="Form Files">
      <UniqueIdentifier>{99349809-55BA-4b9d-BF79-8FDBB0286EB3}</UniqueIdentifier>
      <Extensions>ui</Extensions>
    </Filter>
    <Filter Include="Translation Files">
      <UniqueIdentifier>{639EADAA-A684-42e4-A9AD-28FC9BCB8F7C}</UniqueIdentifier>
      <Extensions>ts</Extensions>
    </Filter>
    <Filter Include="GUI">
      <UniqueIdentifier>{7db4c122-4ece-4e90-837b-a6f52462b212}</UniqueIdentifier>
    </Filter>
    <Filter Include="GUI\Panes">
      <UniqueIdentifier>{d14de17a-882c-4af9-8194-d01599d4c921}</UniqueIdentifier>
    </Filter>
    <Filter Include="GUI\Panes\Coordinator">
      <UniqueIdentifier>{612b34d4-a752-48e9-8d9c-5ff5543c40a1}</UniqueIdentifier>
    </Filter>
    <Filter Include="GUI\Panes\Jobs">
      <UniqueIdentifier>{06f0a36c-8c26-4d8f-afa1-57f916d29e64}</UniqueIdentifier>
    </Filter>
    <Filter Include="GUI\Panes\JobSets">
      <UniqueIdentifier>{261281c3-0f0b-4795-bab6-754af65fd8cc}</UniqueIdentifier>
    </Filter>
    <Filter Include="GUI\Panes\Settings">
      <UniqueIdentifier>{9f1dcdf7-ec5e-4588-b8cf-a298c2975d5f}</UniqueIdentifier>
    </Filter>
    <Filter Include="GUI\Panes\Artifacts">
      <UniqueIdentifier>{9a267a3f-42f8-4db8-9540-c08a4d67f9e5}</UniqueIdentifier>
    </Filter>
    <Filter Include="GUI\Widgets">
      <UniqueIdentifier>{141bab54-777e-4b46-a5bb-174449f7cf58}</UniqueIdentifier>
    </Filter>
    <Filter Include="Main">
      <UniqueIdentifier>{bcdb69ab-3657-441c-81b2-9e6637d77f29}</UniqueIdentifier>
    </Filter>
  </ItemGroup>
  <ItemGroup>
    <QtRcc Include="SoaSimQt.qrc">
      <Filter>Resource Files</Filter>
    </QtRcc>
  </ItemGroup>
  <ItemGroup>
    <ClCompile Include="GUI\Panes\ArtifactsPane\ArtifactsBrowserTableModel.cpp">
      <Filter>GUI\Panes\Artifacts</Filter>
    </ClCompile>
    <ClCompile Include="GUI\Panes\ArtifactsPane\ArtifactsBrowserTableView.cpp">
      <Filter>GUI\Panes\Artifacts</Filter>
    </ClCompile>
    <ClCompile Include="GUI\Panes\ArtifactsPane\ArtifactsController.cpp">
      <Filter>GUI\Panes\Artifacts</Filter>
    </ClCompile>
    <ClCompile Include="GUI\Panes\ArtifactsPane\ArtifactsPage.cpp">
      <Filter>GUI\Panes\Artifacts</Filter>
    </ClCompile>
    <ClCompile Include="GUI\MainWindow.cpp">
      <Filter>GUI</Filter>
    </ClCompile>
    <ClCompile Include="GUI\Panes\CoordinatorPane\WorkerTableModel.cpp">
      <Filter>GUI\Panes\Coordinator</Filter>
    </ClCompile>
    <ClCompile Include="GUI\Panes\CoordinatorPane\CoordinatorController.cpp">
      <Filter>GUI\Panes\Coordinator</Filter>
    </ClCompile>
    <ClCompile Include="GUI\Panes\CoordinatorPane\CoordinatorPane.cpp">
      <Filter>GUI\Panes\Coordinator</Filter>
    </ClCompile>
    <ClCompile Include="GUI\Panes\JobsPane\ArtifactsTableModel.cpp">
      <Filter>GUI\Panes\Jobs</Filter>
    </ClCompile>
    <ClCompile Include="GUI\Panes\JobsPane\ArtifactsTableView.cpp">
      <Filter>GUI\Panes\Jobs</Filter>
    </ClCompile>
    <ClCompile Include="GUI\Panes\JobsPane\JobsController.cpp">
      <Filter>GUI\Panes\Jobs</Filter>
    </ClCompile>
    <ClCompile Include="GUI\Panes\JobsPane\JobsPage.cpp">
      <Filter>GUI\Panes\Jobs</Filter>
    </ClCompile>
    <ClCompile Include="GUI\Panes\JobsPane\JobsTableModel.cpp">
      <Filter>GUI\Panes\Jobs</Filter>
    </ClCompile>
    <ClCompile Include="GUI\Panes\JobsPane\JobsTableView.cpp">
      <Filter>GUI\Panes\Jobs</Filter>
    </ClCompile>
    <ClCompile Include="GUI\Panes\JobSetsPane\JobSetsController.cpp">
      <Filter>GUI\Panes\JobSets</Filter>
    </ClCompile>
    <ClCompile Include="GUI\Panes\JobSetsPane\JobSetsPage.cpp">
      <Filter>GUI\Panes\JobSets</Filter>
    </ClCompile>
    <ClCompile Include="GUI\Panes\JobSetsPane\JobSetsProgressWidget.cpp">
      <Filter>GUI\Panes\JobSets</Filter>
    </ClCompile>
    <ClCompile Include="GUI\Panes\JobSetsPane\JobSetsProgressDelegate.cpp">
      <Filter>GUI\Panes\JobSets</Filter>
    </ClCompile>
    <ClCompile Include="GUI\Panes\JobSetsPane\JobSetsTreeModel.cpp">
      <Filter>GUI\Panes\JobSets</Filter>
    </ClCompile>
    <ClCompile Include="GUI\Panes\JobSetsPane\JobSetsTreeView.cpp">
      <Filter>GUI\Panes\JobSets</Filter>
    </ClCompile>
    <ClCompile Include="GUI\Panes\SettingsPane\SettingsPage.cpp">
      <Filter>GUI\Panes\Settings</Filter>
    </ClCompile>
    <ClCompile Include="GUI\Widgets\StatusBarWidget.cpp">
      <Filter>GUI\Widgets</Filter>
    </ClCompile>
    <ClCompile Include="main.cpp">
      <Filter>Main</Filter>
    </ClCompile>
  </ItemGroup>
  <ItemGroup>
    <QtMoc Include="GUI\Panes\ArtifactsPane\ArtifactsController.h">
      <Filter>GUI\Panes\Artifacts</Filter>
    </QtMoc>
    <QtMoc Include="GUI\Panes\ArtifactsPane\ArtifactsPage.h">
      <Filter>GUI\Panes\Artifacts</Filter>
    </QtMoc>
    <QtMoc Include="GUI\MainWindow.h">
      <Filter>GUI</Filter>
    </QtMoc>
    <QtMoc Include="GUI\Panes\CoordinatorPane\CoordinatorPane.h">
      <Filter>GUI\Panes\Coordinator</Filter>
    </QtMoc>
    <QtMoc Include="GUI\Panes\CoordinatorPane\CoordinatorController.h">
      <Filter>GUI\Panes\Coordinator</Filter>
    </QtMoc>
    <QtMoc Include="GUI\Panes\JobSetsPane\JobSetsController.h">
      <Filter>GUI\Panes\JobSets</Filter>
    </QtMoc>
    <QtMoc Include="GUI\Panes\JobsPane\JobsController.h">
      <Filter>GUI\Panes\Jobs</Filter>
    </QtMoc>
    <QtMoc Include="GUI\Panes\JobSetsPane\JobSetsTreeView.h">
      <Filter>GUI\Panes\JobSets</Filter>
    </QtMoc>
    <QtMoc Include="GUI\Widgets\StatusBarWidget.h">
      <Filter>GUI\Widgets</Filter>
    </QtMoc>
    <QtMoc Include="GUI\Panes\SettingsPane\SettingsPage.h">
      <Filter>GUI\Panes\Settings</Filter>
    </QtMoc>
  </ItemGroup>
  <ItemGroup>
    <ClInclude Include="GUI\Panes\ArtifactsPane\ArtifactsBrowserTableModel.h">
      <Filter>GUI\Panes\Artifacts</Filter>
    </ClInclude>
    <ClInclude Include="GUI\Panes\ArtifactsPane\ArtifactsBrowserTableView.h">
      <Filter>GUI\Panes\Artifacts</Filter>
    </ClInclude>
    <ClInclude Include="GUI\StyleSheet.h">
      <Filter>GUI</Filter>
    </ClInclude>
    <ClInclude Include="GUI\Panes\CoordinatorPane\CoordinatorUiCommon.h">
      <Filter>GUI\Panes\Coordinator</Filter>
    </ClInclude>
    <ClInclude Include="GUI\Panes\CoordinatorPane\WorkerTableModel.h">
      <Filter>GUI\Panes\Coordinator</Filter>
    </ClInclude>
    <ClInclude Include="GUI\Panes\JobsPane\ArtifactsTableModel.h">
      <Filter>GUI\Panes\Jobs</Filter>
    </ClInclude>
    <ClInclude Include="GUI\Panes\JobsPane\ArtifactsTableView.h">
      <Filter>GUI\Panes\Jobs</Filter>
    </ClInclude>
    <ClInclude Include="GUI\Panes\JobsPane\JobsController.h">
      <Filter>GUI\Panes\Jobs</Filter>
    </ClInclude>
    <ClInclude Include="GUI\Panes\JobsPane\JobsPage.h">
      <Filter>GUI\Panes\Jobs</Filter>
    </ClInclude>
    <ClInclude Include="GUI\Panes\JobsPane\JobsTableModel.h">
      <Filter>GUI\Panes\Jobs</Filter>
    </ClInclude>
    <ClInclude Include="GUI\Panes\JobsPane\JobsTableView.h">
      <Filter>GUI\Panes\Jobs</Filter>
    </ClInclude>
    <ClInclude Include="GUI\Panes\JobSetsPane\JobSetsPage.h">
      <Filter>GUI\Panes\JobSets</Filter>
    </ClInclude>
    <ClInclude Include="GUI\Panes\JobSetsPane\JobSetsProgressWidget.h">
      <Filter>GUI\Panes\JobSets</Filter>
    </ClInclude>
    <ClInclude Include="GUI\Panes\JobSetsPane\JobSetsProgressDelegate.h">
      <Filter>GUI\Panes\JobSets</Filter>
    </ClInclude>
    <ClInclude Include="GUI\Panes\JobSetsPane\JobSetsTreeModel.h">
      <Filter>GUI\Panes\JobSets</Filter>
    </ClInclude>
    <ClInclude Include="GUI\Panes\SettingsPane\SettingsPage.h">
      <Filter>GUI\Panes\Settings</Filter>
    </ClInclude>
  </ItemGroup>
</Project>