<?xml version="1.0" encoding="utf-8"?>
<Project ToolsVersion="4.0" xmlns="http://schemas.microsoft.com/developer/msbuild/2003">
  <ItemGroup>
    <ClCompile Include="common\DbPreparer.cpp" />
    <ClCompile Include="..\third-party\googletest-1.17.0\googlemock\src\gmock-all.cc" />
    <ClCompile Include="..\third-party\googletest-1.17.0\googletest\src\gtest-all.cc" />
    <ClCompile Include="run_tests.cpp" />
    <ClCompile Include="test.cpp" />
    <ClCompile Include="test_boot_dolphinwrapper.cpp" />
    <ClCompile Include="test_framestep.cpp" />
    <ClCompile Include="test_GC_input_frame_builder.cpp" />
    <ClCompile Include="test_import_from_qt.cpp" />
    <ClCompile Include="test_pad_poll_isolated_user.cpp" />
    <ClCompile Include="test_sa3dport_stage1.cpp" />
    <ClCompile Include="test_sa3dport_stage2.cpp" />
    <ClCompile Include="test_sa3dport_stage3.cpp" />
    <ClCompile Include="test_sa3dport_stage4.cpp" />
    <ClCompile Include="test_sa3dport_stage5.cpp" />
    <ClCompile Include="test_satools_parity_poly_parser.cpp" />
    <ClCompile Include="test_simconfig.cpp" />
    <ClCompile Include="test_simcoreDB.cpp" />
    <ClCompile Include="test_simcoreDB_fixture_sqlite.cpp" />
    <ClCompile Include="test_simcoreDB_phase3_nonfixture.cpp" />
    <ClCompile Include="test_TASPad.cpp" />
  </ItemGroup>
  <ItemGroup>
    <ClInclude Include="scoped_wrapper.h" />
    <ClInclude Include="seh_guard.h" />
    <ClInclude Include="serial_guard.h" />
    <ClInclude Include="common\SqliteDbFixture.h">
      <Filter>common</Filter>
    </ClInclude>
    <ClInclude Include="common\NullJobEventCommandService.h">
      <Filter>common</Filter>
    </ClInclude>
    <ClInclude Include="common\NullWorkflowQueryService.h">
      <Filter>common</Filter>
    </ClInclude>
    <ClInclude Include="common\RecordingExecutionDb.h">
      <Filter>common</Filter>
    </ClInclude>
    <ClInclude Include="common\RecordingWorkflowCommandService.h">
      <Filter>common</Filter>
    </ClInclude>
    <ClInclude Include="common\simcoredb_helpers.h">
      <Filter>common</Filter>
    </ClInclude>
    <ClInclude Include="common\AlwaysAdvanceTransitionHandler.h">
      <Filter>common</Filter>
    </ClInclude>
  </ItemGroup>
  <ItemGroup>
    <Filter Include="common">
      <UniqueIdentifier>{b83008ce-a348-48f2-96dc-24b09b4fa438}</UniqueIdentifier>
    </Filter>
  </ItemGroup>
</Project>
