<?xml version="1.0" encoding="utf-8"?>
<Project ToolsVersion="4.0" xmlns="http://schemas.microsoft.com/developer/msbuild/2003">
  <ItemGroup>
    <Filter Include="Source Files"><UniqueIdentifier>{4FC737F1-C7A5-4376-A066-2A32D752A2FF}</UniqueIdentifier><Extensions>cpp;c;cc;cxx;c++;cppm;ixx;def;odl;idl;hpj;bat;asm;asmx</Extensions></Filter>
    <Filter Include="Header Files"><UniqueIdentifier>{93995380-89BD-4B04-88EB-625FBE52EBFB}</UniqueIdentifier><Extensions>h;hh;hpp;hxx;h++;hm;inl;inc;ipp;xsd</Extensions></Filter>
  </ItemGroup>
  <ItemGroup>
    <ClInclude Include="Archive\IArchiveDb.h"><Filter>Header Files</Filter></ClInclude>
    <ClInclude Include="Analysis\IAnalysisDb.h"><Filter>Header Files</Filter></ClInclude>
    <ClInclude Include="Authoring\IAuthoringDb.h"><Filter>Header Files</Filter></ClInclude>
    <ClInclude Include="Common\DbConfigPaths.h"><Filter>Header Files</Filter></ClInclude>
    <ClInclude Include="Common\Events\EventEnvelope.h"><Filter>Header Files</Filter></ClInclude>
    <ClInclude Include="Common\Events\EventCatalog.h"><Filter>Header Files</Filter></ClInclude>
    <ClInclude Include="Common\Events\EventPayloadDispatch.h"><Filter>Header Files</Filter></ClInclude>
    <ClInclude Include="Common\Events\EventPayloadValidation.h"><Filter>Header Files</Filter></ClInclude>
    <ClInclude Include="Common\Events\EventPayloadViews.h"><Filter>Header Files</Filter></ClInclude>
    <ClInclude Include="Common\Events\OutboxRelay.h"><Filter>Header Files</Filter></ClInclude>
    <ClInclude Include="Execution\ProgramDB\ProgramKindDescriptor.h"><Filter>Header Files</Filter></ClInclude>
    <ClInclude Include="Execution\ProgramDB\ProgramKindRegistry.h"><Filter>Header Files</Filter></ClInclude>
    <ClInclude Include="Execution\Workflow\WorkflowOrchestration.h"><Filter>Header Files</Filter></ClInclude>
    <ClInclude Include="Common\Migrations\MigrationContext.h"><Filter>Header Files</Filter></ClInclude>
    <ClInclude Include="Common\Migrations\MigrationRunner.h"><Filter>Header Files</Filter></ClInclude>
    <ClInclude Include="Common\Types\TypedIds.h"><Filter>Header Files</Filter></ClInclude>
    <ClInclude Include="Common\Types\UtcTimestamp.h"><Filter>Header Files</Filter></ClInclude>
    <ClInclude Include="Execution\IExecutionDb.h"><Filter>Header Files</Filter></ClInclude>
    <ClInclude Include="Execution\Workflow\ExecutionDb.h"><Filter>Header Files</Filter></ClInclude>
    <ClInclude Include="Execution\Workflow\SeedProbeWorkflowDefinition.h"><Filter>Header Files</Filter></ClInclude>
    <ClInclude Include="Execution\Workflow\SqliteWorkflowOrchestration.h"><Filter>Header Files</Filter></ClInclude>
    <ClInclude Include="Execution\Workflow\WorkflowEngine.h"><Filter>Header Files</Filter></ClInclude>
    <ClInclude Include="Execution\Workflow\WorkflowIntegrityChecks.h"><Filter>Header Files</Filter></ClInclude>
    <ClInclude Include="Execution\Workflow\WorkflowModeProvider.h"><Filter>Header Files</Filter></ClInclude>
    <ClInclude Include="Execution\Workflow\WorkflowParityDiagnostics.h"><Filter>Header Files</Filter></ClInclude>
    <ClInclude Include="Execution\Workflow\WorkflowParityStore.h"><Filter>Header Files</Filter></ClInclude>
    <ClInclude Include="Execution\Workflow\WorkflowProjector.h"><Filter>Header Files</Filter></ClInclude>
    <ClInclude Include="Execution\Workflow\WorkflowRecoveryService.h"><Filter>Header Files</Filter></ClInclude>
    <ClInclude Include="SimCoreDB.h"><Filter>Header Files</Filter></ClInclude>
    <ClInclude Include="State\IStateDb.h"><Filter>Header Files</Filter></ClInclude>
    <ClInclude Include="UIRead\IUiReadDb.h"><Filter>Header Files</Filter></ClInclude>
    <ClInclude Include="UIRead\SqliteUiReadDb.h"><Filter>Header Files</Filter></ClInclude>
  </ItemGroup>
  <ItemGroup>
    <ClCompile Include="Common\Migrations\MigrationContext.cpp"><Filter>Source Files</Filter></ClCompile>
    <ClCompile Include="Common\Migrations\MigrationRunner.cpp"><Filter>Source Files</Filter></ClCompile>
    <ClCompile Include="Common\Events\OutboxRelay.cpp"><Filter>Source Files</Filter></ClCompile>
    <ClCompile Include="Execution\Workflow\ExecutionDb.cpp"><Filter>Source Files</Filter></ClCompile>
    <ClCompile Include="Execution\Workflow\SeedProbeWorkflowDefinition.cpp"><Filter>Source Files</Filter></ClCompile>
    <ClCompile Include="Execution\Workflow\SqliteWorkflowOrchestration.cpp"><Filter>Source Files</Filter></ClCompile>
    <ClCompile Include="Execution\Workflow\WorkflowEngine.cpp"><Filter>Source Files</Filter></ClCompile>
    <ClCompile Include="Execution\Workflow\WorkflowIntegrityChecks.cpp"><Filter>Source Files</Filter></ClCompile>
    <ClCompile Include="Execution\Workflow\WorkflowModeProvider.cpp"><Filter>Source Files</Filter></ClCompile>
    <ClCompile Include="Execution\Workflow\WorkflowParityDiagnostics.cpp"><Filter>Source Files</Filter></ClCompile>
    <ClCompile Include="Execution\Workflow\WorkflowParityStore.cpp"><Filter>Source Files</Filter></ClCompile>
    <ClCompile Include="Execution\Workflow\WorkflowProjector.cpp"><Filter>Source Files</Filter></ClCompile>
    <ClCompile Include="Execution\Workflow\WorkflowRecoveryService.cpp"><Filter>Source Files</Filter></ClCompile>
    <ClCompile Include="SimCoreDB.cpp"><Filter>Source Files</Filter></ClCompile>
    <ClCompile Include="UIRead\SqliteUiReadDb.cpp"><Filter>Source Files</Filter></ClCompile>
  </ItemGroup>
  <ItemGroup>
    <None Include="update_generated_migrations_command.txt" />
  </ItemGroup>
</Project>
