<?xml version="1.0" encoding="utf-8"?>
<Project ToolsVersion="4.0" xmlns="http://schemas.microsoft.com/developer/msbuild/2003">
  <ItemGroup>
    <Filter Include="Source Files">
      <UniqueIdentifier>{4FC737F1-C7A5-4376-A066-2A32D752A2FF}</UniqueIdentifier>
      <Extensions>cpp;c;cc;cxx;c++;def;odl;idl;hpj;bat;asm;asmx</Extensions>
    </Filter>
    <Filter Include="Utils">
      <UniqueIdentifier>{a98a053d-c15d-4c65-9138-12ebc674abe3}</UniqueIdentifier>
    </Filter>
    <Filter Include="Cur_Migrations">
      <UniqueIdentifier>{a291be31-e8f6-4b35-81ec-61df32761f46}</UniqueIdentifier>
    </Filter>
  </ItemGroup>
  <ItemGroup>
    <ClCompile Include="SimCoreDBValidation.cpp">
      <Filter>Source Files</Filter>
    </ClCompile>
    <ClCompile Include="ValidationPhase3.cpp">
      <Filter>Source Files</Filter>
    </ClCompile>
    <ClCompile Include="..\third-party\sqlite\include\sqlite3.c">
      <Filter>Source Files</Filter>
    </ClCompile>
    <ClCompile Include="DbPreparer.cpp">
      <Filter>Utils</Filter>
    </ClCompile>
    <ClCompile Include="ExecSql.h">
      <Filter>Utils</Filter>
    </ClCompile>
    <ClCompile Include="ExportCurrentDbSchemas.cpp">
      <Filter>Utils</Filter>
    </ClCompile>
  </ItemGroup>
  <ItemGroup>
    <ClInclude Include="DbPreparer.h">
      <Filter>Utils</Filter>
    </ClInclude>
    <ClInclude Include="DbJSONL.h">
      <Filter>Utils</Filter>
    </ClInclude>
    <ClInclude Include="ExportCurrentDbSchemas.h">
      <Filter>Utils</Filter>
    </ClInclude>
  </ItemGroup>
  <ItemGroup>
    <None Include=".db_schema_cur\ui_read.sql">
      <Filter>Cur_Migrations</Filter>
    </None>
    <None Include=".db_schema_cur\analysis.sql">
      <Filter>Cur_Migrations</Filter>
    </None>
    <None Include=".db_schema_cur\archive.sql">
      <Filter>Cur_Migrations</Filter>
    </None>
    <None Include=".db_schema_cur\authoring.sql">
      <Filter>Cur_Migrations</Filter>
    </None>
    <None Include=".db_schema_cur\execution.sql">
      <Filter>Cur_Migrations</Filter>
    </None>
    <None Include=".db_schema_cur\state.sql">
      <Filter>Cur_Migrations</Filter>
    </None>
  </ItemGroup>
</Project>