<?xml version="1.0" encoding="utf-8"?>
<Project ToolsVersion="4.0" xmlns="http://schemas.microsoft.com/developer/msbuild/2003">
  <ItemGroup>
    <Filter Include="Source Files">
      <UniqueIdentifier>{C1FCA44F-CC2F-4A18-8A62-90EF740E2693}</UniqueIdentifier>
      <Extensions>cpp;c;cc;cxx;c++;cppm;ixx;def;odl;idl;hpj;bat;asm;asmx</Extensions>
    </Filter>
    <Filter Include="Header Files">
      <UniqueIdentifier>{C084E0D6-D09F-42C9-BD20-6CB071855FF4}</UniqueIdentifier>
      <Extensions>h;hh;hpp;hxx;h++;hm;inl;inc;ipp;xsd</Extensions>
    </Filter>
  </ItemGroup>
  <ItemGroup>
    <ClCompile Include="ActionViewCameraModel.cpp">
      <Filter>Source Files</Filter>
    </ClCompile>
    <ClCompile Include="ActionSetupCheckpointModel.cpp">
      <Filter>Source Files</Filter>
    </ClCompile>
    <ClCompile Include="ActionSourceCheckpointModel.cpp">
      <Filter>Source Files</Filter>
    </ClCompile>
    <ClCompile Include="ActionViewGateCheckpointModel.cpp">
      <Filter>Source Files</Filter>
    </ClCompile>
    <ClCompile Include="AttackDamageValueCheckpointModel.cpp">
      <Filter>Source Files</Filter>
    </ClCompile>
    <ClCompile Include="AttackResolutionCheckpointModel.cpp">
      <Filter>Source Files</Filter>
    </ClCompile>
    <ClCompile Include="AttackResolutionModel.cpp">
      <Filter>Source Files</Filter>
    </ClCompile>
    <ClCompile Include="BattlePredictionDbInput.cpp">
      <Filter>Source Files</Filter>
    </ClCompile>
    <ClCompile Include="BattlePredictor.cpp">
      <Filter>Source Files</Filter>
    </ClCompile>
    <ClCompile Include="BattlePredictorCli.cpp">
      <Filter>Source Files</Filter>
    </ClCompile>
    <ClCompile Include="BattleVisualRngModel.cpp">
      <Filter>Source Files</Filter>
    </ClCompile>
    <ClCompile Include="BattleJobBatchRunManifest.cpp">
      <Filter>Source Files</Filter>
    </ClCompile>
    <ClCompile Include="BattleJobBatchRunOptions.cpp">
      <Filter>Source Files</Filter>
    </ClCompile>
    <ClCompile Include="BattleJobBatchWorkerRun.cpp">
      <Filter>Source Files</Filter>
    </ClCompile>
    <ClCompile Include="BattleJobClone.cpp">
      <Filter>Source Files</Filter>
    </ClCompile>
    <ClCompile Include="BattleJobRunManifest.cpp">
      <Filter>Source Files</Filter>
    </ClCompile>
    <ClCompile Include="BattleJobRunOptions.cpp">
      <Filter>Source Files</Filter>
    </ClCompile>
    <ClCompile Include="BattleJobSandbox.cpp">
      <Filter>Source Files</Filter>
    </ClCompile>
    <ClCompile Include="BattleJobWorkerRun.cpp">
      <Filter>Source Files</Filter>
    </ClCompile>
    <ClCompile Include="CheckpointTrace.cpp">
      <Filter>Source Files</Filter>
    </ClCompile>
    <ClCompile Include="CritGateCheckpointModel.cpp">
      <Filter>Source Files</Filter>
    </ClCompile>
    <ClCompile Include="CounterCheckpointModel.cpp">
      <Filter>Source Files</Filter>
    </ClCompile>
    <ClCompile Include="CounterModel.cpp">
      <Filter>Source Files</Filter>
    </ClCompile>
    <ClCompile Include="DeathDropCheckpointModel.cpp">
      <Filter>Source Files</Filter>
    </ClCompile>
    <ClCompile Include="DbCopy.cpp">
      <Filter>Source Files</Filter>
    </ClCompile>
    <ClCompile Include="DropCheckpointModel.cpp">
      <Filter>Source Files</Filter>
    </ClCompile>
    <ClCompile Include="DropModel.cpp">
      <Filter>Source Files</Filter>
    </ClCompile>
    <ClCompile Include="EffectCheckpointModel.cpp">
      <Filter>Source Files</Filter>
    </ClCompile>
    <ClCompile Include="EffectRngModel.cpp">
      <Filter>Source Files</Filter>
    </ClCompile>
    <ClCompile Include="EnemyAttackSetupModel.cpp">
      <Filter>Source Files</Filter>
    </ClCompile>
    <ClCompile Include="EnemyEventDataModel.cpp">
      <Filter>Source Files</Filter>
    </ClCompile>
    <ClCompile Include="Field6WatchpointModel.cpp">
      <Filter>Source Files</Filter>
    </ClCompile>
    <ClCompile Include="FirstBattleDataModel.cpp">
      <Filter>Source Files</Filter>
    </ClCompile>
    <ClCompile Include="LiveCaptureProfile.cpp">
      <Filter>Source Files</Filter>
    </ClCompile>
    <ClCompile Include="MovementModel.cpp">
      <Filter>Source Files</Filter>
    </ClCompile>
    <ClCompile Include="Main.cpp">
      <Filter>Source Files</Filter>
    </ClCompile>
    <ClCompile Include="OutcomeCheckpointModel.cpp">
      <Filter>Source Files</Filter>
    </ClCompile>
    <ClCompile Include="PreAiCameraModel.cpp">
      <Filter>Source Files</Filter>
    </ClCompile>
    <ClCompile Include="PreAiCheckpointModel.cpp">
      <Filter>Source Files</Filter>
    </ClCompile>
    <ClCompile Include="ProgressEventParser.cpp">
      <Filter>Source Files</Filter>
    </ClCompile>
    <ClCompile Include="RngCore.cpp">
      <Filter>Source Files</Filter>
    </ClCompile>
    <ClCompile Include="RngModel.cpp">
      <Filter>Source Files</Filter>
    </ClCompile>
    <ClCompile Include="SoldierActionExecutionModel.cpp">
      <Filter>Source Files</Filter>
    </ClCompile>
    <ClCompile Include="SoldierAiModel.cpp">
      <Filter>Source Files</Filter>
    </ClCompile>
    <ClCompile Include="SoaQSortModel.cpp">
      <Filter>Source Files</Filter>
    </ClCompile>
    <ClCompile Include="SstActionCommandCheckpointModel.cpp">
      <Filter>Source Files</Filter>
    </ClCompile>
    <ClCompile Include="TurnOrderCheckpointModel.cpp">
      <Filter>Source Files</Filter>
    </ClCompile>
    <ClCompile Include="TurnOrderModel.cpp">
      <Filter>Source Files</Filter>
    </ClCompile>
    <ClCompile Include="TraceJob.cpp">
      <Filter>Source Files</Filter>
    </ClCompile>
  </ItemGroup>
  <ItemGroup>
    <ClInclude Include="ActionViewCameraModel.h">
      <Filter>Header Files</Filter>
    </ClInclude>
    <ClInclude Include="ActionSetupCheckpointModel.h">
      <Filter>Header Files</Filter>
    </ClInclude>
    <ClInclude Include="ActionSourceCheckpointModel.h">
      <Filter>Header Files</Filter>
    </ClInclude>
    <ClInclude Include="ActionViewGateCheckpointModel.h">
      <Filter>Header Files</Filter>
    </ClInclude>
    <ClInclude Include="AttackDamageValueCheckpointModel.h">
      <Filter>Header Files</Filter>
    </ClInclude>
    <ClInclude Include="AttackResolutionCheckpointModel.h">
      <Filter>Header Files</Filter>
    </ClInclude>
    <ClInclude Include="AttackResolutionModel.h">
      <Filter>Header Files</Filter>
    </ClInclude>
    <ClInclude Include="BattlePredictionDbInput.h">
      <Filter>Header Files</Filter>
    </ClInclude>
    <ClInclude Include="BattlePredictor.h">
      <Filter>Header Files</Filter>
    </ClInclude>
    <ClInclude Include="BattlePredictorCli.h">
      <Filter>Header Files</Filter>
    </ClInclude>
    <ClInclude Include="BattleVisualRngModel.h">
      <Filter>Header Files</Filter>
    </ClInclude>
    <ClInclude Include="BattleJobBatchRunManifest.h">
      <Filter>Header Files</Filter>
    </ClInclude>
    <ClInclude Include="BattleJobBatchRunOptions.h">
      <Filter>Header Files</Filter>
    </ClInclude>
    <ClInclude Include="BattleJobBatchWorkerRun.h">
      <Filter>Header Files</Filter>
    </ClInclude>
    <ClInclude Include="BattleJobClone.h">
      <Filter>Header Files</Filter>
    </ClInclude>
    <ClInclude Include="BattleJobRunManifest.h">
      <Filter>Header Files</Filter>
    </ClInclude>
    <ClInclude Include="BattleJobRunOptions.h">
      <Filter>Header Files</Filter>
    </ClInclude>
    <ClInclude Include="BattleJobSandbox.h">
      <Filter>Header Files</Filter>
    </ClInclude>
    <ClInclude Include="BattleJobWorkerRun.h">
      <Filter>Header Files</Filter>
    </ClInclude>
    <ClInclude Include="CheckpointTrace.h">
      <Filter>Header Files</Filter>
    </ClInclude>
    <ClInclude Include="CritGateCheckpointModel.h">
      <Filter>Header Files</Filter>
    </ClInclude>
    <ClInclude Include="CounterCheckpointModel.h">
      <Filter>Header Files</Filter>
    </ClInclude>
    <ClInclude Include="CounterModel.h">
      <Filter>Header Files</Filter>
    </ClInclude>
    <ClInclude Include="DeathDropCheckpointModel.h">
      <Filter>Header Files</Filter>
    </ClInclude>
    <ClInclude Include="DbCopy.h">
      <Filter>Header Files</Filter>
    </ClInclude>
    <ClInclude Include="DropCheckpointModel.h">
      <Filter>Header Files</Filter>
    </ClInclude>
    <ClInclude Include="DropModel.h">
      <Filter>Header Files</Filter>
    </ClInclude>
    <ClInclude Include="EffectCheckpointModel.h">
      <Filter>Header Files</Filter>
    </ClInclude>
    <ClInclude Include="EffectRngModel.h">
      <Filter>Header Files</Filter>
    </ClInclude>
    <ClInclude Include="EnemyAttackSetupModel.h">
      <Filter>Header Files</Filter>
    </ClInclude>
    <ClInclude Include="EnemyEventDataModel.h">
      <Filter>Header Files</Filter>
    </ClInclude>
    <ClInclude Include="Field6WatchpointModel.h">
      <Filter>Header Files</Filter>
    </ClInclude>
    <ClInclude Include="FirstBattleDataModel.h">
      <Filter>Header Files</Filter>
    </ClInclude>
    <ClInclude Include="LiveCaptureProfile.h">
      <Filter>Header Files</Filter>
    </ClInclude>
    <ClInclude Include="MovementModel.h">
      <Filter>Header Files</Filter>
    </ClInclude>
    <ClInclude Include="OutcomeCheckpointModel.h">
      <Filter>Header Files</Filter>
    </ClInclude>
    <ClInclude Include="PreAiCameraModel.h">
      <Filter>Header Files</Filter>
    </ClInclude>
    <ClInclude Include="PreAiCheckpointModel.h">
      <Filter>Header Files</Filter>
    </ClInclude>
    <ClInclude Include="ProgressEventParser.h">
      <Filter>Header Files</Filter>
    </ClInclude>
    <ClInclude Include="RngCore.h">
      <Filter>Header Files</Filter>
    </ClInclude>
    <ClInclude Include="RngModel.h">
      <Filter>Header Files</Filter>
    </ClInclude>
    <ClInclude Include="SoldierActionExecutionModel.h">
      <Filter>Header Files</Filter>
    </ClInclude>
    <ClInclude Include="SoldierAiModel.h">
      <Filter>Header Files</Filter>
    </ClInclude>
    <ClInclude Include="SoaQSortModel.h">
      <Filter>Header Files</Filter>
    </ClInclude>
    <ClInclude Include="SstActionCommandCheckpointModel.h">
      <Filter>Header Files</Filter>
    </ClInclude>
    <ClInclude Include="TurnOrderCheckpointModel.h">
      <Filter>Header Files</Filter>
    </ClInclude>
    <ClInclude Include="TurnOrderModel.h">
      <Filter>Header Files</Filter>
    </ClInclude>
    <ClInclude Include="TraceJob.h">
      <Filter>Header Files</Filter>
    </ClInclude>
  </ItemGroup>
</Project>
