<?xml version="1.0" encoding="utf-8"?>
<Project ToolsVersion="4.0" xmlns="http://schemas.microsoft.com/developer/msbuild/2003">
  <ItemGroup>
    <Filter Include="Source Files">
      <UniqueIdentifier>{4FC737F1-C7A5-4376-A066-2A32D752A2FF}</UniqueIdentifier>
      <Extensions>cpp;c;cc;cxx;c++;cppm;ixx;def;odl;idl;hpj;bat;asm;asmx</Extensions>
    </Filter>
    <Filter Include="Header Files">
      <UniqueIdentifier>{93995380-89BD-4b04-88EB-625FBE52EBFB}</UniqueIdentifier>
      <Extensions>h;hh;hpp;hxx;h++;hm;inl;inc;ipp;xsd</Extensions>
    </Filter>
    <Filter Include="Resource Files">
      <UniqueIdentifier>{67DA6AB6-F800-4c08-8B7A-83BB121AAD01}</UniqueIdentifier>
      <Extensions>rc;ico;cur;bmp;dlg;rc2;rct;bin;rgs;gif;jpg;jpeg;jpe;resx;tiff;tif;png;wav;mfcribbon-ms</Extensions>
    </Filter>
    <Filter Include="DolphinSource">
      <UniqueIdentifier>{9dce9ab6-cd41-4554-b194-33b18b05d3c7}</UniqueIdentifier>
    </Filter>
    <Filter Include="Core">
      <UniqueIdentifier>{4abe425a-2227-44d4-9837-c8029dea08a5}</UniqueIdentifier>
    </Filter>
    <Filter Include="Runner">
      <UniqueIdentifier>{5165d966-47aa-4c8d-9ebe-cd102ccb289d}</UniqueIdentifier>
    </Filter>
    <Filter Include="Utils">
      <UniqueIdentifier>{44d5a27b-0a42-4f94-83b3-20b148da213b}</UniqueIdentifier>
    </Filter>
    <Filter Include="Runner\VM">
      <UniqueIdentifier>{1ade13ea-176c-4287-8a73-b2ec1bb22622}</UniqueIdentifier>
    </Filter>
    <Filter Include="Runner\VM\Handlers">
      <UniqueIdentifier>{67f28612-9bb0-4f10-a7ce-68df43967218}</UniqueIdentifier>
    </Filter>
    <Filter Include="Phases">
      <UniqueIdentifier>{eb879b3c-e922-4ee8-a291-4569a8483ab3}</UniqueIdentifier>
    </Filter>
    <Filter Include="Runner\Parallel">
      <UniqueIdentifier>{b647e348-4ca8-4ad9-b705-221011c4a2ab}</UniqueIdentifier>
    </Filter>
    <Filter Include="Runner\Breakpoints">
      <UniqueIdentifier>{eb90977c-bb6f-467c-9b6a-46f72e40aa63}</UniqueIdentifier>
    </Filter>
    <Filter Include="Runner\Runtime">
      <UniqueIdentifier>{8C8AD43C-1F75-4F2B-B4A4-9073D1F36E12}</UniqueIdentifier>
    </Filter>
    <Filter Include="Runner\Runtime\ProgramRuntime">
      <UniqueIdentifier>{D0CB5F69-E68D-4704-AE33-F65690A1D31B}</UniqueIdentifier>
    </Filter>
    <Filter Include="Runner\Runtime\ProgramRuntime\Actions">
      <UniqueIdentifier>{D366C7E2-F247-461A-951B-5D7D36308400}</UniqueIdentifier>
    </Filter>
    <Filter Include="Runner\Runtime\ProgramRuntime\Capabilities">
      <UniqueIdentifier>{9529360C-5326-43B5-84B4-EA45C075F9D2}</UniqueIdentifier>
    </Filter>
    <Filter Include="Runner\Runtime\ProgramRuntime\Codec">
      <UniqueIdentifier>{B667D1EE-6285-461E-B95E-3247E6E305BD}</UniqueIdentifier>
    </Filter>
    <Filter Include="Runner\Runtime\ProgramRuntime\Composition">
      <UniqueIdentifier>{6DC851BB-5148-445A-89D8-887910A7993C}</UniqueIdentifier>
    </Filter>
    <Filter Include="Runner\Runtime\ProgramRuntime\Execution">
      <UniqueIdentifier>{02A3B822-2588-45D5-BA8E-B59E40DFCEA7}</UniqueIdentifier>
    </Filter>
    <Filter Include="Runner\Runtime\ProgramRuntime\Model">
      <UniqueIdentifier>{2A66FF8E-357F-4BDF-A066-24E7437D5360}</UniqueIdentifier>
    </Filter>
    <Filter Include="Runner\Runtime\ProgramRuntime\Registry">
      <UniqueIdentifier>{D312AB25-D17B-4AA5-9067-E95B6E73B027}</UniqueIdentifier>
    </Filter>
    <Filter Include="Runner\Runtime\ProgramRuntime\Store">
      <UniqueIdentifier>{13EE6CB3-50F5-4EB6-9370-1F485012C2EE}</UniqueIdentifier>
    </Filter>
    <Filter Include="Runner\Runtime\ProgramRuntime\Verify">
      <UniqueIdentifier>{30BE24B4-B88B-45E9-A54D-6A2B638E1B58}</UniqueIdentifier>
    </Filter>
    <Filter Include="Runner\Runtime\Execution">
      <UniqueIdentifier>{6D37E415-DCB1-4519-87D5-B847CB9CE2C6}</UniqueIdentifier>
    </Filter>
    <Filter Include="Runner\Runtime\Services">
      <UniqueIdentifier>{A4EE6B27-5711-4AC6-90BC-EEC80E19B549}</UniqueIdentifier>
    </Filter>
    <Filter Include="Runner\Runtime\Services\Capture">
      <UniqueIdentifier>{F109C3DD-A529-42C4-B151-6F23B5C584B0}</UniqueIdentifier>
    </Filter>
    <Filter Include="Runner\Runtime\Services\Input">
      <UniqueIdentifier>{3C8D5EA8-E450-4317-8301-E253A5C09ECA}</UniqueIdentifier>
    </Filter>
    <Filter Include="Runner\Runtime\Services\Memory">
      <UniqueIdentifier>{0CCED849-3478-4E7D-A379-8FB05501A0A4}</UniqueIdentifier>
    </Filter>
    <Filter Include="Runner\Runtime\Services\Movie">
      <UniqueIdentifier>{22C8F2CA-00CA-43D8-9E47-EAD83A77FF35}</UniqueIdentifier>
    </Filter>
    <Filter Include="Runner\Runtime\Services\Resources">
      <UniqueIdentifier>{807B4EE5-5C21-45B9-BBFD-0137C04B20FB}</UniqueIdentifier>
    </Filter>
    <Filter Include="Runner\Runtime\Services\Screenshot">
      <UniqueIdentifier>{6A1A5678-F0C4-4FA9-A2DA-181E0ED60399}</UniqueIdentifier>
    </Filter>
    <Filter Include="Runner\Runtime\Services\Savestate">
      <UniqueIdentifier>{B1C111B7-BD6B-4558-A1DB-C74AD273789F}</UniqueIdentifier>
    </Filter>
    <Filter Include="Runner\Runtime\Services\Telemetry">
      <UniqueIdentifier>{24A7C81C-F46B-4EFB-ACCD-C3C22D205C33}</UniqueIdentifier>
    </Filter>
    <Filter Include="Runner\Runtime\StopPoints">
      <UniqueIdentifier>{2B78AB19-B4E2-4D89-8587-F64F760198B9}</UniqueIdentifier>
    </Filter>
    <Filter Include="Runner\Runtime\StopPoints\Capture">
      <UniqueIdentifier>{A4D38479-BAB6-4626-9FA8-10959979EC53}</UniqueIdentifier>
    </Filter>
    <Filter Include="Runner\Capture">
      <UniqueIdentifier>{2f795460-2d6d-4e37-9f4f-0c39b18f8c15}</UniqueIdentifier>
    </Filter>
    <Filter Include="Core\Memory">
      <UniqueIdentifier>{c909555e-6482-421c-b1e0-e0c35effd5cb}</UniqueIdentifier>
    </Filter>
    <Filter Include="Runner\VM\ContextKeys">
      <UniqueIdentifier>{8987669f-91b2-4803-8592-a9dbdfb990b4}</UniqueIdentifier>
    </Filter>
    <Filter Include="Core\Input">
      <UniqueIdentifier>{373281a5-8d14-4def-8c6e-04cf1813e308}</UniqueIdentifier>
    </Filter>
    <Filter Include="Core\Input\SoaBattle">
      <UniqueIdentifier>{64627c62-a0ea-4746-a12c-dee069c8c424}</UniqueIdentifier>
    </Filter>
    <Filter Include="Core\Memory\Soa">
      <UniqueIdentifier>{fa6ecda5-1880-4902-9743-151eefb2211a}</UniqueIdentifier>
    </Filter>
    <Filter Include="Core\Memory\Soa\Battle">
      <UniqueIdentifier>{983422ad-78e5-45fd-9b4f-833652f3ef10}</UniqueIdentifier>
    </Filter>
    <Filter Include="Core\Memory\Soa\Navigation">
      <UniqueIdentifier>{76B393B6-E810-45BF-BD4F-7B0D37740931}</UniqueIdentifier>
    </Filter>
    <Filter Include="Phases\TasMovie">
      <UniqueIdentifier>{b45cfc68-55c6-4d32-9ebf-6c99a00387fb}</UniqueIdentifier>
    </Filter>
    <Filter Include="Phases\TasFrameDetector">
      <UniqueIdentifier>{c3cc7f37-cf63-4f3b-9db5-e57c8eb60f81}</UniqueIdentifier>
    </Filter>
    <Filter Include="Phases\BattleContext">
      <UniqueIdentifier>{8b0fb7f2-30e4-415d-aa1e-d7151ae137a9}</UniqueIdentifier>
    </Filter>
    <Filter Include="Phases\BattleSingleTurn">
      <UniqueIdentifier>{34d2136a-f80d-42d2-93a0-1e9a7a856c47}</UniqueIdentifier>
    </Filter>
    <Filter Include="Phases\NavigationContext">
      <UniqueIdentifier>{f1c645aa-8d54-4fc9-b968-3e30378554ee}</UniqueIdentifier>
    </Filter>
    <Filter Include="Phases\BattleRunner">
      <UniqueIdentifier>{52936252-3c3f-4a39-88b3-6228fe8151e7}</UniqueIdentifier>
    </Filter>
    <Filter Include="Phases\SeedProbe">
      <UniqueIdentifier>{9970f495-ed71-4548-bb91-77f7142e3522}</UniqueIdentifier>
    </Filter>
    <Filter Include="Phases\BattleCompletion">
      <UniqueIdentifier>{34e2fa87-d5e5-44e8-8a62-a0f8751bf8ed}</UniqueIdentifier>
    </Filter>
    <Filter Include="Phases\BattleRecord">
      <UniqueIdentifier>{F9229072-696E-4C30-B6F5-0F67509AE25D}</UniqueIdentifier>
    </Filter>
    <Filter Include="Tas">
      <UniqueIdentifier>{3323c09c-2ff3-43bc-a6ae-4d4bb181334e}</UniqueIdentifier>
    </Filter>
    <Filter Include="Runner\Runtime\Worksets">
      <UniqueIdentifier>{53c1ad02-1d9d-4f58-a4a2-13a931f8e496}</UniqueIdentifier>
    </Filter>
  </ItemGroup>
  <ItemGroup>
    <ClInclude Include="framework.h">
      <Filter>Header Files</Filter>
    </ClInclude>
    <ClInclude Include="Core\Config\SimConfig.h">
      <Filter>Header Files</Filter>
    </ClInclude>
    <ClInclude Include="Boot\Boot.h">
      <Filter>Core</Filter>
    </ClInclude>
    <ClInclude Include="Core\DolphinWrapper.h">
      <Filter>Core</Filter>
    </ClInclude>
    <ClInclude Include="Core\PowerPcMemoryAccessDecoder.h">
      <Filter>Core</Filter>
    </ClInclude>
    <ClInclude Include="Utils\Log.h">
      <Filter>Utils</Filter>
    </ClInclude>
    <ClInclude Include="Utils\SafeEnv.h">
      <Filter>Utils</Filter>
    </ClInclude>
    <ClInclude Include="Core\Shims\StateBufferShim.h">
      <Filter>Core</Filter>
    </ClInclude>
    
    <ClInclude Include="Runner\Parallel\WorkerBootPlan.h">
      <Filter>Runner\Parallel</Filter>
    </ClInclude>
    <ClInclude Include="Utils\ThreadName.h">
      <Filter>Utils</Filter>
    </ClInclude>
    <ClInclude Include="Utils\EnsureSys.h">
      <Filter>Utils</Filter>
    </ClInclude>
    <ClInclude Include="Utils\DeltaColorizer.h">
      <Filter>Utils</Filter>
    </ClInclude>
    <ClInclude Include="Utils\MultiProgress.h">
      <Filter>Utils</Filter>
    </ClInclude>
    <ClInclude Include="Utils\ProgressBar.h">
      <Filter>Utils</Filter>
    </ClInclude>
    <ClInclude Include="Phases\RNGSeedDeltaMap.h">
      <Filter>Phases</Filter>
    </ClInclude>
    <ClInclude Include="Tas\DtmFile.h">
      <Filter>Tas</Filter>
    </ClInclude>
    
    
    
    
    
    
    
    
    
    
    
    
    
    
    
    
    
    
    
    <ClInclude Include="Utils\Time.h">
      <Filter>Utils</Filter>
    </ClInclude>
    <ClInclude Include="Runner\Breakpoints\BpRegistry.h">
      <Filter>Runner\Breakpoints</Filter>
    </ClInclude>
    <ClInclude Include="Runner\Breakpoints\BP.def.h">
      <Filter>Runner\Breakpoints</Filter>
    </ClInclude>
    <ClInclude Include="Phases\Programs\SeedProbe\SeedProbeModule.h">
      <Filter>Phases\SeedProbe</Filter>
    </ClInclude>
    <ClInclude Include="Phases\Programs\TasMovieValidation\TasMovieValidationModule.h">
      <Filter>Phases\TasMovie</Filter>
    </ClInclude>
    <ClInclude Include="Phases\Programs\TasMovieCheckpoint\TasMovieCheckpointModule.h" />
    <ClInclude Include="Phases\Programs\TasMovieInputEpoch\TasMovieInputEpochModule.h">
      <Filter>Phases\TasMovie</Filter>
    </ClInclude>
    
    
    
    
    
    <ClInclude Include="Core\Memory\Soa\Navigation\NavigationContext.h">
      <Filter>Core\Memory\Soa\Navigation</Filter>
    </ClInclude>
    <ClInclude Include="Core\Memory\Soa\Navigation\NavigationContextCodec.h">
      <Filter>Core\Memory\Soa\Navigation</Filter>
    </ClInclude>
    <ClInclude Include="Core\Memory\MemView.h">
      <Filter>Core\Memory</Filter>
    </ClInclude>
    <ClInclude Include="Core\Memory\Endian.h">
      <Filter>Core\Memory</Filter>
    </ClInclude>
    <ClInclude Include="Phases\Programs\BattleRunner\BattleOutcome.h">
      <Filter>Phases\BattleRunner</Filter>
    </ClInclude>
    <ClInclude Include="Runner\Script\ContextKeys\BattleRunnerKeys.reg.h">
      <Filter>Runner\VM\ContextKeys</Filter>
    </ClInclude>
    <ClInclude Include="Runner\Script\ContextKeys\KeyIds.h">
      <Filter>Runner\VM\ContextKeys</Filter>
    </ClInclude>
    <ClInclude Include="Runner\Script\ContextKeys\NavigationContextKeys.reg.h">
      <Filter>Runner\VM\ContextKeys</Filter>
    </ClInclude>
    <ClInclude Include="Runner\Script\ContextKeys\SeedProbeKeys.reg.h">
      <Filter>Runner\VM\ContextKeys</Filter>
    </ClInclude>
    <ClInclude Include="Runner\Script\ContextKeys\TasMovieKeys.reg.h">
      <Filter>Runner\VM\ContextKeys</Filter>
    </ClInclude>
    <ClInclude Include="Runner\Script\ContextKeys\TasFrameDetectorKeys.reg.h">
      <Filter>Runner\VM\ContextKeys</Filter>
    </ClInclude>
    <ClInclude Include="Runner\Script\ContextKeys\VMCoreKeys.reg.h">
      <Filter>Runner\VM\ContextKeys</Filter>
    </ClInclude>
    <ClInclude Include="Runner\Script\CtxRegistry.h">
      <Filter>Runner\VM</Filter>
    </ClInclude>
    <ClInclude Include="Runner\IPC\DurableWorkerTerminalEnvelope.h">
      <Filter>Runner</Filter>
    </ClInclude>
    
    <ClInclude Include="Runner\IPC\WrmsProtocol.h">
      <Filter>Runner</Filter>
    </ClInclude>
    
    <ClInclude Include="Runner\Runtime\DolphinWrapperBackend.h">
      <Filter>Runner\Runtime</Filter>
    </ClInclude>
    <ClInclude Include="Runner\Runtime\EmulationSession.h">
      <Filter>Runner\Runtime</Filter>
    </ClInclude>
    <ClInclude Include="Runner\Runtime\Execution\ExecutionControlCore.h">
      <Filter>Runner\Runtime\Execution</Filter>
    </ClInclude>
    <ClInclude Include="Runner\Runtime\Execution\ExecutionTypes.h">
      <Filter>Runner\Runtime\Execution</Filter>
    </ClInclude>
    <ClInclude Include="Runner\Runtime\Execution\HostActivityTracker.h">
      <Filter>Runner\Runtime\Execution</Filter>
    </ClInclude>
    <ClInclude Include="Runner\Runtime\Execution\IExecutionBackendPort.h">
      <Filter>Runner\Runtime\Execution</Filter>
    </ClInclude>
    <ClInclude Include="Runner\Runtime\Execution\IInputExecutionBindingPort.h">
      <Filter>Runner\Runtime\Execution</Filter>
    </ClInclude>
    <ClInclude Include="Runner\Runtime\IDolphinBackend.h">
      <Filter>Runner\Runtime</Filter>
    </ClInclude>
    <ClInclude Include="Runner\Runtime\IProgramRuntimePort.h">
      <Filter>Runner\Runtime</Filter>
    </ClInclude>
    <ClInclude Include="Runner\Runtime\ProgramRuntime\ProgramRuntime.h">
      <Filter>Runner\Runtime\ProgramRuntime</Filter>
    </ClInclude>
    <ClInclude Include="Runner\Runtime\ProgramRuntime\Actions\BoundedStopPointCpuEvaluator.h">
      <Filter>Runner\Runtime\ProgramRuntime\Actions</Filter>
    </ClInclude>
    <ClInclude Include="Runner\Runtime\ProgramRuntime\Actions\CanonicalActionPayload.h">
      <Filter>Runner\Runtime\ProgramRuntime\Actions</Filter>
    </ClInclude>
    <ClInclude Include="Runner\Runtime\ProgramRuntime\Actions\ProgramActionProtocol.h">
      <Filter>Runner\Runtime\ProgramRuntime\Actions</Filter>
    </ClInclude>
    <ClInclude Include="Runner\Runtime\ProgramRuntime\Actions\SessionProgramActionHost.h">
      <Filter>Runner\Runtime\ProgramRuntime\Actions</Filter>
    </ClInclude>
    <ClInclude Include="Runner\Runtime\ProgramRuntime\Actions\SessionResourceBindingTable.h">
      <Filter>Runner\Runtime\ProgramRuntime\Actions</Filter>
    </ClInclude>
    <ClInclude Include="Runner\Runtime\ProgramRuntime\Capabilities\SourceCapabilityPacks.h">
      <Filter>Runner\Runtime\ProgramRuntime\Capabilities</Filter>
    </ClInclude>
    <ClInclude Include="Runner\Runtime\ProgramRuntime\Capabilities\SourceReducers.h">
      <Filter>Runner\Runtime\ProgramRuntime\Capabilities</Filter>
    </ClInclude>
    <ClInclude Include="Runner\Runtime\ProgramRuntime\Codec\ProgramCodecV1.h">
      <Filter>Runner\Runtime\ProgramRuntime\Codec</Filter>
    </ClInclude>
    <ClInclude Include="Runner\Runtime\ProgramRuntime\Composition\CompositionSupport.h">
      <Filter>Runner\Runtime\ProgramRuntime\Composition</Filter>
    </ClInclude>
    <ClInclude Include="Runner\Runtime\ProgramRuntime\Composition\InteractionComposition.h">
      <Filter>Runner\Runtime\ProgramRuntime\Composition</Filter>
    </ClInclude>
    <ClInclude Include="Runner\Runtime\ProgramRuntime\Composition\BattleCompletionComposition.h">
      <Filter>Runner\Runtime\ProgramRuntime\Composition</Filter>
    </ClInclude>
    <ClInclude Include="Runner\Runtime\ProgramRuntime\Composition\BattleResultsHandler.h">
      <Filter>Runner\Runtime\ProgramRuntime\Composition</Filter>
    </ClInclude>
    <ClInclude Include="Runner\Runtime\ProgramRuntime\Composition\PredicateComposition.h">
      <Filter>Runner\Runtime\ProgramRuntime\Composition</Filter>
    </ClInclude>
    <ClInclude Include="Runner\Runtime\ProgramRuntime\Composition\InputDeliveryComposition.h">
      <Filter>Runner\Runtime\ProgramRuntime\Composition</Filter>
    </ClInclude>
    <ClInclude Include="Runner\Runtime\Predicates\PredicateExecution.h">
      <Filter>Runner\Runtime</Filter>
    </ClInclude>
    <ClInclude Include="Runner\Runtime\ProgramRuntime\Composition\SemanticObservationComposition.h">
      <Filter>Runner\Runtime\ProgramRuntime\Composition</Filter>
    </ClInclude>
    <ClInclude Include="Runner\Runtime\ProgramRuntime\Execution\ProgramExecutor.h">
      <Filter>Runner\Runtime\ProgramRuntime\Execution</Filter>
    </ClInclude>
    <ClInclude Include="Runner\Runtime\ProgramRuntime\Model\ProgramIdentifiers.h">
      <Filter>Runner\Runtime\ProgramRuntime\Model</Filter>
    </ClInclude>
    <ClInclude Include="Runner\Runtime\ProgramRuntime\Model\ProgramIr.h">
      <Filter>Runner\Runtime\ProgramRuntime\Model</Filter>
    </ClInclude>
    <ClInclude Include="Runner\Runtime\ProgramRuntime\Model\ProgramModel.h">
      <Filter>Runner\Runtime\ProgramRuntime\Model</Filter>
    </ClInclude>
    <ClInclude Include="Runner\Runtime\ProgramRuntime\Model\ProgramTypes.h">
      <Filter>Runner\Runtime\ProgramRuntime\Model</Filter>
    </ClInclude>
    <ClInclude Include="Runner\Runtime\ProgramRuntime\Model\ProgramValueArena.h">
      <Filter>Runner\Runtime\ProgramRuntime\Model</Filter>
    </ClInclude>
    <ClInclude Include="Runner\Runtime\ProgramRuntime\Registry\ActionRegistry.h">
      <Filter>Runner\Runtime\ProgramRuntime\Registry</Filter>
    </ClInclude>
    <ClInclude Include="Runner\Runtime\ProgramRuntime\Registry\CanonicalActionCatalog.h">
      <Filter>Runner\Runtime\ProgramRuntime\Registry</Filter>
    </ClInclude>
    <ClInclude Include="Runner\Runtime\ProgramRuntime\Registry\CapabilityPackRegistry.h">
      <Filter>Runner\Runtime\ProgramRuntime\Registry</Filter>
    </ClInclude>
    <ClInclude Include="Runner\Runtime\ProgramRuntime\Registry\RegistryResult.h">
      <Filter>Runner\Runtime\ProgramRuntime\Registry</Filter>
    </ClInclude>
    <ClInclude Include="Runner\Runtime\ProgramRuntime\Registry\TypeSchemaRegistry.h">
      <Filter>Runner\Runtime\ProgramRuntime\Registry</Filter>
    </ClInclude>
    <ClInclude Include="Runner\Runtime\ProgramRuntime\Store\ProgramDefinitionStore.h">
      <Filter>Runner\Runtime\ProgramRuntime\Store</Filter>
    </ClInclude>
    <ClInclude Include="Runner\Runtime\ProgramRuntime\Verify\ProgramVerifier.h">
      <Filter>Runner\Runtime\ProgramRuntime\Verify</Filter>
    </ClInclude>
    <ClInclude Include="Runner\Runtime\Progress\ProgressTypes.h">
      <Filter>Runner\Runtime</Filter>
    </ClInclude>
    <ClInclude Include="Runner\Runtime\FullPhase\FullPhaseProgram.h">
      <Filter>Runner\Runtime</Filter>
    </ClInclude>
    <ClInclude Include="Runner\Runtime\RuntimeTypes.h">
      <Filter>Runner\Runtime</Filter>
    </ClInclude>
    <ClInclude Include="Runner\Runtime\Services\Artifacts\RuntimeArtifactSink.h">
      <Filter>Runner\Runtime</Filter>
    </ClInclude>
    <ClInclude Include="Runner\Runtime\Services\Capture\CaptureService.h">
      <Filter>Runner\Runtime\Services\Capture</Filter>
    </ClInclude>
    <ClInclude Include="Runner\Runtime\Services\Capture\ICaptureBackendPort.h">
      <Filter>Runner\Runtime\Services\Capture</Filter>
    </ClInclude>
    <ClInclude Include="Runner\Runtime\Services\Input\IInputBackendPort.h">
      <Filter>Runner\Runtime\Services\Input</Filter>
    </ClInclude>
    <ClInclude Include="Runner\Runtime\Services\Input\InputArbiter.h">
      <Filter>Runner\Runtime\Services\Input</Filter>
    </ClInclude>
    <ClInclude Include="Runner\Runtime\Services\Memory\GuestMemory.h">
      <Filter>Runner\Runtime\Services\Memory</Filter>
    </ClInclude>
    <ClInclude Include="Runner\Runtime\Services\Memory\GuestMutationService.h">
      <Filter>Runner\Runtime\Services\Memory</Filter>
    </ClInclude>
    <ClInclude Include="Runner\Runtime\Services\Memory\IGuestMemoryBackendPort.h">
      <Filter>Runner\Runtime\Services\Memory</Filter>
    </ClInclude>
    <ClInclude Include="Runner\Runtime\Services\Memory\IHitTimeGuestMemoryBackendPort.h">
      <Filter>Runner\Runtime\Services\Memory</Filter>
    </ClInclude>
    <ClInclude Include="Runner\Runtime\Services\Movie\IMovieBackendPort.h">
      <Filter>Runner\Runtime\Services\Movie</Filter>
    </ClInclude>
    <ClInclude Include="Runner\Runtime\Services\Movie\InputMovieReservationAdapter.h">
      <Filter>Runner\Runtime\Services\Movie</Filter>
    </ClInclude>
    <ClInclude Include="Runner\Runtime\Services\Movie\MovieService.h">
      <Filter>Runner\Runtime\Services\Movie</Filter>
    </ClInclude>
    <ClInclude Include="Runner\Runtime\Services\Movie\MovieTypes.h">
      <Filter>Runner\Runtime\Services\Movie</Filter>
    </ClInclude>
    <ClInclude Include="Runner\Runtime\Services\Resources\SessionResourceLedger.h">
      <Filter>Runner\Runtime\Services\Resources</Filter>
    </ClInclude>
    <ClInclude Include="Runner\Runtime\Services\Screenshot\IScreenshotBackendPort.h">
      <Filter>Runner\Runtime\Services\Screenshot</Filter>
    </ClInclude>
    <ClInclude Include="Runner\Runtime\Services\Screenshot\ScreenshotService.h">
      <Filter>Runner\Runtime\Services\Screenshot</Filter>
    </ClInclude>
    <ClInclude Include="Runner\Runtime\Services\Visual\IVisualMessageBackendPort.h">
      <Filter>Runner\Runtime</Filter>
    </ClInclude>
    <ClInclude Include="Runner\Runtime\Services\Visual\SessionVisualMessageService.h">
      <Filter>Runner\Runtime</Filter>
    </ClInclude>
    <ClInclude Include="Runner\Runtime\Services\Savestate\ISavestateBackendPort.h">
      <Filter>Runner\Runtime\Services\Savestate</Filter>
    </ClInclude>
    <ClInclude Include="Runner\Runtime\Services\Savestate\SessionSavestateBackendAdapter.h">
      <Filter>Runner\Runtime\Services\Savestate</Filter>
    </ClInclude>
    <ClInclude Include="Runner\Runtime\Services\Savestate\SavestateService.h">
      <Filter>Runner\Runtime\Services\Savestate</Filter>
    </ClInclude>
    <ClInclude Include="Runner\Runtime\Services\Savestate\SavestateTypes.h">
      <Filter>Runner\Runtime\Services\Savestate</Filter>
    </ClInclude>
    <ClInclude Include="Runner\Runtime\Services\Telemetry\TelemetryBus.h">
      <Filter>Runner\Runtime\Services\Telemetry</Filter>
    </ClInclude>
    <ClInclude Include="Runner\Runtime\StopPoints\IPhysicalStopPointBackendPort.h">
      <Filter>Runner\Runtime\StopPoints</Filter>
    </ClInclude>
    <ClInclude Include="Runner\Runtime\StopPoints\PhysicalStopPointManager.h">
      <Filter>Runner\Runtime\StopPoints</Filter>
    </ClInclude>
    <ClInclude Include="Runner\Runtime\StopPoints\Capture\ProbeRouterAdapter.h">
      <Filter>Runner\Runtime\StopPoints\Capture</Filter>
    </ClInclude>
    <ClInclude Include="Runner\Runtime\StopPoints\StopPointRouter.h">
      <Filter>Runner\Runtime\StopPoints</Filter>
    </ClInclude>
    <ClInclude Include="Runner\Runtime\StopPoints\StopPointTypes.h">
      <Filter>Runner\Runtime\StopPoints</Filter>
    </ClInclude>
    <ClInclude Include="Runner\Runtime\WorkerRuntime.h">
      <Filter>Runner\Runtime</Filter>
    </ClInclude>
    <ClInclude Include="Runner\Runtime\Worksets\ProgramBaseline.h">
      <Filter>Runner\Runtime\Worksets</Filter>
    </ClInclude>
    <ClInclude Include="Runner\Runtime\Worksets\SavestateArtifactFinalizer.h">
      <Filter>Runner\Runtime\Worksets</Filter>
    </ClInclude>
    <ClInclude Include="Runner\Runtime\Worksets\WorkerCompletionLedger.h">
      <Filter>Runner\Runtime\Worksets</Filter>
    </ClInclude>
    <ClInclude Include="Runner\Runtime\Worksets\WorksetTypes.h">
      <Filter>Runner\Runtime\Worksets</Filter>
    </ClInclude>
    <ClInclude Include="Runner\Runtime\DerivedState\DerivedStateTypes.h">
      <Filter>Runner\Runtime</Filter>
    </ClInclude>
    <ClInclude Include="Runner\Runtime\DerivedState\DerivedStateRegistry.h">
      <Filter>Runner\Runtime</Filter>
    </ClInclude>
    <ClInclude Include="Runner\Runtime\DerivedState\BattleCoreDerivedState.h">
      <Filter>Runner\Runtime</Filter>
    </ClInclude>
    <ClInclude Include="Runner\Runtime\DerivedState\DerivedStateService.h">
      <Filter>Runner\Runtime</Filter>
    </ClInclude>
    <ClInclude Include="Runner\Runtime\Worksets\WorksetStager.h">
      <Filter>Runner\Runtime\Worksets</Filter>
    </ClInclude>
    <ClInclude Include="Runner\Runtime\Worksets\WorksetWireCodec.h">
      <Filter>Runner\Runtime\Worksets</Filter>
    </ClInclude>
    <ClInclude Include="Core\Input\GCInputFrame.h">
      <Filter>Core\Input</Filter>
    </ClInclude>
    <ClInclude Include="Core\Input\GCInputFrameFmt.h">
      <Filter>Core\Input</Filter>
    </ClInclude>
    <ClInclude Include="Core\Input\GCPadOverride.h">
      <Filter>Core\Input</Filter>
    </ClInclude>
    <ClInclude Include="Core\Input\SoaBattle\ActionTypes.h">
      <Filter>Core\Input\SoaBattle</Filter>
    </ClInclude>
    <ClInclude Include="Core\Input\SoaBattle\BattleCommandPreparation.h">
      <Filter>Core\Input\SoaBattle</Filter>
    </ClInclude>
    <ClInclude Include="Core\Input\SoaBattle\BattlePlanValidation.h">
      <Filter>Core\Input\SoaBattle</Filter>
    </ClInclude>
    <ClInclude Include="Core\Input\SoaBattle\ActionPlanSerializer.h">
      <Filter>Core\Input\SoaBattle</Filter>
    </ClInclude>
    <ClInclude Include="Core\Input\SoaBattle\BattleCommandCodec.h">
      <Filter>Core\Input\SoaBattle</Filter>
    </ClInclude>
    <ClInclude Include="Core\Memory\Soa\SoaAddr.def.h">
      <Filter>Core\Memory\Soa</Filter>
    </ClInclude>
    <ClInclude Include="Core\Memory\Soa\SoaAddrRegistry.h">
      <Filter>Core\Memory\Soa</Filter>
    </ClInclude>
    <ClInclude Include="Core\Memory\Soa\SoaConstants.h">
      <Filter>Core\Memory\Soa</Filter>
    </ClInclude>
    <ClInclude Include="Core\Memory\Soa\SoaStructReaders.h">
      <Filter>Core\Memory\Soa</Filter>
    </ClInclude>
    <ClInclude Include="Core\Memory\Soa\SoaStructs.h">
      <Filter>Core\Memory\Soa</Filter>
    </ClInclude>
    <ClInclude Include="Core\Memory\Soa\SoaStructs.reflect.h">
      <Filter>Core\Memory\Soa</Filter>
    </ClInclude>
    <ClInclude Include="Core\Memory\Soa\Battle\BattleContext.h">
      <Filter>Core\Memory\Soa\Battle</Filter>
    </ClInclude>
    <ClInclude Include="Core\Memory\Soa\Battle\BattleContextCodec.h">
      <Filter>Core\Memory\Soa\Battle</Filter>
    </ClInclude>
    <ClInclude Include="Core\Memory\IKeyReader.h">
      <Filter>Core\Memory</Filter>
    </ClInclude>
    <ClInclude Include="Runner\Script\PSContext.h">
      <Filter>Runner\VM</Filter>
    </ClInclude>
    <ClInclude Include="Core\Memory\Soa\SoaAddrProgram.h">
      <Filter>Core\Memory\Soa</Filter>
    </ClInclude>
    <ClInclude Include="Core\Memory\Soa\SoaAddrProgramBuilder.h">
      <Filter>Core\Memory\Soa</Filter>
    </ClInclude>
    <ClInclude Include="Core\Memory\Soa\SoaAddrCatalog.h">
      <Filter>Core\Memory\Soa</Filter>
    </ClInclude>
    
    
    <ClInclude Include="Phases\Programs\BattleCompletion\BattleCompletionContracts.h">
      <Filter>Phases\BattleCompletion</Filter>
    </ClInclude>
    <ClInclude Include="Phases\Programs\BattleCompletion\BattleCompletionModule.h">
      <Filter>Phases\BattleCompletion</Filter>
    </ClInclude>
    <ClInclude Include="Phases\Programs\BattleRecord\BattleRecordModule.h">
      <Filter>Phases\BattleRecord</Filter>
    </ClInclude>
    <ClInclude Include="Phases\Programs\BattleRecord\BattleReplayModule.h">
      <Filter>Phases\BattleRecord</Filter>
    </ClInclude>
    <ClInclude Include="Phases\Programs\BattleContext\BattleContextModule.h">
      <Filter>Phases\BattleContext</Filter>
    </ClInclude>
    <ClInclude Include="Phases\Programs\BattleSingleTurn\BattleSingleTurnModule.h">
      <Filter>Phases\BattleSingleTurn</Filter>
    </ClInclude>
    <ClInclude Include="Utils\Hash.h">
      <Filter>Utils</Filter>
    </ClInclude>
    <ClInclude Include="Utils\IniKV.h">
      <Filter>Utils</Filter>
    </ClInclude>
    <ClInclude Include="Utils\IniDoc.h">
      <Filter>Utils</Filter>
    </ClInclude>
    <ClInclude Include="Utils\Hex.h">
      <Filter>Utils</Filter>
    </ClInclude>
    <ClInclude Include="Utils\Base64.h">
      <Filter>Utils</Filter>
    </ClInclude>
    <ClInclude Include="Utils\ModulePath.h">
      <Filter>Utils</Filter>
    </ClInclude>
    
    
    <ClInclude Include="Runner\Symbols\RuntimeSymbolRegistry.h">
      <Filter>Runner\VM</Filter>
    </ClInclude>
    <ClInclude Include="Utils\String.h">
      <Filter>Utils</Filter>
    </ClInclude>
    <ClInclude Include="Tas\DtmAnnotationFile.h">
      <Filter>Header Files</Filter>
    </ClInclude>
  </ItemGroup>
  <ItemGroup>
    <ClCompile Include="Core\Config\SimConfig.cpp">
      <Filter>Source Files</Filter>
    </ClCompile>
    <ClCompile Include="Boot\Boot.cpp">
      <Filter>Core</Filter>
    </ClCompile>
    <ClCompile Include="Core\DolphinWrapper.cpp">
      <Filter>Core</Filter>
    </ClCompile>
    <ClCompile Include="Core\PowerPcMemoryAccessDecoder.cpp">
      <Filter>Core</Filter>
    </ClCompile>
    <ClCompile Include="Core\HostStubs.cpp">
      <Filter>Core</Filter>
    </ClCompile>
    <ClCompile Include="Utils\Log.cpp">
      <Filter>Utils</Filter>
    </ClCompile>
    <ClCompile Include="Utils\SafeEnv.cpp">
      <Filter>Utils</Filter>
    </ClCompile>
    <ClCompile Include="Core\Shims\StateBufferShim.cpp">
      <Filter>Core</Filter>
    </ClCompile>
    <ClCompile Include="Utils\EnsureSys.cpp">
      <Filter>Utils</Filter>
    </ClCompile>
    <ClCompile Include="Utils\ProgressBar.cpp">
      <Filter>Utils</Filter>
    </ClCompile>
    <ClCompile Include="Utils\MultiProgress.cpp">
      <Filter>Utils</Filter>
    </ClCompile>
    <ClCompile Include="Phases\RNGSeedDeltaMap.cpp">
      <Filter>Phases</Filter>
    </ClCompile>
    <ClCompile Include="Tas\DtmFile.cpp">
      <Filter>Tas</Filter>
    </ClCompile>
    
    
    
    
    
    
    
    
    
    
    
    <ClCompile Include="Core\Memory\Soa\Navigation\NavigationContextCodec.cpp">
      <Filter>Core\Memory\Soa\Navigation</Filter>
    </ClCompile>
    
    
    
    
    
    
    
    
    <ClCompile Include="Runner\IPC\DurableWorkerTerminalEnvelope.cpp">
      <Filter>Runner</Filter>
    </ClCompile>
    
    <ClCompile Include="Runner\IPC\WrmsProtocol.cpp">
      <Filter>Runner</Filter>
    </ClCompile>
    <ClCompile Include="Runner\Runtime\DolphinWrapperBackend.cpp">
      <Filter>Runner\Runtime</Filter>
    </ClCompile>
    <ClCompile Include="Runner\Runtime\EmulationSession.cpp">
      <Filter>Runner\Runtime</Filter>
    </ClCompile>
    <ClCompile Include="Runner\Runtime\ProgramRuntime\ProgramRuntime.cpp">
      <Filter>Runner\Runtime\ProgramRuntime</Filter>
    </ClCompile>
    <ClCompile Include="Runner\Runtime\ProgramRuntime\Actions\BoundedStopPointCpuEvaluator.cpp">
      <Filter>Runner\Runtime\ProgramRuntime\Actions</Filter>
    </ClCompile>
    <ClCompile Include="Runner\Runtime\ProgramRuntime\Actions\CanonicalActionPayload.cpp">
      <Filter>Runner\Runtime\ProgramRuntime\Actions</Filter>
    </ClCompile>
    <ClCompile Include="Runner\Runtime\ProgramRuntime\Actions\SessionProgramActionHost.cpp">
      <Filter>Runner\Runtime\ProgramRuntime\Actions</Filter>
    </ClCompile>
    <ClCompile Include="Runner\Runtime\ProgramRuntime\Actions\SessionResourceBindingTable.cpp">
      <Filter>Runner\Runtime\ProgramRuntime\Actions</Filter>
    </ClCompile>
    <ClCompile Include="Runner\Runtime\ProgramRuntime\Capabilities\SourceCapabilityPacks.cpp">
      <Filter>Runner\Runtime\ProgramRuntime\Capabilities</Filter>
    </ClCompile>
    <ClCompile Include="Runner\Runtime\ProgramRuntime\Capabilities\SourceReducers.cpp">
      <Filter>Runner\Runtime\ProgramRuntime\Capabilities</Filter>
    </ClCompile>
    <ClCompile Include="Runner\Runtime\ProgramRuntime\Codec\ProgramCodecV1.cpp">
      <Filter>Runner\Runtime\ProgramRuntime\Codec</Filter>
    </ClCompile>
    <ClCompile Include="Runner\Runtime\ProgramRuntime\Composition\CompositionSupport.cpp">
      <Filter>Runner\Runtime\ProgramRuntime\Composition</Filter>
    </ClCompile>
    <ClCompile Include="Runner\Runtime\ProgramRuntime\Composition\InteractionComposition.cpp">
      <Filter>Runner\Runtime\ProgramRuntime\Composition</Filter>
    </ClCompile>
    <ClCompile Include="Runner\Runtime\ProgramRuntime\Composition\BattleCompletionComposition.cpp">
      <Filter>Runner\Runtime\ProgramRuntime\Composition</Filter>
    </ClCompile>
    <ClCompile Include="Runner\Runtime\ProgramRuntime\Composition\BattleResultsHandler.cpp">
      <Filter>Runner\Runtime\ProgramRuntime\Composition</Filter>
    </ClCompile>
    <ClCompile Include="Runner\Runtime\ProgramRuntime\Composition\PredicateComposition.cpp">
      <Filter>Runner\Runtime\ProgramRuntime\Composition</Filter>
    </ClCompile>
    <ClCompile Include="Runner\Runtime\ProgramRuntime\Composition\InputDeliveryComposition.cpp">
      <Filter>Runner\Runtime\ProgramRuntime\Composition</Filter>
    </ClCompile>
    <ClCompile Include="Runner\Runtime\Predicates\PredicateExecution.cpp">
      <Filter>Runner\Runtime</Filter>
    </ClCompile>
    <ClCompile Include="Runner\Runtime\ProgramRuntime\Composition\SemanticObservationComposition.cpp">
      <Filter>Runner\Runtime\ProgramRuntime\Composition</Filter>
    </ClCompile>
    <ClCompile Include="Runner\Runtime\ProgramRuntime\Execution\ProgramExecutor.cpp">
      <Filter>Runner\Runtime\ProgramRuntime\Execution</Filter>
    </ClCompile>
    <ClCompile Include="Runner\Runtime\ProgramRuntime\Model\ProgramIdentifiers.cpp">
      <Filter>Runner\Runtime\ProgramRuntime\Model</Filter>
    </ClCompile>
    <ClCompile Include="Runner\Runtime\ProgramRuntime\Model\ProgramValueArena.cpp">
      <Filter>Runner\Runtime\ProgramRuntime\Model</Filter>
    </ClCompile>
    <ClCompile Include="Runner\Runtime\ProgramRuntime\Registry\ActionRegistry.cpp">
      <Filter>Runner\Runtime\ProgramRuntime\Registry</Filter>
    </ClCompile>
    <ClCompile Include="Runner\Runtime\ProgramRuntime\Registry\CanonicalActionCatalog.cpp">
      <Filter>Runner\Runtime\ProgramRuntime\Registry</Filter>
    </ClCompile>
    <ClCompile Include="Runner\Runtime\ProgramRuntime\Registry\CapabilityPackRegistry.cpp">
      <Filter>Runner\Runtime\ProgramRuntime\Registry</Filter>
    </ClCompile>
    <ClCompile Include="Runner\Runtime\ProgramRuntime\Registry\TypeSchemaRegistry.cpp">
      <Filter>Runner\Runtime\ProgramRuntime\Registry</Filter>
    </ClCompile>
    <ClCompile Include="Runner\Runtime\ProgramRuntime\Store\ProgramDefinitionStore.cpp">
      <Filter>Runner\Runtime\ProgramRuntime\Store</Filter>
    </ClCompile>
    <ClCompile Include="Runner\Runtime\ProgramRuntime\Verify\ProgramVerifier.cpp">
      <Filter>Runner\Runtime\ProgramRuntime\Verify</Filter>
    </ClCompile>
    <ClCompile Include="Runner\Runtime\Progress\ProgressTypes.cpp">
      <Filter>Runner\Runtime</Filter>
    </ClCompile>
    <ClCompile Include="Runner\Runtime\Execution\ExecutionControlCore.cpp">
      <Filter>Runner\Runtime\Execution</Filter>
    </ClCompile>
    <ClCompile Include="Runner\Runtime\Services\Capture\CaptureService.cpp">
      <Filter>Runner\Runtime\Services\Capture</Filter>
    </ClCompile>
    <ClCompile Include="Runner\Runtime\Services\Capture\ICaptureBackendPort.cpp">
      <Filter>Runner\Runtime\Services\Capture</Filter>
    </ClCompile>
    <ClCompile Include="Runner\Runtime\Services\Input\InputArbiter.cpp">
      <Filter>Runner\Runtime\Services\Input</Filter>
    </ClCompile>
    <ClCompile Include="Runner\Runtime\Services\Memory\GuestMemory.cpp">
      <Filter>Runner\Runtime\Services\Memory</Filter>
    </ClCompile>
    <ClCompile Include="Runner\Runtime\Services\Memory\GuestMutationService.cpp">
      <Filter>Runner\Runtime\Services\Memory</Filter>
    </ClCompile>
    <ClCompile Include="Runner\Runtime\Services\Movie\InputMovieReservationAdapter.cpp">
      <Filter>Runner\Runtime\Services\Movie</Filter>
    </ClCompile>
    <ClCompile Include="Runner\Runtime\Services\Movie\MovieService.cpp">
      <Filter>Runner\Runtime\Services\Movie</Filter>
    </ClCompile>
    <ClCompile Include="Runner\Runtime\Services\Resources\SessionResourceLedger.cpp">
      <Filter>Runner\Runtime\Services\Resources</Filter>
    </ClCompile>
    <ClCompile Include="Runner\Runtime\Services\Screenshot\ScreenshotService.cpp">
      <Filter>Runner\Runtime\Services\Screenshot</Filter>
    </ClCompile>
    <ClCompile Include="Runner\Runtime\Services\Visual\SessionVisualMessageService.cpp">
      <Filter>Runner\Runtime</Filter>
    </ClCompile>
    <ClCompile Include="Runner\Runtime\Services\Savestate\SessionSavestateBackendAdapter.cpp">
      <Filter>Runner\Runtime\Services\Savestate</Filter>
    </ClCompile>
    <ClCompile Include="Runner\Runtime\Services\Savestate\SavestateService.cpp">
      <Filter>Runner\Runtime\Services\Savestate</Filter>
    </ClCompile>
    <ClCompile Include="Runner\Runtime\Services\Telemetry\TelemetryBus.cpp">
      <Filter>Runner\Runtime\Services\Telemetry</Filter>
    </ClCompile>
    <ClCompile Include="Runner\Runtime\StopPoints\Capture\ProbeRouterAdapter.cpp">
      <Filter>Runner\Runtime\StopPoints\Capture</Filter>
    </ClCompile>
    <ClCompile Include="Runner\Runtime\StopPoints\PhysicalStopPointManager.cpp">
      <Filter>Runner\Runtime\StopPoints</Filter>
    </ClCompile>
    <ClCompile Include="Runner\Runtime\StopPoints\StopPointRouter.cpp">
      <Filter>Runner\Runtime\StopPoints</Filter>
    </ClCompile>
    <ClCompile Include="Runner\Runtime\WorkerRuntime.cpp">
      <Filter>Runner\Runtime</Filter>
    </ClCompile>
    <ClCompile Include="Runner\Runtime\FullPhase\FullPhaseProgram.cpp">
      <Filter>Runner\Runtime</Filter>
    </ClCompile>
    <ClCompile Include="Runner\Runtime\Worksets\ProgramBaseline.cpp">
      <Filter>Runner\Runtime\Worksets</Filter>
    </ClCompile>
    <ClCompile Include="Runner\Runtime\Worksets\SavestateArtifactFinalizer.cpp">
      <Filter>Runner\Runtime\Worksets</Filter>
    </ClCompile>
    <ClCompile Include="Runner\Runtime\Worksets\WorkerCompletionLedger.cpp">
      <Filter>Runner\Runtime\Worksets</Filter>
    </ClCompile>
    <ClCompile Include="Runner\Runtime\Worksets\WorksetTypes.cpp">
      <Filter>Runner\Runtime\Worksets</Filter>
    </ClCompile>
    <ClCompile Include="Runner\Runtime\DerivedState\DerivedStateTypes.cpp">
      <Filter>Runner\Runtime</Filter>
    </ClCompile>
    <ClCompile Include="Runner\Runtime\DerivedState\DerivedStateRegistry.cpp">
      <Filter>Runner\Runtime</Filter>
    </ClCompile>
    <ClCompile Include="Runner\Runtime\DerivedState\DerivedStateService.cpp">
      <Filter>Runner\Runtime</Filter>
    </ClCompile>
    <ClCompile Include="Runner\Runtime\Worksets\WorksetStager.cpp">
      <Filter>Runner\Runtime\Worksets</Filter>
    </ClCompile>
    <ClCompile Include="Runner\Runtime\Worksets\WorksetWireCodec.cpp">
      <Filter>Runner\Runtime\Worksets</Filter>
    </ClCompile>
    
    <ClCompile Include="Runner\Breakpoints\BpRegistry.cpp">
      <Filter>Runner\Breakpoints</Filter>
    </ClCompile>
    <ClCompile Include="Phases\Programs\SeedProbe\SeedProbeModule.cpp">
      <Filter>Phases\SeedProbe</Filter>
    </ClCompile>
    <ClCompile Include="Phases\Programs\TasMovieValidation\TasMovieValidationModule.cpp">
      <Filter>Phases\TasMovie</Filter>
    </ClCompile>
    <ClCompile Include="Phases\Programs\TasMovieCheckpoint\TasMovieCheckpointModule.cpp" />
    <ClCompile Include="Phases\Programs\TasMovieInputEpoch\TasMovieInputEpochCodecs.cpp">
      <Filter>Phases\TasMovie</Filter>
    </ClCompile>
    <ClCompile Include="Phases\Programs\TasMovieInputEpoch\TasMovieInputEpochModule.cpp">
      <Filter>Phases\TasMovie</Filter>
    </ClCompile>
    
    <ClCompile Include="Runner\Script\CtxRegistry.cpp">
      <Filter>Runner\VM</Filter>
    </ClCompile>
    <ClCompile Include="Runner\Symbols\RuntimeSymbolRegistry.cpp">
      <Filter>Runner\VM</Filter>
    </ClCompile>
    <ClCompile Include="Core\Input\GCInputFrameFmt.cpp">
      <Filter>Core\Input</Filter>
    </ClCompile>
    <ClCompile Include="Core\Input\GCPadOverride.cpp">
      <Filter>Core\Input</Filter>
    </ClCompile>
    <ClCompile Include="Core\Input\SoaBattle\BattlePlanValidation.cpp">
      <Filter>Core\Input\SoaBattle</Filter>
    </ClCompile>
    <ClCompile Include="Core\Input\SoaBattle\ActionPlanSerializer.cpp">
      <Filter>Core\Input\SoaBattle</Filter>
    </ClCompile>
    <ClCompile Include="Core\Input\SoaBattle\BattleCommandCodec.cpp">
      <Filter>Core\Input\SoaBattle</Filter>
    </ClCompile>
    <ClCompile Include="Core\Memory\Soa\SoaAddrRegistry.cpp">
      <Filter>Core\Memory\Soa</Filter>
    </ClCompile>
    <ClCompile Include="Core\Memory\Soa\Battle\BattleContextCodec.cpp">
      <Filter>Core\Memory\Soa\Battle</Filter>
    </ClCompile>
    <ClCompile Include="Core\Memory\Soa\SoaAddrProgram.cpp">
      <Filter>Core\Memory\Soa</Filter>
    </ClCompile>
    <ClCompile Include="Core\Memory\Soa\SoaAddrProgramBuilder.cpp">
      <Filter>Core\Memory\Soa</Filter>
    </ClCompile>
    <ClCompile Include="Core\Memory\Soa\SoaAddrCatalog.cpp">
      <Filter>Core\Memory\Soa</Filter>
    </ClCompile>
    
    
    <ClCompile Include="Phases\Programs\BattleCompletion\BattleCompletionContracts.cpp">
      <Filter>Phases\BattleCompletion</Filter>
    </ClCompile>
    <ClCompile Include="Phases\Programs\BattleCompletion\BattleCompletionModule.cpp">
      <Filter>Phases\BattleCompletion</Filter>
    </ClCompile>
    <ClCompile Include="Phases\Programs\BattleRecord\BattleRecordContracts.cpp">
      <Filter>Phases\BattleRecord</Filter>
    </ClCompile>
    <ClCompile Include="Phases\Programs\BattleRecord\BattleRecordModule.cpp">
      <Filter>Phases\BattleRecord</Filter>
    </ClCompile>
    <ClCompile Include="Phases\Programs\BattleContext\BattleContextModule.cpp">
      <Filter>Phases\BattleContext</Filter>
    </ClCompile>
    <ClCompile Include="Phases\Programs\BattleSingleTurn\BattleSingleTurnModule.cpp">
      <Filter>Phases\BattleSingleTurn</Filter>
    </ClCompile>
    
    
    
    
    
    
    
    
    
    
    
    
    
    
    
    
    
    
    
    
    
    
    
    
    
    
    
    
    
    
    
    
    
    
    
    
    
    
    
    
    
    
    
    
    
    
    
    
    
    
    
    
    
    
    
    
    
    
    
    
    
    
    
    
    <ClCompile Include="Tas\DtmAnnotationFile.cpp">
      <Filter>Source Files</Filter>
    </ClCompile>
  </ItemGroup>
  <ItemGroup>
    <None Include="Interesting SOA Addresses.md" />
    <None Include="_TODO.md" />
    <None Include="Utils\soa_struct_reflector.py">
      <Filter>Utils</Filter>
    </None>
  </ItemGroup>
</Project>
