<?xml version="1.0" encoding="utf-8"?>
<Project ToolsVersion="4.0" xmlns="http://schemas.microsoft.com/developer/msbuild/2003">
  <ItemGroup>
    <Filter Include="Source Files">
      <UniqueIdentifier>{4FC737F1-C7A5-4376-A066-2A32D752A2FF}</UniqueIdentifier>
      <Extensions>cpp;c;cc;cxx;c++;cppm;ixx;def;odl;idl;hpj;bat;asm;asmx</Extensions>
    </Filter>
    <Filter Include="Header Files">
      <UniqueIdentifier>{93995380-89BD-4b04-88EB-625FBE52EBFB}</UniqueIdentifier>
      <Extensions>h;hh;hpp;hxx;h++;hm;inl;inc;ipp;xsd</Extensions>
    </Filter>
    <Filter Include="Resource Files">
      <UniqueIdentifier>{67DA6AB6-F800-4c08-8B7A-83BB121AAD01}</UniqueIdentifier>
      <Extensions>rc;ico;cur;bmp;dlg;rc2;rct;bin;rgs;gif;jpg;jpeg;jpe;resx;tiff;tif;png;wav;mfcribbon-ms</Extensions>
    </Filter>
    <Filter Include="DolphinSource">
      <UniqueIdentifier>{9dce9ab6-cd41-4554-b194-33b18b05d3c7}</UniqueIdentifier>
    </Filter>
    <Filter Include="Core">
      <UniqueIdentifier>{4abe425a-2227-44d4-9837-c8029dea08a5}</UniqueIdentifier>
    </Filter>
    <Filter Include="Runner">
      <UniqueIdentifier>{5165d966-47aa-4c8d-9ebe-cd102ccb289d}</UniqueIdentifier>
    </Filter>
    <Filter Include="Utils">
      <UniqueIdentifier>{44d5a27b-0a42-4f94-83b3-20b148da213b}</UniqueIdentifier>
    </Filter>
    <Filter Include="Runner\VM">
      <UniqueIdentifier>{1ade13ea-176c-4287-8a73-b2ec1bb22622}</UniqueIdentifier>
    </Filter>
    <Filter Include="Runner\VM\Handlers">
      <UniqueIdentifier>{67f28612-9bb0-4f10-a7ce-68df43967218}</UniqueIdentifier>
    </Filter>
    <Filter Include="Runner\InputMacro">
      <UniqueIdentifier>{d553c798-a9f8-4633-b1c0-b9beaf13f253}</UniqueIdentifier>
    </Filter>
    <Filter Include="Runner\InputMacro\Providers">
      <UniqueIdentifier>{5461c675-31c9-43ee-91cc-96902953033f}</UniqueIdentifier>
    </Filter>
    <Filter Include="Phases">
      <UniqueIdentifier>{eb879b3c-e922-4ee8-a291-4569a8483ab3}</UniqueIdentifier>
    </Filter>
    <Filter Include="Runner\Parallel">
      <UniqueIdentifier>{b647e348-4ca8-4ad9-b705-221011c4a2ab}</UniqueIdentifier>
    </Filter>
    <Filter Include="Runner\Breakpoints">
      <UniqueIdentifier>{eb90977c-bb6f-467c-9b6a-46f72e40aa63}</UniqueIdentifier>
    </Filter>
    <Filter Include="Runner\Capture">
      <UniqueIdentifier>{2f795460-2d6d-4e37-9f4f-0c39b18f8c15}</UniqueIdentifier>
    </Filter>
    <Filter Include="Core\Memory">
      <UniqueIdentifier>{c909555e-6482-421c-b1e0-e0c35effd5cb}</UniqueIdentifier>
    </Filter>
    <Filter Include="Runner\VM\ContextKeys">
      <UniqueIdentifier>{8987669f-91b2-4803-8592-a9dbdfb990b4}</UniqueIdentifier>
    </Filter>
    <Filter Include="Core\Input">
      <UniqueIdentifier>{373281a5-8d14-4def-8c6e-04cf1813e308}</UniqueIdentifier>
    </Filter>
    <Filter Include="Core\Input\SoaBattle">
      <UniqueIdentifier>{64627c62-a0ea-4746-a12c-dee069c8c424}</UniqueIdentifier>
    </Filter>
    <Filter Include="Core\Memory\Soa">
      <UniqueIdentifier>{fa6ecda5-1880-4902-9743-151eefb2211a}</UniqueIdentifier>
    </Filter>
    <Filter Include="Core\Memory\Soa\Battle">
      <UniqueIdentifier>{983422ad-78e5-45fd-9b4f-833652f3ef10}</UniqueIdentifier>
    </Filter>
    <Filter Include="Phases\TasMovie">
      <UniqueIdentifier>{b45cfc68-55c6-4d32-9ebf-6c99a00387fb}</UniqueIdentifier>
    </Filter>
    <Filter Include="Phases\TasFrameDetector">
      <UniqueIdentifier>{c3cc7f37-cf63-4f3b-9db5-e57c8eb60f81}</UniqueIdentifier>
    </Filter>
    <Filter Include="Phases\BattleContext">
      <UniqueIdentifier>{8b0fb7f2-30e4-415d-aa1e-d7151ae137a9}</UniqueIdentifier>
    </Filter>
    <Filter Include="Phases\BattleRunner">
      <UniqueIdentifier>{52936252-3c3f-4a39-88b3-6228fe8151e7}</UniqueIdentifier>
    </Filter>
    <Filter Include="Phases\SeedProbe">
      <UniqueIdentifier>{9970f495-ed71-4548-bb91-77f7142e3522}</UniqueIdentifier>
    </Filter>
    <Filter Include="Tas">
      <UniqueIdentifier>{3323c09c-2ff3-43bc-a6ae-4d4bb181334e}</UniqueIdentifier>
    </Filter>
  </ItemGroup>
  <ItemGroup>
    <ClInclude Include="framework.h">
      <Filter>Header Files</Filter>
    </ClInclude>
    <ClInclude Include="Core\Config\SimConfig.h">
      <Filter>Header Files</Filter>
    </ClInclude>
    <ClInclude Include="Boot\Boot.h">
      <Filter>Core</Filter>
    </ClInclude>
    <ClInclude Include="Core\DolphinWrapper.h">
      <Filter>Core</Filter>
    </ClInclude>
    <ClInclude Include="Core\PowerPcMemoryAccessDecoder.h">
      <Filter>Core</Filter>
    </ClInclude>
    <ClInclude Include="Utils\Log.h">
      <Filter>Utils</Filter>
    </ClInclude>
    <ClInclude Include="Utils\SafeEnv.h">
      <Filter>Utils</Filter>
    </ClInclude>
    <ClInclude Include="Core\Shims\StateBufferShim.h">
      <Filter>Core</Filter>
    </ClInclude>
    <ClInclude Include="Runner\Parallel\ParallelPhaseScriptRunnerApi.h">
      <Filter>Runner\Parallel</Filter>
    </ClInclude>
    <ClInclude Include="Runner\Parallel\WorkerBootPlan.h">
      <Filter>Runner\Parallel</Filter>
    </ClInclude>
    <ClInclude Include="Utils\ThreadName.h">
      <Filter>Utils</Filter>
    </ClInclude>
    <ClInclude Include="Utils\EnsureSys.h">
      <Filter>Utils</Filter>
    </ClInclude>
    <ClInclude Include="Utils\DeltaColorizer.h">
      <Filter>Utils</Filter>
    </ClInclude>
    <ClInclude Include="Utils\MultiProgress.h">
      <Filter>Utils</Filter>
    </ClInclude>
    <ClInclude Include="Utils\ProgressBar.h">
      <Filter>Utils</Filter>
    </ClInclude>
    <ClInclude Include="Phases\RNGSeedDeltaMap.h">
      <Filter>Phases</Filter>
    </ClInclude>
    <ClInclude Include="Tas\DtmFile.h">
      <Filter>Tas</Filter>
    </ClInclude>
    <ClInclude Include="Runner\Script\PhaseScriptVM.h">
      <Filter>Runner\VM</Filter>
    </ClInclude>
    <ClInclude Include="Runner\InputMacro\IInputMacroHost.h">
      <Filter>Runner\InputMacro</Filter>
    </ClInclude>
    <ClInclude Include="Runner\InputMacro\InputMacroPlan.h">
      <Filter>Runner\InputMacro</Filter>
    </ClInclude>
    <ClInclude Include="Runner\InputMacro\InputMacroRuntime.h">
      <Filter>Runner\InputMacro</Filter>
    </ClInclude>
    <ClInclude Include="Runner\InputMacro\Providers\BattleCommandInputMacroProvider.h">
      <Filter>Runner\InputMacro\Providers</Filter>
    </ClInclude>
    <ClInclude Include="Runner\Script\PhaseScriptOpcodeTable.inc">
      <Filter>Runner\VM</Filter>
    </ClInclude>
    <ClInclude Include="Runner\Script\PhaseScriptOpcodes.h">
      <Filter>Runner\VM</Filter>
    </ClInclude>
    <ClInclude Include="Runner\Script\PhaseScriptProgram.h">
      <Filter>Runner\VM</Filter>
    </ClInclude>
    <ClInclude Include="Runner\Script\PSContextCodec.h">
      <Filter>Runner\VM</Filter>
    </ClInclude>
    <ClInclude Include="Utils\Time.h">
      <Filter>Utils</Filter>
    </ClInclude>
    <ClInclude Include="Runner\Breakpoints\BpRegistry.h">
      <Filter>Runner\Breakpoints</Filter>
    </ClInclude>
    <ClInclude Include="Runner\Breakpoints\BP.def.h">
      <Filter>Runner\Breakpoints</Filter>
    </ClInclude>
    <ClInclude Include="Phases\Programs\BattleRunner\BattleRunnerPayload.h">
      <Filter>Phases\BattleRunner</Filter>
    </ClInclude>
    <ClInclude Include="Phases\Programs\BattleRunner\BattleRunnerScript.h">
      <Filter>Phases\BattleRunner</Filter>
    </ClInclude>
    <ClInclude Include="Phases\Programs\BattleTurnRunner\BattleTurnRunnerPayload.h">
      <Filter>Phases\BattleRunner</Filter>
    </ClInclude>
    <ClInclude Include="Phases\Programs\BattleTurnRunner\BattleTurnRunnerScript.h">
      <Filter>Phases\BattleRunner</Filter>
    </ClInclude>
    <ClInclude Include="Phases\Programs\SeedProbe\SeedProbePayload.h">
      <Filter>Phases\SeedProbe</Filter>
    </ClInclude>
    <ClInclude Include="Phases\Programs\SeedProbe\SeedProbeScript.h">
      <Filter>Phases\SeedProbe</Filter>
    </ClInclude>
    <ClInclude Include="Phases\Programs\PlayTasMovie\TasMovieScript.h">
      <Filter>Phases\TasMovie</Filter>
    </ClInclude>
    <ClInclude Include="Phases\Programs\PlayTasMovie\TasMoviePayload.h">
      <Filter>Phases\TasMovie</Filter>
    </ClInclude>
    <ClInclude Include="Phases\Programs\TasFrameDetector\TasFrameDetectorScript.h">
      <Filter>Phases\TasFrameDetector</Filter>
    </ClInclude>
    <ClInclude Include="Phases\Programs\TasFrameDetector\TasFrameDetectorPayload.h">
      <Filter>Phases\TasFrameDetector</Filter>
    </ClInclude>
    <ClInclude Include="Phases\Programs\BattleContext\BattleContextScript.h">
      <Filter>Phases\BattleContext</Filter>
    </ClInclude>
    <ClInclude Include="Core\Memory\MemView.h">
      <Filter>Core\Memory</Filter>
    </ClInclude>
    <ClInclude Include="Core\Memory\Endian.h">
      <Filter>Core\Memory</Filter>
    </ClInclude>
    <ClInclude Include="Runner\Breakpoints\Predicate.h">
      <Filter>Runner\Breakpoints</Filter>
    </ClInclude>
    <ClInclude Include="Phases\Programs\BattleRunner\BattleOutcome.h">
      <Filter>Phases\BattleRunner</Filter>
    </ClInclude>
    <ClInclude Include="Runner\Script\ContextKeys\BattleRunnerKeys.reg.h">
      <Filter>Runner\VM\ContextKeys</Filter>
    </ClInclude>
    <ClInclude Include="Runner\Script\ContextKeys\KeyIds.h">
      <Filter>Runner\VM\ContextKeys</Filter>
    </ClInclude>
    <ClInclude Include="Runner\Script\ContextKeys\SeedProbeKeys.reg.h">
      <Filter>Runner\VM\ContextKeys</Filter>
    </ClInclude>
    <ClInclude Include="Runner\Script\ContextKeys\TasMovieKeys.reg.h">
      <Filter>Runner\VM\ContextKeys</Filter>
    </ClInclude>
    <ClInclude Include="Runner\Script\ContextKeys\TasFrameDetectorKeys.reg.h">
      <Filter>Runner\VM\ContextKeys</Filter>
    </ClInclude>
    <ClInclude Include="Runner\Script\ContextKeys\VMCoreKeys.reg.h">
      <Filter>Runner\VM\ContextKeys</Filter>
    </ClInclude>
    <ClInclude Include="Runner\Script\CtxRegistry.h">
      <Filter>Runner\VM</Filter>
    </ClInclude>
    <ClInclude Include="Runner\IPC\Wire.h">
      <Filter>Runner</Filter>
    </ClInclude>
    <ClInclude Include="Runner\Parallel\PRTypes.h">
      <Filter>Runner</Filter>
    </ClInclude>
    <ClInclude Include="Core\Input\InputPlanFmt.h">
      <Filter>Core\Input</Filter>
    </ClInclude>
    <ClInclude Include="Core\Input\InputPlan.h">
      <Filter>Core\Input</Filter>
    </ClInclude>
    <ClInclude Include="Core\Input\GCPadOverride.h">
      <Filter>Core\Input</Filter>
    </ClInclude>
    <ClInclude Include="Core\Input\SoaBattle\ActionLibrary.h">
      <Filter>Core\Input\SoaBattle</Filter>
    </ClInclude>
    <ClInclude Include="Core\Input\SoaBattle\ActionTypes.h">
      <Filter>Core\Input\SoaBattle</Filter>
    </ClInclude>
    <ClInclude Include="Core\Input\SoaBattle\PlanWriter.h">
      <Filter>Core\Input\SoaBattle</Filter>
    </ClInclude>
    <ClInclude Include="Core\Input\SoaBattle\ActionPlanSerializer.h">
      <Filter>Core\Input\SoaBattle</Filter>
    </ClInclude>
    <ClInclude Include="Core\Input\SoaBattle\BattleCommandCodec.h">
      <Filter>Core\Input\SoaBattle</Filter>
    </ClInclude>
    <ClInclude Include="Core\Memory\Soa\SoaAddr.def.h">
      <Filter>Core\Memory\Soa</Filter>
    </ClInclude>
    <ClInclude Include="Core\Memory\Soa\SoaAddrRegistry.h">
      <Filter>Core\Memory\Soa</Filter>
    </ClInclude>
    <ClInclude Include="Core\Memory\Soa\SoaConstants.h">
      <Filter>Core\Memory\Soa</Filter>
    </ClInclude>
    <ClInclude Include="Core\Memory\Soa\SoaStructReaders.h">
      <Filter>Core\Memory\Soa</Filter>
    </ClInclude>
    <ClInclude Include="Core\Memory\Soa\SoaStructs.h">
      <Filter>Core\Memory\Soa</Filter>
    </ClInclude>
    <ClInclude Include="Core\Memory\Soa\SoaStructs.reflect.h">
      <Filter>Core\Memory\Soa</Filter>
    </ClInclude>
    <ClInclude Include="Core\Memory\Soa\Battle\BattleContext.h">
      <Filter>Core\Memory\Soa\Battle</Filter>
    </ClInclude>
    <ClInclude Include="Core\Memory\Soa\Battle\BattleContextCodec.h">
      <Filter>Core\Memory\Soa\Battle</Filter>
    </ClInclude>
    <ClInclude Include="Core\Memory\DerivedBase.h">
      <Filter>Core\Memory</Filter>
    </ClInclude>
    <ClInclude Include="Core\Memory\IKeyReader.h">
      <Filter>Core\Memory</Filter>
    </ClInclude>
    <ClInclude Include="Core\Memory\KeyHostRouter.h">
      <Filter>Core\Memory</Filter>
    </ClInclude>
    <ClInclude Include="Core\Memory\Soa\Battle\DerivedBattleBuffer.h">
      <Filter>Core\Memory\Soa\Battle</Filter>
    </ClInclude>
    <ClInclude Include="Core\Memory\Soa\Battle\DerivedBattleBuffer.addr.h">
      <Filter>Core\Memory\Soa\Battle</Filter>
    </ClInclude>
    <ClInclude Include="Runner\Script\PSContext.h">
      <Filter>Runner\VM</Filter>
    </ClInclude>
    <ClInclude Include="Core\Memory\Soa\SoaAddrProgram.h">
      <Filter>Core\Memory\Soa</Filter>
    </ClInclude>
    <ClInclude Include="Core\Memory\Soa\SoaAddrProgramBuilder.h">
      <Filter>Core\Memory\Soa</Filter>
    </ClInclude>
    <ClInclude Include="Core\Memory\Soa\SoaAddrCatalog.h">
      <Filter>Core\Memory\Soa</Filter>
    </ClInclude>
    <ClInclude Include="Phases\Programs\ProgramRegistry.h">
      <Filter>Phases</Filter>
    </ClInclude>
    <ClInclude Include="Phases\Programs\BattleContext\BattleContextPayload.h">
      <Filter>Phases\BattleContext</Filter>
    </ClInclude>
    <ClInclude Include="Utils\Hash.h">
      <Filter>Utils</Filter>
    </ClInclude>
    <ClInclude Include="Utils\IniKV.h">
      <Filter>Utils</Filter>
    </ClInclude>
    <ClInclude Include="Utils\IniDoc.h">
      <Filter>Utils</Filter>
    </ClInclude>
    <ClInclude Include="Utils\Hex.h">
      <Filter>Utils</Filter>
    </ClInclude>
    <ClInclude Include="Utils\Base64.h">
      <Filter>Utils</Filter>
    </ClInclude>
    <ClInclude Include="Utils\ModulePath.h">
      <Filter>Utils</Filter>
    </ClInclude>
    <ClInclude Include="Runner\Script\ScriptProgress.h">
      <Filter>Runner\VM</Filter>
    </ClInclude>
    <ClInclude Include="Runner\IPC\WorkerWireWriter.h">
      <Filter>Header Files</Filter>
    </ClInclude>
    <ClInclude Include="Runner\Symbols\RuntimeSymbolRegistry.h">
      <Filter>Runner\VM</Filter>
    </ClInclude>
    <ClInclude Include="Utils\String.h">
      <Filter>Utils</Filter>
    </ClInclude>
    <ClInclude Include="Core\Input\AppliedTurnTapeBlob.h">
      <Filter>Core\Input</Filter>
    </ClInclude>
    <ClInclude Include="Core\Input\BattleInputTraceBlob.h">
      <Filter>Core\Input</Filter>
    </ClInclude>
    <ClInclude Include="Tas\DtmAnnotationFile.h">
      <Filter>Header Files</Filter>
    </ClInclude>
  </ItemGroup>
  <ItemGroup>
    <ClCompile Include="Core\Config\SimConfig.cpp">
      <Filter>Source Files</Filter>
    </ClCompile>
    <ClCompile Include="Boot\Boot.cpp">
      <Filter>Core</Filter>
    </ClCompile>
    <ClCompile Include="Core\DolphinWrapper.cpp">
      <Filter>Core</Filter>
    </ClCompile>
    <ClCompile Include="Core\PowerPcMemoryAccessDecoder.cpp">
      <Filter>Core</Filter>
    </ClCompile>
    <ClCompile Include="Core\HostStubs.cpp">
      <Filter>Core</Filter>
    </ClCompile>
    <ClCompile Include="Utils\Log.cpp">
      <Filter>Utils</Filter>
    </ClCompile>
    <ClCompile Include="Utils\SafeEnv.cpp">
      <Filter>Utils</Filter>
    </ClCompile>
    <ClCompile Include="Core\Shims\StateBufferShim.cpp">
      <Filter>Core</Filter>
    </ClCompile>
    <ClCompile Include="Utils\EnsureSys.cpp">
      <Filter>Utils</Filter>
    </ClCompile>
    <ClCompile Include="Utils\ProgressBar.cpp">
      <Filter>Utils</Filter>
    </ClCompile>
    <ClCompile Include="Utils\MultiProgress.cpp">
      <Filter>Utils</Filter>
    </ClCompile>
    <ClCompile Include="Phases\RNGSeedDeltaMap.cpp">
      <Filter>Phases</Filter>
    </ClCompile>
    <ClCompile Include="Tas\DtmFile.cpp">
      <Filter>Tas</Filter>
    </ClCompile>
    <ClCompile Include="Runner\Script\PhaseScriptVM.cpp">
      <Filter>Runner\VM</Filter>
    </ClCompile>
    <ClCompile Include="Runner\InputMacro\InputMacroRuntime.cpp">
      <Filter>Runner\InputMacro</Filter>
    </ClCompile>
    <ClCompile Include="Runner\InputMacro\Providers\BattleCommandInputMacroProvider.cpp">
      <Filter>Runner\InputMacro\Providers</Filter>
    </ClCompile>
    <ClCompile Include="Runner\Script\PhaseScriptOpFormat.cpp">
      <Filter>Runner\VM</Filter>
    </ClCompile>
    <ClCompile Include="Runner\Script\PhaseScriptVMControl.cpp">
      <Filter>Runner\VM\Handlers</Filter>
    </ClCompile>
    <ClCompile Include="Runner\Script\PhaseScriptVMInput.cpp">
      <Filter>Runner\VM\Handlers</Filter>
    </ClCompile>
    <ClCompile Include="Runner\Script\PhaseScriptVMMacro.cpp">
      <Filter>Runner\VM\Handlers</Filter>
    </ClCompile>
    <ClCompile Include="Runner\Script\PhaseScriptVMMemory.cpp">
      <Filter>Runner\VM\Handlers</Filter>
    </ClCompile>
    <ClCompile Include="Runner\Script\PhaseScriptVMPredicates.cpp">
      <Filter>Runner\VM\Handlers</Filter>
    </ClCompile>
    <ClCompile Include="Runner\Script\ScriptProgress.cpp">
      <Filter>Runner\VM</Filter>
    </ClCompile>
    <ClCompile Include="Runner\IPC\WorkerWireWriter.cpp">
      <Filter>Source Files</Filter>
    </ClCompile>
    <ClCompile Include="Runner\Script\PSContextCodec.cpp">
      <Filter>Runner\VM</Filter>
    </ClCompile>
    <ClCompile Include="Runner\Breakpoints\BpRegistry.cpp">
      <Filter>Runner\Breakpoints</Filter>
    </ClCompile>
    <ClCompile Include="Phases\Programs\BattleRunner\BattleRunnerPayload.cpp">
      <Filter>Phases\BattleRunner</Filter>
    </ClCompile>
    <ClCompile Include="Phases\Programs\BattleTurnRunner\BattleTurnRunnerPayload.cpp">
      <Filter>Phases\BattleRunner</Filter>
    </ClCompile>
    <ClCompile Include="Phases\Programs\SeedProbe\SeedProbePayload.cpp">
      <Filter>Phases\SeedProbe</Filter>
    </ClCompile>
    <ClCompile Include="Phases\Programs\PlayTasMovie\TasMoviePayload.cpp">
      <Filter>Phases\TasMovie</Filter>
    </ClCompile>
    <ClCompile Include="Phases\Programs\TasFrameDetector\TasFrameDetectorPayload.cpp">
      <Filter>Phases\TasFrameDetector</Filter>
    </ClCompile>
    <ClCompile Include="Runner\Breakpoints\Predicate.cpp">
      <Filter>Runner\Breakpoints</Filter>
    </ClCompile>
    <ClCompile Include="Runner\Script\CtxRegistry.cpp">
      <Filter>Runner\VM</Filter>
    </ClCompile>
    <ClCompile Include="Runner\Symbols\RuntimeSymbolRegistry.cpp">
      <Filter>Runner\VM</Filter>
    </ClCompile>
    <ClCompile Include="Core\Input\InputPlanFmt.cpp">
      <Filter>Core\Input</Filter>
    </ClCompile>
    <ClCompile Include="Core\Input\GCPadOverride.cpp">
      <Filter>Core\Input</Filter>
    </ClCompile>
    <ClCompile Include="Core\Input\SoaBattle\ActionLibrary.cpp">
      <Filter>Core\Input\SoaBattle</Filter>
    </ClCompile>
    <ClCompile Include="Core\Input\SoaBattle\PlanWriter.cpp">
      <Filter>Core\Input\SoaBattle</Filter>
    </ClCompile>
    <ClCompile Include="Core\Input\SoaBattle\ActionPlanSerializer.cpp">
      <Filter>Core\Input\SoaBattle</Filter>
    </ClCompile>
    <ClCompile Include="Core\Input\SoaBattle\BattleCommandCodec.cpp">
      <Filter>Core\Input\SoaBattle</Filter>
    </ClCompile>
    <ClCompile Include="Core\Memory\Soa\SoaAddrRegistry.cpp">
      <Filter>Core\Memory\Soa</Filter>
    </ClCompile>
    <ClCompile Include="Core\Memory\Soa\Battle\BattleContextCodec.cpp">
      <Filter>Core\Memory\Soa\Battle</Filter>
    </ClCompile>
    <ClCompile Include="Core\Memory\Soa\SoaAddrProgram.cpp">
      <Filter>Core\Memory\Soa</Filter>
    </ClCompile>
    <ClCompile Include="Core\Memory\Soa\SoaAddrProgramBuilder.cpp">
      <Filter>Core\Memory\Soa</Filter>
    </ClCompile>
    <ClCompile Include="Core\Memory\Soa\SoaAddrCatalog.cpp">
      <Filter>Core\Memory\Soa</Filter>
    </ClCompile>
    <ClCompile Include="Phases\Programs\ProgramRegistry.cpp">
      <Filter>Phases</Filter>
    </ClCompile>
    <ClCompile Include="Phases\Programs\BattleContext\BattleContextPayload.cpp">
      <Filter>Phases\BattleContext</Filter>
    </ClCompile>
    <ClCompile Include="_Dolphin_src\Core\WiiUtils.cpp">
      <Filter>DolphinSource</Filter>
    </ClCompile>
    <ClCompile Include="_Dolphin_src\Core\AchievementManager.cpp">
      <Filter>DolphinSource</Filter>
    </ClCompile>
    <ClCompile Include="_Dolphin_src\Core\ActionReplay.cpp">
      <Filter>DolphinSource</Filter>
    </ClCompile>
    <ClCompile Include="_Dolphin_src\Core\ARDecrypt.cpp">
      <Filter>DolphinSource</Filter>
    </ClCompile>
    <ClCompile Include="_Dolphin_src\Core\BootManager.cpp">
      <Filter>DolphinSource</Filter>
    </ClCompile>
    <ClCompile Include="_Dolphin_src\Core\CheatGeneration.cpp">
      <Filter>DolphinSource</Filter>
    </ClCompile>
    <ClCompile Include="_Dolphin_src\Core\CheatSearch.cpp">
      <Filter>DolphinSource</Filter>
    </ClCompile>
    <ClCompile Include="_Dolphin_src\Core\ConfigManager.cpp">
      <Filter>DolphinSource</Filter>
    </ClCompile>
    <ClCompile Include="_Dolphin_src\Core\Core.cpp">
      <Filter>DolphinSource</Filter>
    </ClCompile>
    <ClCompile Include="_Dolphin_src\Core\CoreTiming.cpp">
      <Filter>DolphinSource</Filter>
    </ClCompile>
    <ClCompile Include="_Dolphin_src\Core\CPUThreadConfigCallback.cpp">
      <Filter>DolphinSource</Filter>
    </ClCompile>
    <ClCompile Include="_Dolphin_src\Core\DolphinAnalytics.cpp">
      <Filter>DolphinSource</Filter>
    </ClCompile>
    <ClCompile Include="_Dolphin_src\Core\DSPEmulator.cpp">
      <Filter>DolphinSource</Filter>
    </ClCompile>
    <ClCompile Include="_Dolphin_src\Core\FreeLookConfig.cpp">
      <Filter>DolphinSource</Filter>
    </ClCompile>
    <ClCompile Include="_Dolphin_src\Core\FreeLookManager.cpp">
      <Filter>DolphinSource</Filter>
    </ClCompile>
    <ClCompile Include="_Dolphin_src\Core\GeckoCode.cpp">
      <Filter>DolphinSource</Filter>
    </ClCompile>
    <ClCompile Include="_Dolphin_src\Core\GeckoCodeConfig.cpp">
      <Filter>DolphinSource</Filter>
    </ClCompile>
    <ClCompile Include="_Dolphin_src\Core\HotkeyManager.cpp">
      <Filter>DolphinSource</Filter>
    </ClCompile>
    <ClCompile Include="_Dolphin_src\Core\LibusbUtils.cpp">
      <Filter>DolphinSource</Filter>
    </ClCompile>
    <ClCompile Include="_Dolphin_src\Core\MemoryWatcher.cpp">
      <Filter>DolphinSource</Filter>
    </ClCompile>
    <ClCompile Include="_Dolphin_src\Core\MemTools.cpp">
      <Filter>DolphinSource</Filter>
    </ClCompile>
    <ClCompile Include="_Dolphin_src\Core\Movie.cpp">
      <Filter>DolphinSource</Filter>
    </ClCompile>
    <ClCompile Include="_Dolphin_src\Core\NetPlayClient.cpp">
      <Filter>DolphinSource</Filter>
    </ClCompile>
    <ClCompile Include="_Dolphin_src\Core\NetPlayCommon.cpp">
      <Filter>DolphinSource</Filter>
    </ClCompile>
    <ClCompile Include="_Dolphin_src\Core\NetPlayServer.cpp">
      <Filter>DolphinSource</Filter>
    </ClCompile>
    <ClCompile Include="_Dolphin_src\Core\NetworkCaptureLogger.cpp">
      <Filter>DolphinSource</Filter>
    </ClCompile>
    <ClCompile Include="_Dolphin_src\Core\PatchEngine.cpp">
      <Filter>DolphinSource</Filter>
    </ClCompile>
    <ClCompile Include="_Dolphin_src\Core\State.cpp">
      <Filter>DolphinSource</Filter>
    </ClCompile>
    <ClCompile Include="_Dolphin_src\Core\SysConf.cpp">
      <Filter>DolphinSource</Filter>
    </ClCompile>
    <ClCompile Include="_Dolphin_src\Core\System.cpp">
      <Filter>DolphinSource</Filter>
    </ClCompile>
    <ClCompile Include="_Dolphin_src\Core\TimePlayed.cpp">
      <Filter>DolphinSource</Filter>
    </ClCompile>
    <ClCompile Include="_Dolphin_src\Core\TitleDatabase.cpp">
      <Filter>DolphinSource</Filter>
    </ClCompile>
    <ClCompile Include="_Dolphin_src\Core\WC24PatchEngine.cpp">
      <Filter>DolphinSource</Filter>
    </ClCompile>
    <ClCompile Include="_Dolphin_src\Core\WiiRoot.cpp">
      <Filter>DolphinSource</Filter>
    </ClCompile>
    <ClCompile Include="_Dolphin_src\Core\Boot\Boot_WiiWAD.cpp">
      <Filter>DolphinSource</Filter>
    </ClCompile>
    <ClCompile Include="_Dolphin_src\Core\Boot\DolReader.cpp">
      <Filter>DolphinSource</Filter>
    </ClCompile>
    <ClCompile Include="_Dolphin_src\Core\Boot\ElfReader.cpp">
      <Filter>DolphinSource</Filter>
    </ClCompile>
    <ClCompile Include="_Dolphin_src\Core\Boot\Boot.cpp">
      <Filter>DolphinSource</Filter>
    </ClCompile>
    <ClCompile Include="_Dolphin_src\Core\Boot\Boot_BS2Emu.cpp">
      <Filter>DolphinSource</Filter>
    </ClCompile>
    <ClCompile Include="_Dolphin_src\Core\Config\AchievementSettings.cpp">
      <Filter>DolphinSource</Filter>
    </ClCompile>
    <ClCompile Include="_Dolphin_src\Core\Config\DefaultLocale.cpp">
      <Filter>DolphinSource</Filter>
    </ClCompile>
    <ClCompile Include="_Dolphin_src\Core\Config\FreeLookSettings.cpp">
      <Filter>DolphinSource</Filter>
    </ClCompile>
    <ClCompile Include="_Dolphin_src\Core\Config\GraphicsSettings.cpp">
      <Filter>DolphinSource</Filter>
    </ClCompile>
    <ClCompile Include="_Dolphin_src\Core\Config\MainSettings.cpp">
      <Filter>DolphinSource</Filter>
    </ClCompile>
    <ClCompile Include="_Dolphin_src\Core\Config\NetplaySettings.cpp">
      <Filter>DolphinSource</Filter>
    </ClCompile>
    <ClCompile Include="_Dolphin_src\Core\Config\SessionSettings.cpp">
      <Filter>DolphinSource</Filter>
    </ClCompile>
    <ClCompile Include="_Dolphin_src\Core\Config\SYSCONFSettings.cpp">
      <Filter>DolphinSource</Filter>
    </ClCompile>
    <ClCompile Include="_Dolphin_src\Core\Config\UISettings.cpp">
      <Filter>DolphinSource</Filter>
    </ClCompile>
    <ClCompile Include="_Dolphin_src\Core\Config\WiimoteSettings.cpp">
      <Filter>DolphinSource</Filter>
    </ClCompile>
    <ClCompile Include="_Dolphin_src\Core\PowerPC\Jit64\Jit_Integer.cpp">
      <Filter>DolphinSource</Filter>
    </ClCompile>
    <ClCompile Include="_Dolphin_src\Core\PowerPC\Jit64\Jit_LoadStore.cpp">
      <Filter>DolphinSource</Filter>
    </ClCompile>
    <ClCompile Include="_Dolphin_src\Core\PowerPC\Jit64\Jit_LoadStoreFloating.cpp">
      <Filter>DolphinSource</Filter>
    </ClCompile>
    <ClCompile Include="_Dolphin_src\Core\PowerPC\Jit64\Jit_LoadStorePaired.cpp">
      <Filter>DolphinSource</Filter>
    </ClCompile>
    <ClCompile Include="_Dolphin_src\Core\PowerPC\Jit64\Jit_Paired.cpp">
      <Filter>DolphinSource</Filter>
    </ClCompile>
    <ClCompile Include="_Dolphin_src\Core\PowerPC\Jit64\Jit_SystemRegisters.cpp">
      <Filter>DolphinSource</Filter>
    </ClCompile>
    <ClCompile Include="_Dolphin_src\Core\PowerPC\Jit64\Jit64_Tables.cpp">
      <Filter>DolphinSource</Filter>
    </ClCompile>
    <ClCompile Include="_Dolphin_src\Core\PowerPC\Jit64\JitAsm.cpp">
      <Filter>DolphinSource</Filter>
    </ClCompile>
    <ClCompile Include="_Dolphin_src\Core\PowerPC\Jit64\Jit.cpp">
      <Filter>DolphinSource</Filter>
    </ClCompile>
    <ClCompile Include="_Dolphin_src\Core\PowerPC\Jit64\Jit_Branch.cpp">
      <Filter>DolphinSource</Filter>
    </ClCompile>
    <ClCompile Include="_Dolphin_src\Core\PowerPC\Jit64\Jit_FloatingPoint.cpp">
      <Filter>DolphinSource</Filter>
    </ClCompile>
    <ClCompile Include="_Dolphin_src\Core\PowerPC\Jit64\RegCache\JitRegCache.cpp">
      <Filter>DolphinSource</Filter>
    </ClCompile>
    <ClCompile Include="_Dolphin_src\Core\PowerPC\Jit64\RegCache\FPURegCache.cpp">
      <Filter>DolphinSource</Filter>
    </ClCompile>
    <ClCompile Include="_Dolphin_src\Core\PowerPC\Jit64\RegCache\GPRRegCache.cpp">
      <Filter>DolphinSource</Filter>
    </ClCompile>
    <ClCompile Include="_Dolphin_src\Core\HW\SystemTimers.cpp">
      <Filter>DolphinSource</Filter>
    </ClCompile>
    <ClCompile Include="Tas\DtmAnnotationFile.cpp">
      <Filter>Source Files</Filter>
    </ClCompile>
  </ItemGroup>
  <ItemGroup>
    <None Include="Interesting SOA Addresses.md" />
    <None Include="_TODO.md" />
    <None Include="Utils\soa_struct_reflector.py">
      <Filter>Utils</Filter>
    </None>
  </ItemGroup>
</Project>
