<?xml version="1.0" encoding="utf-8"?>
<Project ToolsVersion="4.0" xmlns="http://schemas.microsoft.com/developer/msbuild/2003">
  <ItemGroup>
    <Filter Include="Source Files">
      <UniqueIdentifier>{4FC737F1-C7A5-4376-A066-2A32D752A2FF}</UniqueIdentifier>
      <Extensions>cpp;c;cc;cxx;c++;cppm;ixx;def;odl;idl;hpj;bat;asm;asmx</Extensions>
    </Filter>
    <Filter Include="Header Files">
      <UniqueIdentifier>{93995380-89BD-4b04-88EB-625FBE52EBFB}</UniqueIdentifier>
      <Extensions>h;hh;hpp;hxx;h++;hm;inl;inc;ipp;xsd</Extensions>
    </Filter>
    <Filter Include="Resources">
      <UniqueIdentifier>{67DA6AB6-F800-4c08-8B7A-83BB121AAD01}</UniqueIdentifier>
      <Extensions>rc;ico;cur;bmp;dlg;rc2;rct;bin;rgs;gif;jpg;jpeg;jpe;resx;tiff;tif;png;wav;mfcribbon-ms</Extensions>
    </Filter>
    <Filter Include="Main">
      <UniqueIdentifier>{9dcd2e28-566f-44f4-943b-28cf1613edde}</UniqueIdentifier>
    </Filter>
    <Filter Include="GUI">
      <UniqueIdentifier>{94d8861f-5275-46b3-8912-aac6dd6ef46b}</UniqueIdentifier>
    </Filter>
    <Filter Include="Components">
      <UniqueIdentifier>{a1abfd0e-5f6d-46af-a831-b7ab311c6cf4}</UniqueIdentifier>
    </Filter>
    <Filter Include="Models">
      <UniqueIdentifier>{7ad7e678-6371-4457-b5eb-371587a2d020}</UniqueIdentifier>
    </Filter>
    <Filter Include="GUI\Widgets">
      <UniqueIdentifier>{d65434ce-081c-4b05-b603-63be1d9f12d2}</UniqueIdentifier>
    </Filter>
    <Filter Include="GUI\Panes">
      <UniqueIdentifier>{c019ac0d-6aa1-42e2-a07a-6cbbf8184afa}</UniqueIdentifier>
    </Filter>
    <Filter Include="GUI\Popups">
      <UniqueIdentifier>{ed3a8f65-7c8c-47da-ac3f-858d94023765}</UniqueIdentifier>
    </Filter>
  </ItemGroup>
  <ItemGroup>
    <ClInclude Include="framework.h">
      <Filter>Header Files</Filter>
    </ClInclude>
    <ClInclude Include="targetver.h">
      <Filter>Header Files</Filter>
    </ClInclude>
    <ClInclude Include="resources\Resource.h">
      <Filter>Resources</Filter>
    </ClInclude>
    <ClInclude Include="src\SoaSimGui.h">
      <Filter>Main</Filter>
    </ClInclude>
    <ClInclude Include="src\Components\GuiHeartbeatPoller.h">
      <Filter>Components</Filter>
    </ClInclude>
    <ClInclude Include="src\GUI\App.h">
      <Filter>GUI</Filter>
    </ClInclude>
    <ClInclude Include="src\GUI\Widgets\LeftNav.h">
      <Filter>GUI\Widgets</Filter>
    </ClInclude>
    <ClInclude Include="src\GUI\Widgets\StatusBar.h">
      <Filter>GUI\Widgets</Filter>
    </ClInclude>
    <ClInclude Include="src\Models\GuiLayoutStore.h">
      <Filter>Models</Filter>
    </ClInclude>
    <ClInclude Include="src\Models\GuiStatus.h">
      <Filter>Models</Filter>
    </ClInclude>
    <ClInclude Include="src\GUI\Panes\JobsPane.h">
      <Filter>GUI\Panes</Filter>
    </ClInclude>
    <ClInclude Include="src\GUI\Widgets\JobDetailDrawer.h">
      <Filter>GUI\Widgets</Filter>
    </ClInclude>
    <ClInclude Include="src\GUI\Panes\CoordinatorPane.h">
      <Filter>GUI\Panes</Filter>
    </ClInclude>
    <ClInclude Include="src\GUI\Panes\ExplorerRunsPane.h">
      <Filter>GUI\Panes</Filter>
    </ClInclude>
    <ClInclude Include="src\GUI\Panes\JobSetsPane.h">
      <Filter>GUI\Panes</Filter>
    </ClInclude>
    <ClInclude Include="src\Components\ToastBus.h">
      <Filter>Components</Filter>
    </ClInclude>
    <ClInclude Include="src\Components\FutureQueue.h">
      <Filter>Components</Filter>
    </ClInclude>
    <ClInclude Include="src\GUI\Panes\PhaseBuilderPane.h">
      <Filter>GUI\Panes</Filter>
    </ClInclude>
    <ClInclude Include="src\GUI\Popups\IdPicker.h">
      <Filter>GUI\Popups</Filter>
    </ClInclude>
    <ClInclude Include="src\GUI\Popups\IdRepoAdapters.h">
      <Filter>GUI\Popups</Filter>
    </ClInclude>
    <ClInclude Include="src\GUI\Panes\BattleRunSettingsPane.h">
      <Filter>GUI\Panes</Filter>
    </ClInclude>
    <ClInclude Include="src\GUI\Widgets\BattleContextTree.h">
      <Filter>GUI\Widgets</Filter>
    </ClInclude>
    <ClInclude Include="src\GUI\Widgets\TreeView.h">
      <Filter>GUI\Widgets</Filter>
    </ClInclude>
    <ClInclude Include="src\GUI\Popups\PredicateSpecPopup.h">
      <Filter>GUI\Popups</Filter>
    </ClInclude>
    <ClInclude Include="src\GUI\Popups\UiActionPresetPopup.h">
      <Filter>GUI\Popups</Filter>
    </ClInclude>
    <ClInclude Include="src\GUI\Panes\ArtifactsPane.h">
      <Filter>GUI\Panes</Filter>
    </ClInclude>
    <ClInclude Include="src\Components\Win32Dialogs.h">
      <Filter>Components</Filter>
    </ClInclude>
    <ClInclude Include="src\Components\DropInbox.h">
      <Filter>Components</Filter>
    </ClInclude>
    <ClInclude Include="src\GUI\Popups\IniEditor.h">
      <Filter>GUI\Popups</Filter>
    </ClInclude>
    <ClInclude Include="src\GUI\Panes\SeedProbePane.h">
      <Filter>GUI\Panes</Filter>
    </ClInclude>
    <ClInclude Include="src\Components\ColorMaps.h">
      <Filter>Components</Filter>
    </ClInclude>
    <ClInclude Include="src\Components\LazyCache.h">
      <Filter>Components</Filter>
    </ClInclude>
    <ClInclude Include="src\GUI\Widgets\SearchableCombo.h">
      <Filter>GUI\Widgets</Filter>
    </ClInclude>
    <ClInclude Include="src\GUI\Widgets\SegmentedControl.h">
      <Filter>GUI\Widgets</Filter>
    </ClInclude>
    <ClInclude Include="src\GUI\Widgets\AddrProgramEditor.h">
      <Filter>GUI\Widgets</Filter>
    </ClInclude>
    <ClInclude Include="src\GUI\Widgets\BitmaskEditor.h">
      <Filter>GUI\Widgets</Filter>
    </ClInclude>
    <ClInclude Include="src\GUI\Widgets\BreakpointPicker.h">
      <Filter>GUI\Widgets</Filter>
    </ClInclude>
    <ClInclude Include="src\Components\ItemCatalog.h">
      <Filter>Components</Filter>
    </ClInclude>
    <ClInclude Include="src\GUI\Widgets\InputTextMultilineWrap.h">
      <Filter>GUI\Widgets</Filter>
    </ClInclude>
    <ClInclude Include="src\GUI\Panes\SettingsPane.h">
      <Filter>GUI\Panes</Filter>
    </ClInclude>
  </ItemGroup>
  <ItemGroup>
    <ResourceCompile Include="resources\SoaSimGui.rc">
      <Filter>Resources</Filter>
    </ResourceCompile>
  </ItemGroup>
  <ItemGroup>
    <Image Include="resources\small.ico">
      <Filter>Resources</Filter>
    </Image>
    <Image Include="resources\SoaSimGui.ico">
      <Filter>Resources</Filter>
    </Image>
  </ItemGroup>
  <ItemGroup>
    <ClCompile Include="src\SoaSimGui.cpp">
      <Filter>Main</Filter>
    </ClCompile>
    <ClCompile Include="src\Components\GuiHeartbeatPoller.cpp">
      <Filter>Components</Filter>
    </ClCompile>
    <ClCompile Include="src\GUI\App.cpp">
      <Filter>GUI</Filter>
    </ClCompile>
    <ClCompile Include="src\GUI\Widgets\LeftNav.cpp">
      <Filter>GUI\Widgets</Filter>
    </ClCompile>
    <ClCompile Include="src\GUI\Widgets\StatusBar.cpp">
      <Filter>GUI\Widgets</Filter>
    </ClCompile>
    <ClCompile Include="src\Models\GuiLayoutStore.cpp">
      <Filter>Models</Filter>
    </ClCompile>
    <ClCompile Include="src\GUI\Panes\JobsPane.cpp">
      <Filter>GUI\Panes</Filter>
    </ClCompile>
    <ClCompile Include="src\GUI\Widgets\JobDetailDrawer.cpp">
      <Filter>GUI\Widgets</Filter>
    </ClCompile>
    <ClCompile Include="src\GUI\Panes\CoordinatorPane.cpp">
      <Filter>GUI\Panes</Filter>
    </ClCompile>
    <ClCompile Include="src\GUI\Panes\ExplorerRunsPane.cpp">
      <Filter>GUI\Panes</Filter>
    </ClCompile>
    <ClCompile Include="src\GUI\Panes\JobSetsPane.cpp">
      <Filter>GUI\Panes</Filter>
    </ClCompile>
    <ClCompile Include="src\Components\ToastBus.cpp">
      <Filter>Components</Filter>
    </ClCompile>
    <ClCompile Include="src\Components\FutureQueue.cpp">
      <Filter>Components</Filter>
    </ClCompile>
    <ClCompile Include="src\GUI\Panes\PhaseBuilderPane.cpp">
      <Filter>GUI\Panes</Filter>
    </ClCompile>
    <ClCompile Include="src\GUI\Popups\IdPicker.cpp">
      <Filter>GUI\Popups</Filter>
    </ClCompile>
    <ClCompile Include="src\GUI\Popups\IdRepoAdapters.cpp">
      <Filter>GUI\Popups</Filter>
    </ClCompile>
    <ClCompile Include="src\GUI\Panes\BattleRunSettingsPane.cpp">
      <Filter>GUI\Panes</Filter>
    </ClCompile>
    <ClCompile Include="src\GUI\Widgets\BattleContextTree.cpp">
      <Filter>GUI\Widgets</Filter>
    </ClCompile>
    <ClCompile Include="src\GUI\Widgets\TreeView.cpp">
      <Filter>GUI\Widgets</Filter>
    </ClCompile>
    <ClCompile Include="src\GUI\Panes\ArtifactsPane.cpp">
      <Filter>GUI\Panes</Filter>
    </ClCompile>
    <ClCompile Include="src\Components\Win32Dialogs.cpp">
      <Filter>Components</Filter>
    </ClCompile>
    <ClCompile Include="src\Components\DropInbox.cpp">
      <Filter>Components</Filter>
    </ClCompile>
    <ClCompile Include="src\GUI\Panes\SeedProbePane.cpp">
      <Filter>GUI\Panes</Filter>
    </ClCompile>
    <ClCompile Include="src\GUI\Panes\SettingsPane.cpp">
      <Filter>GUI\Panes</Filter>
    </ClCompile>
    <ClCompile Include="src\GUI\Widgets\AddrProgramEditor.cpp">
      <Filter>GUI\Widgets</Filter>
    </ClCompile>
    <ClCompile Include="third_party\imgui_backends\imgui_impl_dx11.cpp">
      <Filter>Source Files</Filter>
    </ClCompile>
    <ClCompile Include="third_party\imgui_backends\imgui_impl_win32.cpp">
      <Filter>Source Files</Filter>
    </ClCompile>
    <ClCompile Include="third_party\dolphin_imgui\misc\cpp\imgui_stdlib.cpp">
      <Filter>Source Files</Filter>
    </ClCompile>
  </ItemGroup>
</Project>
